
Microsoft Visual Studio Solution File, Format Version 12.00
# Visual Studio 14
VisualStudioVersion = 14.0.23107.0
MinimumVisualStudioVersion = 10.0.40219.1
Project("{FAE04EC0-301F-11D3-BF4B-00C04F79EFBC}") = "SmartKar.Droid", "SmartKar\SmartKar.Droid\SmartKar.Droid.csproj", "{7089A7A1-279D-4F3D-B625-91ACF1F69D22}"
EndProject
Project("{FAE04EC0-301F-11D3-BF4B-00C04F79EFBC}") = "SmartKar.iOS", "SmartKar\SmartKar.iOS\SmartKar.iOS.csproj", "{E570FC78-7F18-4E66-8FC2-09195DB8F640}"
EndProject
Project("{FAE04EC0-301F-11D3-BF4B-00C04F79EFBC}") = "SmartKar.WinPhone", "SmartKar\SmartKar.WinPhone\SmartKar.WinPhone.csproj", "{6E40941C-44FF-4B71-A075-5601A75C0A10}"
EndProject
Project("{FAE04EC0-301F-11D3-BF4B-00C04F79EFBC}") = "SmartKar", "SmartKar\SmartKar\SmartKar.csproj", "{20B56FD2-0235-48D7-94EB-AB50ADAAE571}"
EndProject
Global
	GlobalSection(SolutionConfigurationPlatforms) = preSolution
		Ad-Hoc|Any CPU = Ad-Hoc|Any CPU
		Ad-Hoc|ARM = Ad-Hoc|ARM
		Ad-Hoc|iPhone = Ad-Hoc|iPhone
		Ad-Hoc|iPhoneSimulator = Ad-Hoc|iPhoneSimulator
		Ad-Hoc|x86 = Ad-Hoc|x86
		AppStore|Any CPU = AppStore|Any CPU
		AppStore|ARM = AppStore|ARM
		AppStore|iPhone = AppStore|iPhone
		AppStore|iPhoneSimulator = AppStore|iPhoneSimulator
		AppStore|x86 = AppStore|x86
		Debug|Any CPU = Debug|Any CPU
		Debug|ARM = Debug|ARM
		Debug|iPhone = Debug|iPhone
		Debug|iPhoneSimulator = Debug|iPhoneSimulator
		Debug|x86 = Debug|x86
		Release|Any CPU = Release|Any CPU
		Release|ARM = Release|ARM
		Release|iPhone = Release|iPhone
		Release|iPhoneSimulator = Release|iPhoneSimulator
		Release|x86 = Release|x86
	EndGlobalSection
	GlobalSection(ProjectConfigurationPlatforms) = postSolution
		{7089A7A1-279D-4F3D-B625-91ACF1F69D22}.Ad-Hoc|Any CPU.ActiveCfg = Release|Any CPU
		{7089A7A1-279D-4F3D-B625-91ACF1F69D22}.Ad-Hoc|Any CPU.Build.0 = Release|Any CPU
		{7089A7A1-279D-4F3D-B625-91ACF1F69D22}.Ad-Hoc|Any CPU.Deploy.0 = Release|Any CPU
		{7089A7A1-279D-4F3D-B625-91ACF1F69D22}.Ad-Hoc|ARM.ActiveCfg = Release|Any CPU
		{7089A7A1-279D-4F3D-B625-91ACF1F69D22}.Ad-Hoc|ARM.Build.0 = Release|Any CPU
		{7089A7A1-279D-4F3D-B625-91ACF1F69D22}.Ad-Hoc|ARM.Deploy.0 = Release|Any CPU
		{7089A7A1-279D-4F3D-B625-91ACF1F69D22}.Ad-Hoc|iPhone.ActiveCfg = Release|Any CPU
		{7089A7A1-279D-4F3D-B625-91ACF1F69D22}.Ad-Hoc|iPhone.Build.0 = Release|Any CPU
		{7089A7A1-279D-4F3D-B625-91ACF1F69D22}.Ad-Hoc|iPhone.Deploy.0 = Release|Any CPU
		{7089A7A1-279D-4F3D-B625-91ACF1F69D22}.Ad-Hoc|iPhoneSimulator.ActiveCfg = Release|Any CPU
		{7089A7A1-279D-4F3D-B625-91ACF1F69D22}.Ad-Hoc|iPhoneSimulator.Build.0 = Release|Any CPU
		{7089A7A1-279D-4F3D-B625-91ACF1F69D22}.Ad-Hoc|iPhoneSimulator.Deploy.0 = Release|Any CPU
		{7089A7A1-279D-4F3D-B625-91ACF1F69D22}.Ad-Hoc|x86.ActiveCfg = Release|Any CPU
		{7089A7A1-279D-4F3D-B625-91ACF1F69D22}.Ad-Hoc|x86.Build.0 = Release|Any CPU
		{7089A7A1-279D-4F3D-B625-91ACF1F69D22}.Ad-Hoc|x86.Deploy.0 = Release|Any CPU
		{7089A7A1-279D-4F3D-B625-91ACF1F69D22}.AppStore|Any CPU.ActiveCfg = Release|Any CPU
		{7089A7A1-279D-4F3D-B625-91ACF1F69D22}.AppStore|Any CPU.Build.0 = Release|Any CPU
		{7089A7A1-279D-4F3D-B625-91ACF1F69D22}.AppStore|Any CPU.Deploy.0 = Release|Any CPU
		{7089A7A1-279D-4F3D-B625-91ACF1F69D22}.AppStore|ARM.ActiveCfg = Release|Any CPU
		{7089A7A1-279D-4F3D-B625-91ACF1F69D22}.AppStore|ARM.Build.0 = Release|Any CPU
		{7089A7A1-279D-4F3D-B625-91ACF1F69D22}.AppStore|ARM.Deploy.0 = Release|Any CPU
		{7089A7A1-279D-4F3D-B625-91ACF1F69D22}.AppStore|iPhone.ActiveCfg = Release|Any CPU
		{7089A7A1-279D-4F3D-B625-91ACF1F69D22}.AppStore|iPhone.Build.0 = Release|Any CPU
		{7089A7A1-279D-4F3D-B625-91ACF1F69D22}.AppStore|iPhone.Deploy.0 = Release|Any CPU
		{7089A7A1-279D-4F3D-B625-91ACF1F69D22}.AppStore|iPhoneSimulator.ActiveCfg = Release|Any CPU
		{7089A7A1-279D-4F3D-B625-91ACF1F69D22}.AppStore|iPhoneSimulator.Build.0 = Release|Any CPU
		{7089A7A1-279D-4F3D-B625-91ACF1F69D22}.AppStore|iPhoneSimulator.Deploy.0 = Release|Any CPU
		{7089A7A1-279D-4F3D-B625-91ACF1F69D22}.AppStore|x86.ActiveCfg = Release|Any CPU
		{7089A7A1-279D-4F3D-B625-91ACF1F69D22}.AppStore|x86.Build.0 = Release|Any CPU
		{7089A7A1-279D-4F3D-B625-91ACF1F69D22}.AppStore|x86.Deploy.0 = Release|Any CPU
		{7089A7A1-279D-4F3D-B625-91ACF1F69D22}.Debug|Any CPU.ActiveCfg = Debug|Any CPU
		{7089A7A1-279D-4F3D-B625-91ACF1F69D22}.Debug|Any CPU.Build.0 = Debug|Any CPU
		{7089A7A1-279D-4F3D-B625-91ACF1F69D22}.Debug|Any CPU.Deploy.0 = Debug|Any CPU
		{7089A7A1-279D-4F3D-B625-91ACF1F69D22}.Debug|ARM.ActiveCfg = Debug|Any CPU
		{7089A7A1-279D-4F3D-B625-91ACF1F69D22}.Debug|ARM.Build.0 = Debug|Any CPU
		{7089A7A1-279D-4F3D-B625-91ACF1F69D22}.Debug|ARM.Deploy.0 = Debug|Any CPU
		{7089A7A1-279D-4F3D-B625-91ACF1F69D22}.Debug|iPhone.ActiveCfg = Debug|Any CPU
		{7089A7A1-279D-4F3D-B625-91ACF1F69D22}.Debug|iPhone.Build.0 = Debug|Any CPU
		{7089A7A1-279D-4F3D-B625-91ACF1F69D22}.Debug|iPhone.Deploy.0 = Debug|Any CPU
		{7089A7A1-279D-4F3D-B625-91ACF1F69D22}.Debug|iPhoneSimulator.ActiveCfg = Debug|Any CPU
		{7089A7A1-279D-4F3D-B625-91ACF1F69D22}.Debug|iPhoneSimulator.Build.0 = Debug|Any CPU
		{7089A7A1-279D-4F3D-B625-91ACF1F69D22}.Debug|iPhoneSimulator.Deploy.0 = Debug|Any CPU
		{7089A7A1-279D-4F3D-B625-91ACF1F69D22}.Debug|x86.ActiveCfg = Debug|Any CPU
		{7089A7A1-279D-4F3D-B625-91ACF1F69D22}.Debug|x86.Build.0 = Debug|Any CPU
		{7089A7A1-279D-4F3D-B625-91ACF1F69D22}.Debug|x86.Deploy.0 = Debug|Any CPU
		{7089A7A1-279D-4F3D-B625-91ACF1F69D22}.Release|Any CPU.ActiveCfg = Release|Any CPU
		{7089A7A1-279D-4F3D-B625-91ACF1F69D22}.Release|Any CPU.Build.0 = Release|Any CPU
		{7089A7A1-279D-4F3D-B625-91ACF1F69D22}.Release|Any CPU.Deploy.0 = Release|Any CPU
		{7089A7A1-279D-4F3D-B625-91ACF1F69D22}.Release|ARM.ActiveCfg = Release|Any CPU
		{7089A7A1-279D-4F3D-B625-91ACF1F69D22}.Release|ARM.Build.0 = Release|Any CPU
		{7089A7A1-279D-4F3D-B625-91ACF1F69D22}.Release|ARM.Deploy.0 = Release|Any CPU
		{7089A7A1-279D-4F3D-B625-91ACF1F69D22}.Release|iPhone.ActiveCfg = Release|Any CPU
		{7089A7A1-279D-4F3D-B625-91ACF1F69D22}.Release|iPhone.Build.0 = Release|Any CPU
		{7089A7A1-279D-4F3D-B625-91ACF1F69D22}.Release|iPhone.Deploy.0 = Release|Any CPU
		{7089A7A1-279D-4F3D-B625-91ACF1F69D22}.Release|iPhoneSimulator.ActiveCfg = Release|Any CPU
		{7089A7A1-279D-4F3D-B625-91ACF1F69D22}.Release|iPhoneSimulator.Build.0 = Release|Any CPU
		{7089A7A1-279D-4F3D-B625-91ACF1F69D22}.Release|iPhoneSimulator.Deploy.0 = Release|Any CPU
		{7089A7A1-279D-4F3D-B625-91ACF1F69D22}.Release|x86.ActiveCfg = Release|Any CPU
		{7089A7A1-279D-4F3D-B625-91ACF1F69D22}.Release|x86.Build.0 = Release|Any CPU
		{7089A7A1-279D-4F3D-B625-91ACF1F69D22}.Release|x86.Deploy.0 = Release|Any CPU
		{E570FC78-7F18-4E66-8FC2-09195DB8F640}.Ad-Hoc|Any CPU.ActiveCfg = Ad-Hoc|iPhone
		{E570FC78-7F18-4E66-8FC2-09195DB8F640}.Ad-Hoc|ARM.ActiveCfg = Ad-Hoc|iPhone
		{E570FC78-7F18-4E66-8FC2-09195DB8F640}.Ad-Hoc|iPhone.ActiveCfg = Ad-Hoc|iPhone
		{E570FC78-7F18-4E66-8FC2-09195DB8F640}.Ad-Hoc|iPhone.Build.0 = Ad-Hoc|iPhone
		{E570FC78-7F18-4E66-8FC2-09195DB8F640}.Ad-Hoc|iPhoneSimulator.ActiveCfg = Ad-Hoc|iPhoneSimulator
		{E570FC78-7F18-4E66-8FC2-09195DB8F640}.Ad-Hoc|iPhoneSimulator.Build.0 = Ad-Hoc|iPhoneSimulator
		{E570FC78-7F18-4E66-8FC2-09195DB8F640}.Ad-Hoc|x86.ActiveCfg = Ad-Hoc|iPhone
		{E570FC78-7F18-4E66-8FC2-09195DB8F640}.AppStore|Any CPU.ActiveCfg = AppStore|iPhone
		{E570FC78-7F18-4E66-8FC2-09195DB8F640}.AppStore|ARM.ActiveCfg = AppStore|iPhone
		{E570FC78-7F18-4E66-8FC2-09195DB8F640}.AppStore|iPhone.ActiveCfg = AppStore|iPhone
		{E570FC78-7F18-4E66-8FC2-09195DB8F640}.AppStore|iPhone.Build.0 = AppStore|iPhone
		{E570FC78-7F18-4E66-8FC2-09195DB8F640}.AppStore|iPhoneSimulator.ActiveCfg = AppStore|iPhoneSimulator
		{E570FC78-7F18-4E66-8FC2-09195DB8F640}.AppStore|iPhoneSimulator.Build.0 = AppStore|iPhoneSimulator
		{E570FC78-7F18-4E66-8FC2-09195DB8F640}.AppStore|x86.ActiveCfg = AppStore|iPhone
		{E570FC78-7F18-4E66-8FC2-09195DB8F640}.Debug|Any CPU.ActiveCfg = Debug|iPhone
		{E570FC78-7F18-4E66-8FC2-09195DB8F640}.Debug|ARM.ActiveCfg = Debug|iPhone
		{E570FC78-7F18-4E66-8FC2-09195DB8F640}.Debug|iPhone.ActiveCfg = Debug|iPhone
		{E570FC78-7F18-4E66-8FC2-09195DB8F640}.Debug|iPhone.Build.0 = Debug|iPhone
		{E570FC78-7F18-4E66-8FC2-09195DB8F640}.Debug|iPhoneSimulator.ActiveCfg = Debug|iPhoneSimulator
		{E570FC78-7F18-4E66-8FC2-09195DB8F640}.Debug|iPhoneSimulator.Build.0 = Debug|iPhoneSimulator
		{E570FC78-7F18-4E66-8FC2-09195DB8F640}.Debug|x86.ActiveCfg = Debug|iPhone
		{E570FC78-7F18-4E66-8FC2-09195DB8F640}.Release|Any CPU.ActiveCfg = Release|iPhone
		{E570FC78-7F18-4E66-8FC2-09195DB8F640}.Release|ARM.ActiveCfg = Release|iPhone
		{E570FC78-7F18-4E66-8FC2-09195DB8F640}.Release|iPhone.ActiveCfg = Release|iPhone
		{E570FC78-7F18-4E66-8FC2-09195DB8F640}.Release|iPhone.Build.0 = Release|iPhone
		{E570FC78-7F18-4E66-8FC2-09195DB8F640}.Release|iPhoneSimulator.ActiveCfg = Release|iPhoneSimulator
		{E570FC78-7F18-4E66-8FC2-09195DB8F640}.Release|iPhoneSimulator.Build.0 = Release|iPhoneSimulator
		{E570FC78-7F18-4E66-8FC2-09195DB8F640}.Release|x86.ActiveCfg = Release|iPhone
		{6E40941C-44FF-4B71-A075-5601A75C0A10}.Ad-Hoc|Any CPU.ActiveCfg = Release|Any CPU
		{6E40941C-44FF-4B71-A075-5601A75C0A10}.Ad-Hoc|Any CPU.Build.0 = Release|Any CPU
		{6E40941C-44FF-4B71-A075-5601A75C0A10}.Ad-Hoc|Any CPU.Deploy.0 = Release|Any CPU
		{6E40941C-44FF-4B71-A075-5601A75C0A10}.Ad-Hoc|ARM.ActiveCfg = Release|ARM
		{6E40941C-44FF-4B71-A075-5601A75C0A10}.Ad-Hoc|ARM.Build.0 = Release|ARM
		{6E40941C-44FF-4B71-A075-5601A75C0A10}.Ad-Hoc|ARM.Deploy.0 = Release|ARM
		{6E40941C-44FF-4B71-A075-5601A75C0A10}.Ad-Hoc|iPhone.ActiveCfg = Release|Any CPU
		{6E40941C-44FF-4B71-A075-5601A75C0A10}.Ad-Hoc|iPhone.Build.0 = Release|Any CPU
		{6E40941C-44FF-4B71-A075-5601A75C0A10}.Ad-Hoc|iPhone.Deploy.0 = Release|Any CPU
		{6E40941C-44FF-4B71-A075-5601A75C0A10}.Ad-Hoc|iPhoneSimulator.ActiveCfg = Release|Any CPU
		{6E40941C-44FF-4B71-A075-5601A75C0A10}.Ad-Hoc|iPhoneSimulator.Build.0 = Release|Any CPU
		{6E40941C-44FF-4B71-A075-5601A75C0A10}.Ad-Hoc|iPhoneSimulator.Deploy.0 = Release|Any CPU
		{6E40941C-44FF-4B71-A075-5601A75C0A10}.Ad-Hoc|x86.ActiveCfg = Release|x86
		{6E40941C-44FF-4B71-A075-5601A75C0A10}.Ad-Hoc|x86.Build.0 = Release|x86
		{6E40941C-44FF-4B71-A075-5601A75C0A10}.Ad-Hoc|x86.Deploy.0 = Release|x86
		{6E40941C-44FF-4B71-A075-5601A75C0A10}.AppStore|Any CPU.ActiveCfg = Release|Any CPU
		{6E40941C-44FF-4B71-A075-5601A75C0A10}.AppStore|Any CPU.Build.0 = Release|Any CPU
		{6E40941C-44FF-4B71-A075-5601A75C0A10}.AppStore|Any CPU.Deploy.0 = Release|Any CPU
		{6E40941C-44FF-4B71-A075-5601A75C0A10}.AppStore|ARM.ActiveCfg = Release|ARM
		{6E40941C-44FF-4B71-A075-5601A75C0A10}.AppStore|ARM.Build.0 = Release|ARM
		{6E40941C-44FF-4B71-A075-5601A75C0A10}.AppStore|ARM.Deploy.0 = Release|ARM
		{6E40941C-44FF-4B71-A075-5601A75C0A10}.AppStore|iPhone.ActiveCfg = Release|Any CPU
		{6E40941C-44FF-4B71-A075-5601A75C0A10}.AppStore|iPhone.Build.0 = Release|Any CPU
		{6E40941C-44FF-4B71-A075-5601A75C0A10}.AppStore|iPhone.Deploy.0 = Release|Any CPU
		{6E40941C-44FF-4B71-A075-5601A75C0A10}.AppStore|iPhoneSimulator.ActiveCfg = Release|Any CPU
		{6E40941C-44FF-4B71-A075-5601A75C0A10}.AppStore|iPhoneSimulator.Build.0 = Release|Any CPU
		{6E40941C-44FF-4B71-A075-5601A75C0A10}.AppStore|iPhoneSimulator.Deploy.0 = Release|Any CPU
		{6E40941C-44FF-4B71-A075-5601A75C0A10}.AppStore|x86.ActiveCfg = Release|x86
		{6E40941C-44FF-4B71-A075-5601A75C0A10}.AppStore|x86.Build.0 = Release|x86
		{6E40941C-44FF-4B71-A075-5601A75C0A10}.AppStore|x86.Deploy.0 = Release|x86
		{6E40941C-44FF-4B71-A075-5601A75C0A10}.Debug|Any CPU.ActiveCfg = Debug|Any CPU
		{6E40941C-44FF-4B71-A075-5601A75C0A10}.Debug|Any CPU.Build.0 = Debug|Any CPU
		{6E40941C-44FF-4B71-A075-5601A75C0A10}.Debug|Any CPU.Deploy.0 = Debug|Any CPU
		{6E40941C-44FF-4B71-A075-5601A75C0A10}.Debug|ARM.ActiveCfg = Debug|ARM
		{6E40941C-44FF-4B71-A075-5601A75C0A10}.Debug|ARM.Build.0 = Debug|ARM
		{6E40941C-44FF-4B71-A075-5601A75C0A10}.Debug|ARM.Deploy.0 = Debug|ARM
		{6E40941C-44FF-4B71-A075-5601A75C0A10}.Debug|iPhone.ActiveCfg = Debug|Any CPU
		{6E40941C-44FF-4B71-A075-5601A75C0A10}.Debug|iPhone.Build.0 = Debug|Any CPU
		{6E40941C-44FF-4B71-A075-5601A75C0A10}.Debug|iPhone.Deploy.0 = Debug|Any CPU
		{6E40941C-44FF-4B71-A075-5601A75C0A10}.Debug|iPhoneSimulator.ActiveCfg = Debug|Any CPU
		{6E40941C-44FF-4B71-A075-5601A75C0A10}.Debug|iPhoneSimulator.Build.0 = Debug|Any CPU
		{6E40941C-44FF-4B71-A075-5601A75C0A10}.Debug|iPhoneSimulator.Deploy.0 = Debug|Any CPU
		{6E40941C-44FF-4B71-A075-5601A75C0A10}.Debug|x86.ActiveCfg = Debug|x86
		{6E40941C-44FF-4B71-A075-5601A75C0A10}.Debug|x86.Build.0 = Debug|x86
		{6E40941C-44FF-4B71-A075-5601A75C0A10}.Debug|x86.Deploy.0 = Debug|x86
		{6E40941C-44FF-4B71-A075-5601A75C0A10}.Release|Any CPU.ActiveCfg = Release|Any CPU
		{6E40941C-44FF-4B71-A075-5601A75C0A10}.Release|Any CPU.Build.0 = Release|Any CPU
		{6E40941C-44FF-4B71-A075-5601A75C0A10}.Release|Any CPU.Deploy.0 = Release|Any CPU
		{6E40941C-44FF-4B71-A075-5601A75C0A10}.Release|ARM.ActiveCfg = Release|ARM
		{6E40941C-44FF-4B71-A075-5601A75C0A10}.Release|ARM.Build.0 = Release|ARM
		{6E40941C-44FF-4B71-A075-5601A75C0A10}.Release|ARM.Deploy.0 = Release|ARM
		{6E40941C-44FF-4B71-A075-5601A75C0A10}.Release|iPhone.ActiveCfg = Release|Any CPU
		{6E40941C-44FF-4B71-A075-5601A75C0A10}.Release|iPhone.Build.0 = Release|Any CPU
		{6E40941C-44FF-4B71-A075-5601A75C0A10}.Release|iPhone.Deploy.0 = Release|Any CPU
		{6E40941C-44FF-4B71-A075-5601A75C0A10}.Release|iPhoneSimulator.ActiveCfg = Release|Any CPU
		{6E40941C-44FF-4B71-A075-5601A75C0A10}.Release|iPhoneSimulator.Build.0 = Release|Any CPU
		{6E40941C-44FF-4B71-A075-5601A75C0A10}.Release|iPhoneSimulator.Deploy.0 = Release|Any CPU
		{6E40941C-44FF-4B71-A075-5601A75C0A10}.Release|x86.ActiveCfg = Release|x86
		{6E40941C-44FF-4B71-A075-5601A75C0A10}.Release|x86.Build.0 = Release|x86
		{6E40941C-44FF-4B71-A075-5601A75C0A10}.Release|x86.Deploy.0 = Release|x86
		{20B56FD2-0235-48D7-94EB-AB50ADAAE571}.Ad-Hoc|Any CPU.ActiveCfg = Release|Any CPU
		{20B56FD2-0235-48D7-94EB-AB50ADAAE571}.Ad-Hoc|Any CPU.Build.0 = Release|Any CPU
		{20B56FD2-0235-48D7-94EB-AB50ADAAE571}.Ad-Hoc|ARM.ActiveCfg = Release|Any CPU
		{20B56FD2-0235-48D7-94EB-AB50ADAAE571}.Ad-Hoc|ARM.Build.0 = Release|Any CPU
		{20B56FD2-0235-48D7-94EB-AB50ADAAE571}.Ad-Hoc|iPhone.ActiveCfg = Release|Any CPU
		{20B56FD2-0235-48D7-94EB-AB50ADAAE571}.Ad-Hoc|iPhone.Build.0 = Release|Any CPU
		{20B56FD2-0235-48D7-94EB-AB50ADAAE571}.Ad-Hoc|iPhoneSimulator.ActiveCfg = Release|Any CPU
		{20B56FD2-0235-48D7-94EB-AB50ADAAE571}.Ad-Hoc|iPhoneSimulator.Build.0 = Release|Any CPU
		{20B56FD2-0235-48D7-94EB-AB50ADAAE571}.Ad-Hoc|x86.ActiveCfg = Release|Any CPU
		{20B56FD2-0235-48D7-94EB-AB50ADAAE571}.Ad-Hoc|x86.Build.0 = Release|Any CPU
		{20B56FD2-0235-48D7-94EB-AB50ADAAE571}.AppStore|Any CPU.ActiveCfg = Release|Any CPU
		{20B56FD2-0235-48D7-94EB-AB50ADAAE571}.AppStore|Any CPU.Build.0 = Release|Any CPU
		{20B56FD2-0235-48D7-94EB-AB50ADAAE571}.AppStore|ARM.ActiveCfg = Release|Any CPU
		{20B56FD2-0235-48D7-94EB-AB50ADAAE571}.AppStore|ARM.Build.0 = Release|Any CPU
		{20B56FD2-0235-48D7-94EB-AB50ADAAE571}.AppStore|iPhone.ActiveCfg = Release|Any CPU
		{20B56FD2-0235-48D7-94EB-AB50ADAAE571}.AppStore|iPhone.Build.0 = Release|Any CPU
		{20B56FD2-0235-48D7-94EB-AB50ADAAE571}.AppStore|iPhoneSimulator.ActiveCfg = Release|Any CPU
		{20B56FD2-0235-48D7-94EB-AB50ADAAE571}.AppStore|iPhoneSimulator.Build.0 = Release|Any CPU
		{20B56FD2-0235-48D7-94EB-AB50ADAAE571}.AppStore|x86.ActiveCfg = Release|Any CPU
		{20B56FD2-0235-48D7-94EB-AB50ADAAE571}.AppStore|x86.Build.0 = Release|Any CPU
		{20B56FD2-0235-48D7-94EB-AB50ADAAE571}.Debug|Any CPU.ActiveCfg = Debug|Any CPU
		{20B56FD2-0235-48D7-94EB-AB50ADAAE571}.Debug|Any CPU.Build.0 = Debug|Any CPU
		{20B56FD2-0235-48D7-94EB-AB50ADAAE571}.Debug|ARM.ActiveCfg = Debug|Any CPU
		{20B56FD2-0235-48D7-94EB-AB50ADAAE571}.Debug|ARM.Build.0 = Debug|Any CPU
		{20B56FD2-0235-48D7-94EB-AB50ADAAE571}.Debug|iPhone.ActiveCfg = Debug|Any CPU
		{20B56FD2-0235-48D7-94EB-AB50ADAAE571}.Debug|iPhone.Build.0 = Debug|Any CPU
		{20B56FD2-0235-48D7-94EB-AB50ADAAE571}.Debug|iPhoneSimulator.ActiveCfg = Debug|Any CPU
		{20B56FD2-0235-48D7-94EB-AB50ADAAE571}.Debug|iPhoneSimulator.Build.0 = Debug|Any CPU
		{20B56FD2-0235-48D7-94EB-AB50ADAAE571}.Debug|x86.ActiveCfg = Debug|Any CPU
		{20B56FD2-0235-48D7-94EB-AB50ADAAE571}.Debug|x86.Build.0 = Debug|Any CPU
		{20B56FD2-0235-48D7-94EB-AB50ADAAE571}.Release|Any CPU.ActiveCfg = Release|Any CPU
		{20B56FD2-0235-48D7-94EB-AB50ADAAE571}.Release|Any CPU.Build.0 = Release|Any CPU
		{20B56FD2-0235-48D7-94EB-AB50ADAAE571}.Release|ARM.ActiveCfg = Release|Any CPU
		{20B56FD2-0235-48D7-94EB-AB50ADAAE571}.Release|ARM.Build.0 = Release|Any CPU
		{20B56FD2-0235-48D7-94EB-AB50ADAAE571}.Release|iPhone.ActiveCfg = Release|Any CPU
		{20B56FD2-0235-48D7-94EB-AB50ADAAE571}.Release|iPhone.Build.0 = Release|Any CPU
		{20B56FD2-0235-48D7-94EB-AB50ADAAE571}.Release|iPhoneSimulator.ActiveCfg = Release|Any CPU
		{20B56FD2-0235-48D7-94EB-AB50ADAAE571}.Release|iPhoneSimulator.Build.0 = Release|Any CPU
		{20B56FD2-0235-48D7-94EB-AB50ADAAE571}.Release|x86.ActiveCfg = Release|Any CPU
		{20B56FD2-0235-48D7-94EB-AB50ADAAE571}.Release|x86.Build.0 = Release|Any CPU
	EndGlobalSection
	GlobalSection(SolutionProperties) = preSolution
		HideSolutionNode = FALSE
	EndGlobalSection
EndGlobal
