
Microsoft Visual Studio Solution File, Format Version 12.00
# Visual Studio 14
VisualStudioVersion = 14.0.24720.0
MinimumVisualStudioVersion = 10.0.40219.1
Project("{FAE04EC0-301F-11D3-BF4B-00C04F79EFBC}") = "MyDriving.iOS", "MyDriving\MyDriving.iOS\MyDriving.iOS.csproj", "{DE56E591-0655-43D7-A1B9-B3280F78B667}"
EndProject
Project("{FAE04EC0-301F-11D3-BF4B-00C04F79EFBC}") = "MyDriving", "MyDriving\MyDriving\MyDriving.csproj", "{A68CCCDA-E4A5-4128-920F-AC00ECB9E3E6}"
EndProject
Project("{FAE04EC0-301F-11D3-BF4B-00C04F79EFBC}") = "MyDriving.UWP", "MyDriving\MyDriving.UWP\MyDriving.UWP.csproj", "{219EDCA6-56BB-4EBD-AE46-C691F0AED767}"
EndProject
Project("{2150E333-8FDC-42A3-9474-1A3956D46DE8}") = "DataStores", "DataStores", "{98F8827C-12D8-4C8D-9D62-15889A483880}"
EndProject
Project("{FAE04EC0-301F-11D3-BF4B-00C04F79EFBC}") = "MyDriving.DataStore.Abstractions", "MyDriving\MyDriving.DataStore.Abstractions\MyDriving.DataStore.Abstractions.csproj", "{649300CE-70EA-4606-983F-F4476FDD6C7E}"
EndProject
Project("{FAE04EC0-301F-11D3-BF4B-00C04F79EFBC}") = "MyDriving.DataStore.Azure", "MyDriving\MyDriving.DataStore.Azure\MyDriving.DataStore.Azure.csproj", "{E05FB3D8-372D-4FD3-84F3-1E908E3861B6}"
EndProject
Project("{FAE04EC0-301F-11D3-BF4B-00C04F79EFBC}") = "MyDriving.DataStore.Mock", "MyDriving\MyDriving.DataStore.Mock\MyDriving.DataStore.Mock.csproj", "{42F3D3DF-B854-4A5B-9C94-F3D823116AD5}"
EndProject
Project("{D954291E-2A0B-460D-934E-DC6B0785DB48}") = "MyDriving.DataObjects", "MyDriving\MyDriving.DataObjects\MyDriving.DataObjects.shproj", "{BD4403C0-6CD5-4030-B1A3-7AD98B9B80CA}"
EndProject
Project("{2150E333-8FDC-42A3-9474-1A3956D46DE8}") = "Tests", "Tests", "{7D1FFE34-9A92-4875-84BC-DE9764B18E42}"
EndProject
Project("{FAE04EC0-301F-11D3-BF4B-00C04F79EFBC}") = "MyDriving.UITests", "MyDriving\MyDriving.UITests\MyDriving.UITests.csproj", "{955B6F86-BB30-4BD6-A1AD-B192F89C1363}"
EndProject
Project("{2150E333-8FDC-42A3-9474-1A3956D46DE8}") = "Utilities", "Utilities", "{3CE83CE0-11E9-4CE8-83CE-0EE6C6700B7F}"
EndProject
Project("{FAE04EC0-301F-11D3-BF4B-00C04F79EFBC}") = "MyDriving.Utils", "MyDriving\MyDriving.Utils\MyDriving.Utils.csproj", "{CEF8CB82-B2BF-42D0-998C-8C50A4CA7AE6}"
EndProject
Project("{FAE04EC0-301F-11D3-BF4B-00C04F79EFBC}") = "ObdLibUWP", "..\OBDLibrary\ObdLibUWP\ObdLibUWP.csproj", "{812692D4-C638-4FD1-AEA7-407824B134A6}"
EndProject
Project("{FAE04EC0-301F-11D3-BF4B-00C04F79EFBC}") = "MyDriving.Android", "MyDriving\MyDriving.Android\MyDriving.Android.csproj", "{B09661C2-82A6-4D16-B4FD-7B23D0FFE1FE}"
EndProject
Project("{FAE04EC0-301F-11D3-BF4B-00C04F79EFBC}") = "MyDriving.AzureClient", "MyDriving\MyDriving.AzureClient\MyDriving.AzureClient.csproj", "{29B6B823-6639-4942-9723-0075BBEF7C69}"
EndProject
Project("{FAE04EC0-301F-11D3-BF4B-00C04F79EFBC}") = "ObdLibAndroid", "..\OBDLibrary\ObdLibAndroid\ObdLibAndroid.csproj", "{9A377DF7-3E28-4B4B-8BD2-61416F7AEA1F}"
EndProject
Project("{D954291E-2A0B-460D-934E-DC6B0785DB48}") = "MyDriving.Shared", "MyDriving\MyDriving.Shared\MyDriving.Shared.shproj", "{EFA3478D-88C0-41A8-AD5E-5878E42FE3E2}"
EndProject
Project("{FAE04EC0-301F-11D3-BF4B-00C04F79EFBC}") = "ObdShare", "..\OBDLibrary\ObdShare\ObdShare.csproj", "{7A88DA9B-A374-4DE2-B46E-ED2C45434508}"
EndProject
Project("{FAE04EC0-301F-11D3-BF4B-00C04F79EFBC}") = "ObdLibiOS", "..\OBDLibrary\ObdLibiOS\ObdLibiOS.csproj", "{8B136D60-8E68-4871-BF25-52E27C61E8E9}"
EndProject
Global
	GlobalSection(SharedMSBuildProjectFiles) = preSolution
		MyDriving\MyDriving.DataObjects\MyDriving.DataObjects.projitems*{bd4403c0-6cd5-4030-b1a3-7ad98b9b80ca}*SharedItemsImports = 13
		MyDriving\MyDriving.Shared\MyDriving.Shared.projitems*{219edca6-56bb-4ebd-ae46-c691f0aed767}*SharedItemsImports = 4
		MyDriving\MyDriving.DataObjects\MyDriving.DataObjects.projitems*{649300ce-70ea-4606-983f-f4476fdd6c7e}*SharedItemsImports = 4
		MyDriving\MyDriving.Shared\MyDriving.Shared.projitems*{efa3478d-88c0-41a8-ad5e-5878e42fe3e2}*SharedItemsImports = 13
		MyDriving\MyDriving.Shared\MyDriving.Shared.projitems*{b09661c2-82a6-4d16-b4fd-7b23d0ffe1fe}*SharedItemsImports = 4
		MyDriving\MyDriving.Shared\MyDriving.Shared.projitems*{de56e591-0655-43d7-a1b9-b3280f78b667}*SharedItemsImports = 4
	EndGlobalSection
	GlobalSection(SolutionConfigurationPlatforms) = preSolution
		AppStore|Any CPU = AppStore|Any CPU
		AppStore|ARM = AppStore|ARM
		AppStore|iPhone = AppStore|iPhone
		AppStore|iPhoneSimulator = AppStore|iPhoneSimulator
		AppStore|Mixed Platforms = AppStore|Mixed Platforms
		AppStore|x64 = AppStore|x64
		AppStore|x86 = AppStore|x86
		Debug|Any CPU = Debug|Any CPU
		Debug|ARM = Debug|ARM
		Debug|iPhone = Debug|iPhone
		Debug|iPhoneSimulator = Debug|iPhoneSimulator
		Debug|Mixed Platforms = Debug|Mixed Platforms
		Debug|x64 = Debug|x64
		Debug|x86 = Debug|x86
		Release|Any CPU = Release|Any CPU
		Release|ARM = Release|ARM
		Release|iPhone = Release|iPhone
		Release|iPhoneSimulator = Release|iPhoneSimulator
		Release|Mixed Platforms = Release|Mixed Platforms
		Release|x64 = Release|x64
		Release|x86 = Release|x86
		XTC|Any CPU = XTC|Any CPU
		XTC|ARM = XTC|ARM
		XTC|iPhone = XTC|iPhone
		XTC|iPhoneSimulator = XTC|iPhoneSimulator
		XTC|Mixed Platforms = XTC|Mixed Platforms
		XTC|x64 = XTC|x64
		XTC|x86 = XTC|x86
	EndGlobalSection
	GlobalSection(ProjectConfigurationPlatforms) = postSolution
		{DE56E591-0655-43D7-A1B9-B3280F78B667}.AppStore|Any CPU.ActiveCfg = Release|iPhoneSimulator
		{DE56E591-0655-43D7-A1B9-B3280F78B667}.AppStore|Any CPU.Build.0 = Release|iPhoneSimulator
		{DE56E591-0655-43D7-A1B9-B3280F78B667}.AppStore|ARM.ActiveCfg = Release|iPhoneSimulator
		{DE56E591-0655-43D7-A1B9-B3280F78B667}.AppStore|ARM.Build.0 = Release|iPhoneSimulator
		{DE56E591-0655-43D7-A1B9-B3280F78B667}.AppStore|iPhone.ActiveCfg = Release|iPhone
		{DE56E591-0655-43D7-A1B9-B3280F78B667}.AppStore|iPhone.Build.0 = Release|iPhone
		{DE56E591-0655-43D7-A1B9-B3280F78B667}.AppStore|iPhoneSimulator.ActiveCfg = Release|iPhoneSimulator
		{DE56E591-0655-43D7-A1B9-B3280F78B667}.AppStore|iPhoneSimulator.Build.0 = Release|iPhoneSimulator
		{DE56E591-0655-43D7-A1B9-B3280F78B667}.AppStore|Mixed Platforms.ActiveCfg = Release|iPhoneSimulator
		{DE56E591-0655-43D7-A1B9-B3280F78B667}.AppStore|Mixed Platforms.Build.0 = Release|iPhoneSimulator
		{DE56E591-0655-43D7-A1B9-B3280F78B667}.AppStore|x64.ActiveCfg = Release|iPhoneSimulator
		{DE56E591-0655-43D7-A1B9-B3280F78B667}.AppStore|x64.Build.0 = Release|iPhoneSimulator
		{DE56E591-0655-43D7-A1B9-B3280F78B667}.AppStore|x86.ActiveCfg = Release|iPhoneSimulator
		{DE56E591-0655-43D7-A1B9-B3280F78B667}.AppStore|x86.Build.0 = Release|iPhoneSimulator
		{DE56E591-0655-43D7-A1B9-B3280F78B667}.Debug|Any CPU.ActiveCfg = Debug|iPhoneSimulator
		{DE56E591-0655-43D7-A1B9-B3280F78B667}.Debug|Any CPU.Build.0 = Debug|iPhoneSimulator
		{DE56E591-0655-43D7-A1B9-B3280F78B667}.Debug|ARM.ActiveCfg = Debug|iPhone
		{DE56E591-0655-43D7-A1B9-B3280F78B667}.Debug|iPhone.ActiveCfg = Debug|iPhone
		{DE56E591-0655-43D7-A1B9-B3280F78B667}.Debug|iPhone.Build.0 = Debug|iPhone
		{DE56E591-0655-43D7-A1B9-B3280F78B667}.Debug|iPhoneSimulator.ActiveCfg = Debug|iPhoneSimulator
		{DE56E591-0655-43D7-A1B9-B3280F78B667}.Debug|iPhoneSimulator.Build.0 = Debug|iPhoneSimulator
		{DE56E591-0655-43D7-A1B9-B3280F78B667}.Debug|Mixed Platforms.ActiveCfg = Debug|iPhoneSimulator
		{DE56E591-0655-43D7-A1B9-B3280F78B667}.Debug|x64.ActiveCfg = Debug|iPhone
		{DE56E591-0655-43D7-A1B9-B3280F78B667}.Debug|x86.ActiveCfg = Debug|iPhone
		{DE56E591-0655-43D7-A1B9-B3280F78B667}.Release|Any CPU.ActiveCfg = Release|iPhone
		{DE56E591-0655-43D7-A1B9-B3280F78B667}.Release|Any CPU.Build.0 = Release|iPhone
		{DE56E591-0655-43D7-A1B9-B3280F78B667}.Release|ARM.ActiveCfg = Release|iPhone
		{DE56E591-0655-43D7-A1B9-B3280F78B667}.Release|iPhone.ActiveCfg = Release|iPhone
		{DE56E591-0655-43D7-A1B9-B3280F78B667}.Release|iPhone.Build.0 = Release|iPhone
		{DE56E591-0655-43D7-A1B9-B3280F78B667}.Release|iPhoneSimulator.ActiveCfg = Release|iPhoneSimulator
		{DE56E591-0655-43D7-A1B9-B3280F78B667}.Release|iPhoneSimulator.Build.0 = Release|iPhoneSimulator
		{DE56E591-0655-43D7-A1B9-B3280F78B667}.Release|Mixed Platforms.ActiveCfg = Release|iPhoneSimulator
		{DE56E591-0655-43D7-A1B9-B3280F78B667}.Release|Mixed Platforms.Build.0 = Release|iPhoneSimulator
		{DE56E591-0655-43D7-A1B9-B3280F78B667}.Release|x64.ActiveCfg = Release|iPhone
		{DE56E591-0655-43D7-A1B9-B3280F78B667}.Release|x86.ActiveCfg = Release|iPhone
		{DE56E591-0655-43D7-A1B9-B3280F78B667}.XTC|Any CPU.ActiveCfg = XTC|iPhone
		{DE56E591-0655-43D7-A1B9-B3280F78B667}.XTC|Any CPU.Build.0 = XTC|iPhone
		{DE56E591-0655-43D7-A1B9-B3280F78B667}.XTC|ARM.ActiveCfg = XTC|Any CPU
		{DE56E591-0655-43D7-A1B9-B3280F78B667}.XTC|ARM.Build.0 = XTC|Any CPU
		{DE56E591-0655-43D7-A1B9-B3280F78B667}.XTC|iPhone.ActiveCfg = XTC|iPhone
		{DE56E591-0655-43D7-A1B9-B3280F78B667}.XTC|iPhoneSimulator.ActiveCfg = XTC|iPhoneSimulator
		{DE56E591-0655-43D7-A1B9-B3280F78B667}.XTC|Mixed Platforms.ActiveCfg = XTC|Any CPU
		{DE56E591-0655-43D7-A1B9-B3280F78B667}.XTC|Mixed Platforms.Build.0 = XTC|Any CPU
		{DE56E591-0655-43D7-A1B9-B3280F78B667}.XTC|x64.ActiveCfg = XTC|Any CPU
		{DE56E591-0655-43D7-A1B9-B3280F78B667}.XTC|x64.Build.0 = XTC|Any CPU
		{DE56E591-0655-43D7-A1B9-B3280F78B667}.XTC|x86.ActiveCfg = XTC|Any CPU
		{DE56E591-0655-43D7-A1B9-B3280F78B667}.XTC|x86.Build.0 = XTC|Any CPU
		{A68CCCDA-E4A5-4128-920F-AC00ECB9E3E6}.AppStore|Any CPU.ActiveCfg = Release|Any CPU
		{A68CCCDA-E4A5-4128-920F-AC00ECB9E3E6}.AppStore|Any CPU.Build.0 = Release|Any CPU
		{A68CCCDA-E4A5-4128-920F-AC00ECB9E3E6}.AppStore|ARM.ActiveCfg = Release|Any CPU
		{A68CCCDA-E4A5-4128-920F-AC00ECB9E3E6}.AppStore|ARM.Build.0 = Release|Any CPU
		{A68CCCDA-E4A5-4128-920F-AC00ECB9E3E6}.AppStore|iPhone.ActiveCfg = Release|Any CPU
		{A68CCCDA-E4A5-4128-920F-AC00ECB9E3E6}.AppStore|iPhone.Build.0 = Release|Any CPU
		{A68CCCDA-E4A5-4128-920F-AC00ECB9E3E6}.AppStore|iPhoneSimulator.ActiveCfg = Release|Any CPU
		{A68CCCDA-E4A5-4128-920F-AC00ECB9E3E6}.AppStore|iPhoneSimulator.Build.0 = Release|Any CPU
		{A68CCCDA-E4A5-4128-920F-AC00ECB9E3E6}.AppStore|Mixed Platforms.ActiveCfg = Debug|Any CPU
		{A68CCCDA-E4A5-4128-920F-AC00ECB9E3E6}.AppStore|Mixed Platforms.Build.0 = Debug|Any CPU
		{A68CCCDA-E4A5-4128-920F-AC00ECB9E3E6}.AppStore|x64.ActiveCfg = Release|Any CPU
		{A68CCCDA-E4A5-4128-920F-AC00ECB9E3E6}.AppStore|x64.Build.0 = Release|Any CPU
		{A68CCCDA-E4A5-4128-920F-AC00ECB9E3E6}.AppStore|x86.ActiveCfg = Release|Any CPU
		{A68CCCDA-E4A5-4128-920F-AC00ECB9E3E6}.AppStore|x86.Build.0 = Release|Any CPU
		{A68CCCDA-E4A5-4128-920F-AC00ECB9E3E6}.Debug|Any CPU.ActiveCfg = Debug|Any CPU
		{A68CCCDA-E4A5-4128-920F-AC00ECB9E3E6}.Debug|Any CPU.Build.0 = Debug|Any CPU
		{A68CCCDA-E4A5-4128-920F-AC00ECB9E3E6}.Debug|ARM.ActiveCfg = Debug|Any CPU
		{A68CCCDA-E4A5-4128-920F-AC00ECB9E3E6}.Debug|ARM.Build.0 = Debug|Any CPU
		{A68CCCDA-E4A5-4128-920F-AC00ECB9E3E6}.Debug|iPhone.ActiveCfg = Debug|Any CPU
		{A68CCCDA-E4A5-4128-920F-AC00ECB9E3E6}.Debug|iPhone.Build.0 = Debug|Any CPU
		{A68CCCDA-E4A5-4128-920F-AC00ECB9E3E6}.Debug|iPhoneSimulator.ActiveCfg = Debug|Any CPU
		{A68CCCDA-E4A5-4128-920F-AC00ECB9E3E6}.Debug|iPhoneSimulator.Build.0 = Debug|Any CPU
		{A68CCCDA-E4A5-4128-920F-AC00ECB9E3E6}.Debug|Mixed Platforms.ActiveCfg = Debug|Any CPU
		{A68CCCDA-E4A5-4128-920F-AC00ECB9E3E6}.Debug|Mixed Platforms.Build.0 = Debug|Any CPU
		{A68CCCDA-E4A5-4128-920F-AC00ECB9E3E6}.Debug|x64.ActiveCfg = Debug|Any CPU
		{A68CCCDA-E4A5-4128-920F-AC00ECB9E3E6}.Debug|x64.Build.0 = Debug|Any CPU
		{A68CCCDA-E4A5-4128-920F-AC00ECB9E3E6}.Debug|x86.ActiveCfg = Debug|Any CPU
		{A68CCCDA-E4A5-4128-920F-AC00ECB9E3E6}.Debug|x86.Build.0 = Debug|Any CPU
		{A68CCCDA-E4A5-4128-920F-AC00ECB9E3E6}.Release|Any CPU.ActiveCfg = Release|Any CPU
		{A68CCCDA-E4A5-4128-920F-AC00ECB9E3E6}.Release|Any CPU.Build.0 = Release|Any CPU
		{A68CCCDA-E4A5-4128-920F-AC00ECB9E3E6}.Release|ARM.ActiveCfg = Release|Any CPU
		{A68CCCDA-E4A5-4128-920F-AC00ECB9E3E6}.Release|ARM.Build.0 = Release|Any CPU
		{A68CCCDA-E4A5-4128-920F-AC00ECB9E3E6}.Release|iPhone.ActiveCfg = Release|Any CPU
		{A68CCCDA-E4A5-4128-920F-AC00ECB9E3E6}.Release|iPhone.Build.0 = Release|Any CPU
		{A68CCCDA-E4A5-4128-920F-AC00ECB9E3E6}.Release|iPhoneSimulator.ActiveCfg = Release|Any CPU
		{A68CCCDA-E4A5-4128-920F-AC00ECB9E3E6}.Release|iPhoneSimulator.Build.0 = Release|Any CPU
		{A68CCCDA-E4A5-4128-920F-AC00ECB9E3E6}.Release|Mixed Platforms.ActiveCfg = Release|Any CPU
		{A68CCCDA-E4A5-4128-920F-AC00ECB9E3E6}.Release|Mixed Platforms.Build.0 = Release|Any CPU
		{A68CCCDA-E4A5-4128-920F-AC00ECB9E3E6}.Release|x64.ActiveCfg = Release|Any CPU
		{A68CCCDA-E4A5-4128-920F-AC00ECB9E3E6}.Release|x64.Build.0 = Release|Any CPU
		{A68CCCDA-E4A5-4128-920F-AC00ECB9E3E6}.Release|x86.ActiveCfg = Release|Any CPU
		{A68CCCDA-E4A5-4128-920F-AC00ECB9E3E6}.Release|x86.Build.0 = Release|Any CPU
		{A68CCCDA-E4A5-4128-920F-AC00ECB9E3E6}.XTC|Any CPU.ActiveCfg = XTC|Any CPU
		{A68CCCDA-E4A5-4128-920F-AC00ECB9E3E6}.XTC|Any CPU.Build.0 = XTC|Any CPU
		{A68CCCDA-E4A5-4128-920F-AC00ECB9E3E6}.XTC|ARM.ActiveCfg = XTC|Any CPU
		{A68CCCDA-E4A5-4128-920F-AC00ECB9E3E6}.XTC|ARM.Build.0 = XTC|Any CPU
		{A68CCCDA-E4A5-4128-920F-AC00ECB9E3E6}.XTC|iPhone.ActiveCfg = XTC|Any CPU
		{A68CCCDA-E4A5-4128-920F-AC00ECB9E3E6}.XTC|iPhone.Build.0 = XTC|Any CPU
		{A68CCCDA-E4A5-4128-920F-AC00ECB9E3E6}.XTC|iPhoneSimulator.ActiveCfg = XTC|Any CPU
		{A68CCCDA-E4A5-4128-920F-AC00ECB9E3E6}.XTC|iPhoneSimulator.Build.0 = XTC|Any CPU
		{A68CCCDA-E4A5-4128-920F-AC00ECB9E3E6}.XTC|Mixed Platforms.ActiveCfg = XTC|Any CPU
		{A68CCCDA-E4A5-4128-920F-AC00ECB9E3E6}.XTC|Mixed Platforms.Build.0 = XTC|Any CPU
		{A68CCCDA-E4A5-4128-920F-AC00ECB9E3E6}.XTC|x64.ActiveCfg = XTC|Any CPU
		{A68CCCDA-E4A5-4128-920F-AC00ECB9E3E6}.XTC|x64.Build.0 = XTC|Any CPU
		{A68CCCDA-E4A5-4128-920F-AC00ECB9E3E6}.XTC|x86.ActiveCfg = XTC|Any CPU
		{A68CCCDA-E4A5-4128-920F-AC00ECB9E3E6}.XTC|x86.Build.0 = XTC|Any CPU
		{219EDCA6-56BB-4EBD-AE46-C691F0AED767}.AppStore|Any CPU.ActiveCfg = Release|x64
		{219EDCA6-56BB-4EBD-AE46-C691F0AED767}.AppStore|Any CPU.Build.0 = Release|x64
		{219EDCA6-56BB-4EBD-AE46-C691F0AED767}.AppStore|Any CPU.Deploy.0 = Release|x64
		{219EDCA6-56BB-4EBD-AE46-C691F0AED767}.AppStore|ARM.ActiveCfg = Release|ARM
		{219EDCA6-56BB-4EBD-AE46-C691F0AED767}.AppStore|ARM.Build.0 = Release|ARM
		{219EDCA6-56BB-4EBD-AE46-C691F0AED767}.AppStore|ARM.Deploy.0 = Release|ARM
		{219EDCA6-56BB-4EBD-AE46-C691F0AED767}.AppStore|iPhone.ActiveCfg = Release|x64
		{219EDCA6-56BB-4EBD-AE46-C691F0AED767}.AppStore|iPhone.Build.0 = Release|x64
		{219EDCA6-56BB-4EBD-AE46-C691F0AED767}.AppStore|iPhone.Deploy.0 = Release|x64
		{219EDCA6-56BB-4EBD-AE46-C691F0AED767}.AppStore|iPhoneSimulator.ActiveCfg = Release|x64
		{219EDCA6-56BB-4EBD-AE46-C691F0AED767}.AppStore|iPhoneSimulator.Build.0 = Release|x64
		{219EDCA6-56BB-4EBD-AE46-C691F0AED767}.AppStore|iPhoneSimulator.Deploy.0 = Release|x64
		{219EDCA6-56BB-4EBD-AE46-C691F0AED767}.AppStore|Mixed Platforms.ActiveCfg = Debug|x86
		{219EDCA6-56BB-4EBD-AE46-C691F0AED767}.AppStore|Mixed Platforms.Build.0 = Debug|x86
		{219EDCA6-56BB-4EBD-AE46-C691F0AED767}.AppStore|Mixed Platforms.Deploy.0 = Debug|x86
		{219EDCA6-56BB-4EBD-AE46-C691F0AED767}.AppStore|x64.ActiveCfg = Release|x64
		{219EDCA6-56BB-4EBD-AE46-C691F0AED767}.AppStore|x64.Build.0 = Release|x64
		{219EDCA6-56BB-4EBD-AE46-C691F0AED767}.AppStore|x64.Deploy.0 = Release|x64
		{219EDCA6-56BB-4EBD-AE46-C691F0AED767}.AppStore|x86.ActiveCfg = Release|x86
		{219EDCA6-56BB-4EBD-AE46-C691F0AED767}.AppStore|x86.Build.0 = Release|x86
		{219EDCA6-56BB-4EBD-AE46-C691F0AED767}.AppStore|x86.Deploy.0 = Release|x86
		{219EDCA6-56BB-4EBD-AE46-C691F0AED767}.Debug|Any CPU.ActiveCfg = Debug|x86
		{219EDCA6-56BB-4EBD-AE46-C691F0AED767}.Debug|Any CPU.Build.0 = Debug|x86
		{219EDCA6-56BB-4EBD-AE46-C691F0AED767}.Debug|Any CPU.Deploy.0 = Debug|x86
		{219EDCA6-56BB-4EBD-AE46-C691F0AED767}.Debug|ARM.ActiveCfg = Debug|ARM
		{219EDCA6-56BB-4EBD-AE46-C691F0AED767}.Debug|ARM.Build.0 = Debug|ARM
		{219EDCA6-56BB-4EBD-AE46-C691F0AED767}.Debug|ARM.Deploy.0 = Debug|ARM
		{219EDCA6-56BB-4EBD-AE46-C691F0AED767}.Debug|iPhone.ActiveCfg = Debug|x86
		{219EDCA6-56BB-4EBD-AE46-C691F0AED767}.Debug|iPhone.Build.0 = Debug|x86
		{219EDCA6-56BB-4EBD-AE46-C691F0AED767}.Debug|iPhone.Deploy.0 = Debug|x86
		{219EDCA6-56BB-4EBD-AE46-C691F0AED767}.Debug|iPhoneSimulator.ActiveCfg = Debug|x86
		{219EDCA6-56BB-4EBD-AE46-C691F0AED767}.Debug|iPhoneSimulator.Build.0 = Debug|x86
		{219EDCA6-56BB-4EBD-AE46-C691F0AED767}.Debug|iPhoneSimulator.Deploy.0 = Debug|x86 
		{219EDCA6-56BB-4EBD-AE46-C691F0AED767}.Debug|Mixed Platforms.ActiveCfg = Debug|x86
		{219EDCA6-56BB-4EBD-AE46-C691F0AED767}.Debug|Mixed Platforms.Build.0 = Debug|x86
		{219EDCA6-56BB-4EBD-AE46-C691F0AED767}.Debug|Mixed Platforms.Deploy.0 = Debug|x86
		{219EDCA6-56BB-4EBD-AE46-C691F0AED767}.Debug|x64.ActiveCfg = Debug|x64
		{219EDCA6-56BB-4EBD-AE46-C691F0AED767}.Debug|x64.Build.0 = Debug|x64
		{219EDCA6-56BB-4EBD-AE46-C691F0AED767}.Debug|x64.Deploy.0 = Debug|x64
		{219EDCA6-56BB-4EBD-AE46-C691F0AED767}.Debug|x86.ActiveCfg = Debug|x86
		{219EDCA6-56BB-4EBD-AE46-C691F0AED767}.Debug|x86.Build.0 = Debug|x86
		{219EDCA6-56BB-4EBD-AE46-C691F0AED767}.Debug|x86.Deploy.0 = Debug|x86
		{219EDCA6-56BB-4EBD-AE46-C691F0AED767}.Release|Any CPU.ActiveCfg = Release|x86
		{219EDCA6-56BB-4EBD-AE46-C691F0AED767}.Release|Any CPU.Build.0 = Release|x86
		{219EDCA6-56BB-4EBD-AE46-C691F0AED767}.Release|Any CPU.Deploy.0 = Release|x86
		{219EDCA6-56BB-4EBD-AE46-C691F0AED767}.Release|ARM.ActiveCfg = Release|ARM
		{219EDCA6-56BB-4EBD-AE46-C691F0AED767}.Release|ARM.Build.0 = Release|ARM
		{219EDCA6-56BB-4EBD-AE46-C691F0AED767}.Release|ARM.Deploy.0 = Release|ARM
		{219EDCA6-56BB-4EBD-AE46-C691F0AED767}.Release|iPhone.ActiveCfg = Release|x86
		{219EDCA6-56BB-4EBD-AE46-C691F0AED767}.Release|iPhoneSimulator.ActiveCfg = Release|x86
		{219EDCA6-56BB-4EBD-AE46-C691F0AED767}.Release|Mixed Platforms.ActiveCfg = Release|x86
		{219EDCA6-56BB-4EBD-AE46-C691F0AED767}.Release|Mixed Platforms.Build.0 = Release|x86
		{219EDCA6-56BB-4EBD-AE46-C691F0AED767}.Release|Mixed Platforms.Deploy.0 = Release|x86
		{219EDCA6-56BB-4EBD-AE46-C691F0AED767}.Release|x64.ActiveCfg = Release|x64
		{219EDCA6-56BB-4EBD-AE46-C691F0AED767}.Release|x64.Build.0 = Release|x64
		{219EDCA6-56BB-4EBD-AE46-C691F0AED767}.Release|x64.Deploy.0 = Release|x64
		{219EDCA6-56BB-4EBD-AE46-C691F0AED767}.Release|x86.ActiveCfg = Release|x86
		{219EDCA6-56BB-4EBD-AE46-C691F0AED767}.Release|x86.Build.0 = Release|x86
		{219EDCA6-56BB-4EBD-AE46-C691F0AED767}.Release|x86.Deploy.0 = Release|x86
		{219EDCA6-56BB-4EBD-AE46-C691F0AED767}.XTC|Any CPU.ActiveCfg = XTC|x86
		{219EDCA6-56BB-4EBD-AE46-C691F0AED767}.XTC|Any CPU.Build.0 = XTC|x86
		{219EDCA6-56BB-4EBD-AE46-C691F0AED767}.XTC|Any CPU.Deploy.0 = XTC|x86
		{219EDCA6-56BB-4EBD-AE46-C691F0AED767}.XTC|ARM.ActiveCfg = XTC|ARM
		{219EDCA6-56BB-4EBD-AE46-C691F0AED767}.XTC|ARM.Deploy.0 = XTC|ARM
		{219EDCA6-56BB-4EBD-AE46-C691F0AED767}.XTC|iPhone.ActiveCfg = XTC|Any CPU
		{219EDCA6-56BB-4EBD-AE46-C691F0AED767}.XTC|iPhone.Build.0 = XTC|Any CPU
		{219EDCA6-56BB-4EBD-AE46-C691F0AED767}.XTC|iPhone.Deploy.0 = XTC|Any CPU
		{219EDCA6-56BB-4EBD-AE46-C691F0AED767}.XTC|iPhoneSimulator.ActiveCfg = XTC|Any CPU
		{219EDCA6-56BB-4EBD-AE46-C691F0AED767}.XTC|iPhoneSimulator.Build.0 = XTC|Any CPU
		{219EDCA6-56BB-4EBD-AE46-C691F0AED767}.XTC|iPhoneSimulator.Deploy.0 = XTC|Any CPU
		{219EDCA6-56BB-4EBD-AE46-C691F0AED767}.XTC|Mixed Platforms.ActiveCfg = XTC|x86
		{219EDCA6-56BB-4EBD-AE46-C691F0AED767}.XTC|Mixed Platforms.Build.0 = XTC|x86
		{219EDCA6-56BB-4EBD-AE46-C691F0AED767}.XTC|Mixed Platforms.Deploy.0 = XTC|x86
		{219EDCA6-56BB-4EBD-AE46-C691F0AED767}.XTC|x64.ActiveCfg = XTC|x64
		{219EDCA6-56BB-4EBD-AE46-C691F0AED767}.XTC|x64.Deploy.0 = XTC|x64
		{219EDCA6-56BB-4EBD-AE46-C691F0AED767}.XTC|x86.ActiveCfg = XTC|x86
		{219EDCA6-56BB-4EBD-AE46-C691F0AED767}.XTC|x86.Deploy.0 = XTC|x86
		{649300CE-70EA-4606-983F-F4476FDD6C7E}.AppStore|Any CPU.ActiveCfg = Release|Any CPU
		{649300CE-70EA-4606-983F-F4476FDD6C7E}.AppStore|Any CPU.Build.0 = Release|Any CPU
		{649300CE-70EA-4606-983F-F4476FDD6C7E}.AppStore|ARM.ActiveCfg = Release|Any CPU
		{649300CE-70EA-4606-983F-F4476FDD6C7E}.AppStore|ARM.Build.0 = Release|Any CPU
		{649300CE-70EA-4606-983F-F4476FDD6C7E}.AppStore|iPhone.ActiveCfg = Release|Any CPU
		{649300CE-70EA-4606-983F-F4476FDD6C7E}.AppStore|iPhone.Build.0 = Release|Any CPU
		{649300CE-70EA-4606-983F-F4476FDD6C7E}.AppStore|iPhoneSimulator.ActiveCfg = Release|Any CPU
		{649300CE-70EA-4606-983F-F4476FDD6C7E}.AppStore|iPhoneSimulator.Build.0 = Release|Any CPU
		{649300CE-70EA-4606-983F-F4476FDD6C7E}.AppStore|Mixed Platforms.ActiveCfg = Debug|Any CPU
		{649300CE-70EA-4606-983F-F4476FDD6C7E}.AppStore|Mixed Platforms.Build.0 = Debug|Any CPU
		{649300CE-70EA-4606-983F-F4476FDD6C7E}.AppStore|x64.ActiveCfg = Release|Any CPU
		{649300CE-70EA-4606-983F-F4476FDD6C7E}.AppStore|x64.Build.0 = Release|Any CPU
		{649300CE-70EA-4606-983F-F4476FDD6C7E}.AppStore|x86.ActiveCfg = Release|Any CPU
		{649300CE-70EA-4606-983F-F4476FDD6C7E}.AppStore|x86.Build.0 = Release|Any CPU
		{649300CE-70EA-4606-983F-F4476FDD6C7E}.Debug|Any CPU.ActiveCfg = Debug|Any CPU
		{649300CE-70EA-4606-983F-F4476FDD6C7E}.Debug|Any CPU.Build.0 = Debug|Any CPU
		{649300CE-70EA-4606-983F-F4476FDD6C7E}.Debug|ARM.ActiveCfg = Debug|Any CPU
		{649300CE-70EA-4606-983F-F4476FDD6C7E}.Debug|ARM.Build.0 = Debug|Any CPU
		{649300CE-70EA-4606-983F-F4476FDD6C7E}.Debug|iPhone.ActiveCfg = Debug|Any CPU
		{649300CE-70EA-4606-983F-F4476FDD6C7E}.Debug|iPhone.Build.0 = Debug|Any CPU
		{649300CE-70EA-4606-983F-F4476FDD6C7E}.Debug|iPhoneSimulator.ActiveCfg = Debug|Any CPU
		{649300CE-70EA-4606-983F-F4476FDD6C7E}.Debug|iPhoneSimulator.Build.0 = Debug|Any CPU
		{649300CE-70EA-4606-983F-F4476FDD6C7E}.Debug|Mixed Platforms.ActiveCfg = Debug|Any CPU
		{649300CE-70EA-4606-983F-F4476FDD6C7E}.Debug|Mixed Platforms.Build.0 = Debug|Any CPU
		{649300CE-70EA-4606-983F-F4476FDD6C7E}.Debug|x64.ActiveCfg = Debug|Any CPU
		{649300CE-70EA-4606-983F-F4476FDD6C7E}.Debug|x64.Build.0 = Debug|Any CPU
		{649300CE-70EA-4606-983F-F4476FDD6C7E}.Debug|x86.ActiveCfg = Debug|Any CPU
		{649300CE-70EA-4606-983F-F4476FDD6C7E}.Debug|x86.Build.0 = Debug|Any CPU
		{649300CE-70EA-4606-983F-F4476FDD6C7E}.Release|Any CPU.ActiveCfg = Release|Any CPU
		{649300CE-70EA-4606-983F-F4476FDD6C7E}.Release|Any CPU.Build.0 = Release|Any CPU
		{649300CE-70EA-4606-983F-F4476FDD6C7E}.Release|ARM.ActiveCfg = Release|Any CPU
		{649300CE-70EA-4606-983F-F4476FDD6C7E}.Release|ARM.Build.0 = Release|Any CPU
		{649300CE-70EA-4606-983F-F4476FDD6C7E}.Release|iPhone.ActiveCfg = Release|Any CPU
		{649300CE-70EA-4606-983F-F4476FDD6C7E}.Release|iPhone.Build.0 = Release|Any CPU
		{649300CE-70EA-4606-983F-F4476FDD6C7E}.Release|iPhoneSimulator.ActiveCfg = Release|Any CPU
		{649300CE-70EA-4606-983F-F4476FDD6C7E}.Release|iPhoneSimulator.Build.0 = Release|Any CPU
		{649300CE-70EA-4606-983F-F4476FDD6C7E}.Release|Mixed Platforms.ActiveCfg = Release|Any CPU
		{649300CE-70EA-4606-983F-F4476FDD6C7E}.Release|Mixed Platforms.Build.0 = Release|Any CPU
		{649300CE-70EA-4606-983F-F4476FDD6C7E}.Release|x64.ActiveCfg = Release|Any CPU
		{649300CE-70EA-4606-983F-F4476FDD6C7E}.Release|x64.Build.0 = Release|Any CPU
		{649300CE-70EA-4606-983F-F4476FDD6C7E}.Release|x86.ActiveCfg = Release|Any CPU
		{649300CE-70EA-4606-983F-F4476FDD6C7E}.Release|x86.Build.0 = Release|Any CPU
		{649300CE-70EA-4606-983F-F4476FDD6C7E}.XTC|Any CPU.ActiveCfg = XTC|Any CPU
		{649300CE-70EA-4606-983F-F4476FDD6C7E}.XTC|Any CPU.Build.0 = XTC|Any CPU
		{649300CE-70EA-4606-983F-F4476FDD6C7E}.XTC|ARM.ActiveCfg = XTC|Any CPU
		{649300CE-70EA-4606-983F-F4476FDD6C7E}.XTC|ARM.Build.0 = XTC|Any CPU
		{649300CE-70EA-4606-983F-F4476FDD6C7E}.XTC|iPhone.ActiveCfg = XTC|Any CPU
		{649300CE-70EA-4606-983F-F4476FDD6C7E}.XTC|iPhone.Build.0 = XTC|Any CPU
		{649300CE-70EA-4606-983F-F4476FDD6C7E}.XTC|iPhoneSimulator.ActiveCfg = XTC|Any CPU
		{649300CE-70EA-4606-983F-F4476FDD6C7E}.XTC|iPhoneSimulator.Build.0 = XTC|Any CPU
		{649300CE-70EA-4606-983F-F4476FDD6C7E}.XTC|Mixed Platforms.ActiveCfg = XTC|Any CPU
		{649300CE-70EA-4606-983F-F4476FDD6C7E}.XTC|Mixed Platforms.Build.0 = XTC|Any CPU
		{649300CE-70EA-4606-983F-F4476FDD6C7E}.XTC|x64.ActiveCfg = XTC|Any CPU
		{649300CE-70EA-4606-983F-F4476FDD6C7E}.XTC|x64.Build.0 = XTC|Any CPU
		{649300CE-70EA-4606-983F-F4476FDD6C7E}.XTC|x86.ActiveCfg = XTC|Any CPU
		{649300CE-70EA-4606-983F-F4476FDD6C7E}.XTC|x86.Build.0 = XTC|Any CPU
		{E05FB3D8-372D-4FD3-84F3-1E908E3861B6}.AppStore|Any CPU.ActiveCfg = Release|Any CPU
		{E05FB3D8-372D-4FD3-84F3-1E908E3861B6}.AppStore|Any CPU.Build.0 = Release|Any CPU
		{E05FB3D8-372D-4FD3-84F3-1E908E3861B6}.AppStore|ARM.ActiveCfg = Release|Any CPU
		{E05FB3D8-372D-4FD3-84F3-1E908E3861B6}.AppStore|ARM.Build.0 = Release|Any CPU
		{E05FB3D8-372D-4FD3-84F3-1E908E3861B6}.AppStore|iPhone.ActiveCfg = Release|Any CPU
		{E05FB3D8-372D-4FD3-84F3-1E908E3861B6}.AppStore|iPhone.Build.0 = Release|Any CPU
		{E05FB3D8-372D-4FD3-84F3-1E908E3861B6}.AppStore|iPhoneSimulator.ActiveCfg = Release|Any CPU
		{E05FB3D8-372D-4FD3-84F3-1E908E3861B6}.AppStore|iPhoneSimulator.Build.0 = Release|Any CPU
		{E05FB3D8-372D-4FD3-84F3-1E908E3861B6}.AppStore|Mixed Platforms.ActiveCfg = Debug|Any CPU
		{E05FB3D8-372D-4FD3-84F3-1E908E3861B6}.AppStore|Mixed Platforms.Build.0 = Debug|Any CPU
		{E05FB3D8-372D-4FD3-84F3-1E908E3861B6}.AppStore|x64.ActiveCfg = Release|Any CPU
		{E05FB3D8-372D-4FD3-84F3-1E908E3861B6}.AppStore|x64.Build.0 = Release|Any CPU
		{E05FB3D8-372D-4FD3-84F3-1E908E3861B6}.AppStore|x86.ActiveCfg = Release|Any CPU
		{E05FB3D8-372D-4FD3-84F3-1E908E3861B6}.AppStore|x86.Build.0 = Release|Any CPU
		{E05FB3D8-372D-4FD3-84F3-1E908E3861B6}.Debug|Any CPU.ActiveCfg = Debug|Any CPU
		{E05FB3D8-372D-4FD3-84F3-1E908E3861B6}.Debug|Any CPU.Build.0 = Debug|Any CPU
		{E05FB3D8-372D-4FD3-84F3-1E908E3861B6}.Debug|ARM.ActiveCfg = Debug|Any CPU
		{E05FB3D8-372D-4FD3-84F3-1E908E3861B6}.Debug|ARM.Build.0 = Debug|Any CPU
		{E05FB3D8-372D-4FD3-84F3-1E908E3861B6}.Debug|iPhone.ActiveCfg = Debug|Any CPU
		{E05FB3D8-372D-4FD3-84F3-1E908E3861B6}.Debug|iPhone.Build.0 = Debug|Any CPU
		{E05FB3D8-372D-4FD3-84F3-1E908E3861B6}.Debug|iPhoneSimulator.ActiveCfg = Debug|Any CPU
		{E05FB3D8-372D-4FD3-84F3-1E908E3861B6}.Debug|iPhoneSimulator.Build.0 = Debug|Any CPU
		{E05FB3D8-372D-4FD3-84F3-1E908E3861B6}.Debug|Mixed Platforms.ActiveCfg = Debug|Any CPU
		{E05FB3D8-372D-4FD3-84F3-1E908E3861B6}.Debug|Mixed Platforms.Build.0 = Debug|Any CPU
		{E05FB3D8-372D-4FD3-84F3-1E908E3861B6}.Debug|x64.ActiveCfg = Debug|Any CPU
		{E05FB3D8-372D-4FD3-84F3-1E908E3861B6}.Debug|x64.Build.0 = Debug|Any CPU
		{E05FB3D8-372D-4FD3-84F3-1E908E3861B6}.Debug|x86.ActiveCfg = Debug|Any CPU
		{E05FB3D8-372D-4FD3-84F3-1E908E3861B6}.Debug|x86.Build.0 = Debug|Any CPU
		{E05FB3D8-372D-4FD3-84F3-1E908E3861B6}.Release|Any CPU.ActiveCfg = Release|Any CPU
		{E05FB3D8-372D-4FD3-84F3-1E908E3861B6}.Release|Any CPU.Build.0 = Release|Any CPU
		{E05FB3D8-372D-4FD3-84F3-1E908E3861B6}.Release|ARM.ActiveCfg = Release|Any CPU
		{E05FB3D8-372D-4FD3-84F3-1E908E3861B6}.Release|ARM.Build.0 = Release|Any CPU
		{E05FB3D8-372D-4FD3-84F3-1E908E3861B6}.Release|iPhone.ActiveCfg = Release|Any CPU
		{E05FB3D8-372D-4FD3-84F3-1E908E3861B6}.Release|iPhone.Build.0 = Release|Any CPU
		{E05FB3D8-372D-4FD3-84F3-1E908E3861B6}.Release|iPhoneSimulator.ActiveCfg = Release|Any CPU
		{E05FB3D8-372D-4FD3-84F3-1E908E3861B6}.Release|iPhoneSimulator.Build.0 = Release|Any CPU
		{E05FB3D8-372D-4FD3-84F3-1E908E3861B6}.Release|Mixed Platforms.ActiveCfg = Release|Any CPU
		{E05FB3D8-372D-4FD3-84F3-1E908E3861B6}.Release|Mixed Platforms.Build.0 = Release|Any CPU
		{E05FB3D8-372D-4FD3-84F3-1E908E3861B6}.Release|x64.ActiveCfg = Release|Any CPU
		{E05FB3D8-372D-4FD3-84F3-1E908E3861B6}.Release|x64.Build.0 = Release|Any CPU
		{E05FB3D8-372D-4FD3-84F3-1E908E3861B6}.Release|x86.ActiveCfg = Release|Any CPU
		{E05FB3D8-372D-4FD3-84F3-1E908E3861B6}.Release|x86.Build.0 = Release|Any CPU
		{E05FB3D8-372D-4FD3-84F3-1E908E3861B6}.XTC|Any CPU.ActiveCfg = XTC|Any CPU
		{E05FB3D8-372D-4FD3-84F3-1E908E3861B6}.XTC|Any CPU.Build.0 = XTC|Any CPU
		{E05FB3D8-372D-4FD3-84F3-1E908E3861B6}.XTC|ARM.ActiveCfg = XTC|Any CPU
		{E05FB3D8-372D-4FD3-84F3-1E908E3861B6}.XTC|ARM.Build.0 = XTC|Any CPU
		{E05FB3D8-372D-4FD3-84F3-1E908E3861B6}.XTC|iPhone.ActiveCfg = XTC|Any CPU
		{E05FB3D8-372D-4FD3-84F3-1E908E3861B6}.XTC|iPhone.Build.0 = XTC|Any CPU
		{E05FB3D8-372D-4FD3-84F3-1E908E3861B6}.XTC|iPhoneSimulator.ActiveCfg = XTC|Any CPU
		{E05FB3D8-372D-4FD3-84F3-1E908E3861B6}.XTC|iPhoneSimulator.Build.0 = XTC|Any CPU
		{E05FB3D8-372D-4FD3-84F3-1E908E3861B6}.XTC|Mixed Platforms.ActiveCfg = XTC|Any CPU
		{E05FB3D8-372D-4FD3-84F3-1E908E3861B6}.XTC|Mixed Platforms.Build.0 = XTC|Any CPU
		{E05FB3D8-372D-4FD3-84F3-1E908E3861B6}.XTC|x64.ActiveCfg = XTC|Any CPU
		{E05FB3D8-372D-4FD3-84F3-1E908E3861B6}.XTC|x64.Build.0 = XTC|Any CPU
		{E05FB3D8-372D-4FD3-84F3-1E908E3861B6}.XTC|x86.ActiveCfg = XTC|Any CPU
		{E05FB3D8-372D-4FD3-84F3-1E908E3861B6}.XTC|x86.Build.0 = XTC|Any CPU
		{42F3D3DF-B854-4A5B-9C94-F3D823116AD5}.AppStore|Any CPU.ActiveCfg = Release|Any CPU
		{42F3D3DF-B854-4A5B-9C94-F3D823116AD5}.AppStore|Any CPU.Build.0 = Release|Any CPU
		{42F3D3DF-B854-4A5B-9C94-F3D823116AD5}.AppStore|ARM.ActiveCfg = Release|Any CPU
		{42F3D3DF-B854-4A5B-9C94-F3D823116AD5}.AppStore|ARM.Build.0 = Release|Any CPU
		{42F3D3DF-B854-4A5B-9C94-F3D823116AD5}.AppStore|iPhone.ActiveCfg = Release|Any CPU
		{42F3D3DF-B854-4A5B-9C94-F3D823116AD5}.AppStore|iPhone.Build.0 = Release|Any CPU
		{42F3D3DF-B854-4A5B-9C94-F3D823116AD5}.AppStore|iPhoneSimulator.ActiveCfg = Release|Any CPU
		{42F3D3DF-B854-4A5B-9C94-F3D823116AD5}.AppStore|iPhoneSimulator.Build.0 = Release|Any CPU
		{42F3D3DF-B854-4A5B-9C94-F3D823116AD5}.AppStore|Mixed Platforms.ActiveCfg = Debug|Any CPU
		{42F3D3DF-B854-4A5B-9C94-F3D823116AD5}.AppStore|Mixed Platforms.Build.0 = Debug|Any CPU
		{42F3D3DF-B854-4A5B-9C94-F3D823116AD5}.AppStore|x64.ActiveCfg = Release|Any CPU
		{42F3D3DF-B854-4A5B-9C94-F3D823116AD5}.AppStore|x64.Build.0 = Release|Any CPU
		{42F3D3DF-B854-4A5B-9C94-F3D823116AD5}.AppStore|x86.ActiveCfg = Release|Any CPU
		{42F3D3DF-B854-4A5B-9C94-F3D823116AD5}.AppStore|x86.Build.0 = Release|Any CPU
		{42F3D3DF-B854-4A5B-9C94-F3D823116AD5}.Debug|Any CPU.ActiveCfg = Debug|Any CPU
		{42F3D3DF-B854-4A5B-9C94-F3D823116AD5}.Debug|Any CPU.Build.0 = Debug|Any CPU
		{42F3D3DF-B854-4A5B-9C94-F3D823116AD5}.Debug|ARM.ActiveCfg = Debug|Any CPU
		{42F3D3DF-B854-4A5B-9C94-F3D823116AD5}.Debug|ARM.Build.0 = Debug|Any CPU
		{42F3D3DF-B854-4A5B-9C94-F3D823116AD5}.Debug|iPhone.ActiveCfg = Debug|Any CPU
		{42F3D3DF-B854-4A5B-9C94-F3D823116AD5}.Debug|iPhone.Build.0 = Debug|Any CPU
		{42F3D3DF-B854-4A5B-9C94-F3D823116AD5}.Debug|iPhoneSimulator.ActiveCfg = Debug|Any CPU
		{42F3D3DF-B854-4A5B-9C94-F3D823116AD5}.Debug|iPhoneSimulator.Build.0 = Debug|Any CPU
		{42F3D3DF-B854-4A5B-9C94-F3D823116AD5}.Debug|Mixed Platforms.ActiveCfg = Debug|Any CPU
		{42F3D3DF-B854-4A5B-9C94-F3D823116AD5}.Debug|Mixed Platforms.Build.0 = Debug|Any CPU
		{42F3D3DF-B854-4A5B-9C94-F3D823116AD5}.Debug|x64.ActiveCfg = Debug|Any CPU
		{42F3D3DF-B854-4A5B-9C94-F3D823116AD5}.Debug|x64.Build.0 = Debug|Any CPU
		{42F3D3DF-B854-4A5B-9C94-F3D823116AD5}.Debug|x86.ActiveCfg = Debug|Any CPU
		{42F3D3DF-B854-4A5B-9C94-F3D823116AD5}.Debug|x86.Build.0 = Debug|Any CPU
		{42F3D3DF-B854-4A5B-9C94-F3D823116AD5}.Release|Any CPU.ActiveCfg = Release|Any CPU
		{42F3D3DF-B854-4A5B-9C94-F3D823116AD5}.Release|Any CPU.Build.0 = Release|Any CPU
		{42F3D3DF-B854-4A5B-9C94-F3D823116AD5}.Release|ARM.ActiveCfg = Release|Any CPU
		{42F3D3DF-B854-4A5B-9C94-F3D823116AD5}.Release|ARM.Build.0 = Release|Any CPU
		{42F3D3DF-B854-4A5B-9C94-F3D823116AD5}.Release|iPhone.ActiveCfg = Release|Any CPU
		{42F3D3DF-B854-4A5B-9C94-F3D823116AD5}.Release|iPhone.Build.0 = Release|Any CPU
		{42F3D3DF-B854-4A5B-9C94-F3D823116AD5}.Release|iPhoneSimulator.ActiveCfg = Release|Any CPU
		{42F3D3DF-B854-4A5B-9C94-F3D823116AD5}.Release|iPhoneSimulator.Build.0 = Release|Any CPU
		{42F3D3DF-B854-4A5B-9C94-F3D823116AD5}.Release|Mixed Platforms.ActiveCfg = Release|Any CPU
		{42F3D3DF-B854-4A5B-9C94-F3D823116AD5}.Release|Mixed Platforms.Build.0 = Release|Any CPU
		{42F3D3DF-B854-4A5B-9C94-F3D823116AD5}.Release|x64.ActiveCfg = Release|Any CPU
		{42F3D3DF-B854-4A5B-9C94-F3D823116AD5}.Release|x64.Build.0 = Release|Any CPU
		{42F3D3DF-B854-4A5B-9C94-F3D823116AD5}.Release|x86.ActiveCfg = Release|Any CPU
		{42F3D3DF-B854-4A5B-9C94-F3D823116AD5}.Release|x86.Build.0 = Release|Any CPU
		{42F3D3DF-B854-4A5B-9C94-F3D823116AD5}.XTC|Any CPU.ActiveCfg = XTC|Any CPU
		{42F3D3DF-B854-4A5B-9C94-F3D823116AD5}.XTC|Any CPU.Build.0 = XTC|Any CPU
		{42F3D3DF-B854-4A5B-9C94-F3D823116AD5}.XTC|ARM.ActiveCfg = XTC|Any CPU
		{42F3D3DF-B854-4A5B-9C94-F3D823116AD5}.XTC|ARM.Build.0 = XTC|Any CPU
		{42F3D3DF-B854-4A5B-9C94-F3D823116AD5}.XTC|iPhone.ActiveCfg = XTC|Any CPU
		{42F3D3DF-B854-4A5B-9C94-F3D823116AD5}.XTC|iPhone.Build.0 = XTC|Any CPU
		{42F3D3DF-B854-4A5B-9C94-F3D823116AD5}.XTC|iPhoneSimulator.ActiveCfg = XTC|Any CPU
		{42F3D3DF-B854-4A5B-9C94-F3D823116AD5}.XTC|iPhoneSimulator.Build.0 = XTC|Any CPU
		{42F3D3DF-B854-4A5B-9C94-F3D823116AD5}.XTC|Mixed Platforms.ActiveCfg = XTC|Any CPU
		{42F3D3DF-B854-4A5B-9C94-F3D823116AD5}.XTC|Mixed Platforms.Build.0 = XTC|Any CPU
		{42F3D3DF-B854-4A5B-9C94-F3D823116AD5}.XTC|x64.ActiveCfg = XTC|Any CPU
		{42F3D3DF-B854-4A5B-9C94-F3D823116AD5}.XTC|x64.Build.0 = XTC|Any CPU
		{42F3D3DF-B854-4A5B-9C94-F3D823116AD5}.XTC|x86.ActiveCfg = XTC|Any CPU
		{42F3D3DF-B854-4A5B-9C94-F3D823116AD5}.XTC|x86.Build.0 = XTC|Any CPU
		{955B6F86-BB30-4BD6-A1AD-B192F89C1363}.AppStore|Any CPU.ActiveCfg = Release|Any CPU
		{955B6F86-BB30-4BD6-A1AD-B192F89C1363}.AppStore|Any CPU.Build.0 = Release|Any CPU
		{955B6F86-BB30-4BD6-A1AD-B192F89C1363}.AppStore|ARM.ActiveCfg = Release|Any CPU
		{955B6F86-BB30-4BD6-A1AD-B192F89C1363}.AppStore|ARM.Build.0 = Release|Any CPU
		{955B6F86-BB30-4BD6-A1AD-B192F89C1363}.AppStore|iPhone.ActiveCfg = Release|Any CPU
		{955B6F86-BB30-4BD6-A1AD-B192F89C1363}.AppStore|iPhone.Build.0 = Release|Any CPU
		{955B6F86-BB30-4BD6-A1AD-B192F89C1363}.AppStore|iPhoneSimulator.ActiveCfg = Release|Any CPU
		{955B6F86-BB30-4BD6-A1AD-B192F89C1363}.AppStore|iPhoneSimulator.Build.0 = Release|Any CPU
		{955B6F86-BB30-4BD6-A1AD-B192F89C1363}.AppStore|Mixed Platforms.ActiveCfg = Debug|Any CPU
		{955B6F86-BB30-4BD6-A1AD-B192F89C1363}.AppStore|Mixed Platforms.Build.0 = Debug|Any CPU
		{955B6F86-BB30-4BD6-A1AD-B192F89C1363}.AppStore|x64.ActiveCfg = Release|Any CPU
		{955B6F86-BB30-4BD6-A1AD-B192F89C1363}.AppStore|x64.Build.0 = Release|Any CPU
		{955B6F86-BB30-4BD6-A1AD-B192F89C1363}.AppStore|x86.ActiveCfg = Release|Any CPU
		{955B6F86-BB30-4BD6-A1AD-B192F89C1363}.AppStore|x86.Build.0 = Release|Any CPU
		{955B6F86-BB30-4BD6-A1AD-B192F89C1363}.Debug|Any CPU.ActiveCfg = Debug|Any CPU
		{955B6F86-BB30-4BD6-A1AD-B192F89C1363}.Debug|Any CPU.Build.0 = Debug|Any CPU
		{955B6F86-BB30-4BD6-A1AD-B192F89C1363}.Debug|ARM.ActiveCfg = Debug|Any CPU
		{955B6F86-BB30-4BD6-A1AD-B192F89C1363}.Debug|ARM.Build.0 = Debug|Any CPU
		{955B6F86-BB30-4BD6-A1AD-B192F89C1363}.Debug|iPhone.ActiveCfg = Debug|Any CPU
		{955B6F86-BB30-4BD6-A1AD-B192F89C1363}.Debug|iPhone.Build.0 = Debug|Any CPU
		{955B6F86-BB30-4BD6-A1AD-B192F89C1363}.Debug|iPhoneSimulator.ActiveCfg = Debug|Any CPU
		{955B6F86-BB30-4BD6-A1AD-B192F89C1363}.Debug|iPhoneSimulator.Build.0 = Debug|Any CPU
		{955B6F86-BB30-4BD6-A1AD-B192F89C1363}.Debug|Mixed Platforms.ActiveCfg = Debug|Any CPU
		{955B6F86-BB30-4BD6-A1AD-B192F89C1363}.Debug|Mixed Platforms.Build.0 = Debug|Any CPU
		{955B6F86-BB30-4BD6-A1AD-B192F89C1363}.Debug|x64.ActiveCfg = Debug|Any CPU
		{955B6F86-BB30-4BD6-A1AD-B192F89C1363}.Debug|x64.Build.0 = Debug|Any CPU
		{955B6F86-BB30-4BD6-A1AD-B192F89C1363}.Debug|x86.ActiveCfg = Debug|Any CPU
		{955B6F86-BB30-4BD6-A1AD-B192F89C1363}.Debug|x86.Build.0 = Debug|Any CPU
		{955B6F86-BB30-4BD6-A1AD-B192F89C1363}.Release|Any CPU.ActiveCfg = Release|Any CPU
		{955B6F86-BB30-4BD6-A1AD-B192F89C1363}.Release|Any CPU.Build.0 = Release|Any CPU
		{955B6F86-BB30-4BD6-A1AD-B192F89C1363}.Release|ARM.ActiveCfg = Release|Any CPU
		{955B6F86-BB30-4BD6-A1AD-B192F89C1363}.Release|ARM.Build.0 = Release|Any CPU
		{955B6F86-BB30-4BD6-A1AD-B192F89C1363}.Release|iPhone.ActiveCfg = Release|Any CPU
		{955B6F86-BB30-4BD6-A1AD-B192F89C1363}.Release|iPhone.Build.0 = Release|Any CPU
		{955B6F86-BB30-4BD6-A1AD-B192F89C1363}.Release|iPhoneSimulator.ActiveCfg = Release|Any CPU
		{955B6F86-BB30-4BD6-A1AD-B192F89C1363}.Release|iPhoneSimulator.Build.0 = Release|Any CPU
		{955B6F86-BB30-4BD6-A1AD-B192F89C1363}.Release|Mixed Platforms.ActiveCfg = Release|Any CPU
		{955B6F86-BB30-4BD6-A1AD-B192F89C1363}.Release|Mixed Platforms.Build.0 = Release|Any CPU
		{955B6F86-BB30-4BD6-A1AD-B192F89C1363}.Release|x64.ActiveCfg = Release|Any CPU
		{955B6F86-BB30-4BD6-A1AD-B192F89C1363}.Release|x64.Build.0 = Release|Any CPU
		{955B6F86-BB30-4BD6-A1AD-B192F89C1363}.Release|x86.ActiveCfg = Release|Any CPU
		{955B6F86-BB30-4BD6-A1AD-B192F89C1363}.Release|x86.Build.0 = Release|Any CPU
		{955B6F86-BB30-4BD6-A1AD-B192F89C1363}.XTC|Any CPU.ActiveCfg = XTC|Any CPU
		{955B6F86-BB30-4BD6-A1AD-B192F89C1363}.XTC|Any CPU.Build.0 = XTC|Any CPU
		{955B6F86-BB30-4BD6-A1AD-B192F89C1363}.XTC|ARM.ActiveCfg = XTC|Any CPU
		{955B6F86-BB30-4BD6-A1AD-B192F89C1363}.XTC|ARM.Build.0 = XTC|Any CPU
		{955B6F86-BB30-4BD6-A1AD-B192F89C1363}.XTC|iPhone.ActiveCfg = XTC|Any CPU
		{955B6F86-BB30-4BD6-A1AD-B192F89C1363}.XTC|iPhone.Build.0 = XTC|Any CPU
		{955B6F86-BB30-4BD6-A1AD-B192F89C1363}.XTC|iPhoneSimulator.ActiveCfg = XTC|Any CPU
		{955B6F86-BB30-4BD6-A1AD-B192F89C1363}.XTC|iPhoneSimulator.Build.0 = XTC|Any CPU
		{955B6F86-BB30-4BD6-A1AD-B192F89C1363}.XTC|Mixed Platforms.ActiveCfg = XTC|Any CPU
		{955B6F86-BB30-4BD6-A1AD-B192F89C1363}.XTC|Mixed Platforms.Build.0 = XTC|Any CPU
		{955B6F86-BB30-4BD6-A1AD-B192F89C1363}.XTC|x64.ActiveCfg = XTC|Any CPU
		{955B6F86-BB30-4BD6-A1AD-B192F89C1363}.XTC|x64.Build.0 = XTC|Any CPU
		{955B6F86-BB30-4BD6-A1AD-B192F89C1363}.XTC|x86.ActiveCfg = XTC|Any CPU
		{955B6F86-BB30-4BD6-A1AD-B192F89C1363}.XTC|x86.Build.0 = XTC|Any CPU
		{CEF8CB82-B2BF-42D0-998C-8C50A4CA7AE6}.AppStore|Any CPU.ActiveCfg = Debug|Any CPU
		{CEF8CB82-B2BF-42D0-998C-8C50A4CA7AE6}.AppStore|Any CPU.Build.0 = Debug|Any CPU
		{CEF8CB82-B2BF-42D0-998C-8C50A4CA7AE6}.AppStore|ARM.ActiveCfg = Debug|Any CPU
		{CEF8CB82-B2BF-42D0-998C-8C50A4CA7AE6}.AppStore|ARM.Build.0 = Debug|Any CPU
		{CEF8CB82-B2BF-42D0-998C-8C50A4CA7AE6}.AppStore|iPhone.ActiveCfg = Debug|Any CPU
		{CEF8CB82-B2BF-42D0-998C-8C50A4CA7AE6}.AppStore|iPhone.Build.0 = Debug|Any CPU
		{CEF8CB82-B2BF-42D0-998C-8C50A4CA7AE6}.AppStore|iPhoneSimulator.ActiveCfg = Debug|Any CPU
		{CEF8CB82-B2BF-42D0-998C-8C50A4CA7AE6}.AppStore|iPhoneSimulator.Build.0 = Debug|Any CPU
		{CEF8CB82-B2BF-42D0-998C-8C50A4CA7AE6}.AppStore|Mixed Platforms.ActiveCfg = Release|Any CPU
		{CEF8CB82-B2BF-42D0-998C-8C50A4CA7AE6}.AppStore|Mixed Platforms.Build.0 = Release|Any CPU
		{CEF8CB82-B2BF-42D0-998C-8C50A4CA7AE6}.AppStore|x64.ActiveCfg = Debug|Any CPU
		{CEF8CB82-B2BF-42D0-998C-8C50A4CA7AE6}.AppStore|x64.Build.0 = Debug|Any CPU
		{CEF8CB82-B2BF-42D0-998C-8C50A4CA7AE6}.AppStore|x86.ActiveCfg = Debug|Any CPU
		{CEF8CB82-B2BF-42D0-998C-8C50A4CA7AE6}.AppStore|x86.Build.0 = Debug|Any CPU
		{CEF8CB82-B2BF-42D0-998C-8C50A4CA7AE6}.Debug|Any CPU.ActiveCfg = Debug|Any CPU
		{CEF8CB82-B2BF-42D0-998C-8C50A4CA7AE6}.Debug|Any CPU.Build.0 = Debug|Any CPU
		{CEF8CB82-B2BF-42D0-998C-8C50A4CA7AE6}.Debug|ARM.ActiveCfg = Debug|Any CPU
		{CEF8CB82-B2BF-42D0-998C-8C50A4CA7AE6}.Debug|ARM.Build.0 = Debug|Any CPU
		{CEF8CB82-B2BF-42D0-998C-8C50A4CA7AE6}.Debug|iPhone.ActiveCfg = Debug|Any CPU
		{CEF8CB82-B2BF-42D0-998C-8C50A4CA7AE6}.Debug|iPhone.Build.0 = Debug|Any CPU
		{CEF8CB82-B2BF-42D0-998C-8C50A4CA7AE6}.Debug|iPhoneSimulator.ActiveCfg = Debug|Any CPU
		{CEF8CB82-B2BF-42D0-998C-8C50A4CA7AE6}.Debug|iPhoneSimulator.Build.0 = Debug|Any CPU
		{CEF8CB82-B2BF-42D0-998C-8C50A4CA7AE6}.Debug|Mixed Platforms.ActiveCfg = Debug|Any CPU
		{CEF8CB82-B2BF-42D0-998C-8C50A4CA7AE6}.Debug|Mixed Platforms.Build.0 = Debug|Any CPU
		{CEF8CB82-B2BF-42D0-998C-8C50A4CA7AE6}.Debug|x64.ActiveCfg = Debug|Any CPU
		{CEF8CB82-B2BF-42D0-998C-8C50A4CA7AE6}.Debug|x64.Build.0 = Debug|Any CPU
		{CEF8CB82-B2BF-42D0-998C-8C50A4CA7AE6}.Debug|x86.ActiveCfg = Debug|Any CPU
		{CEF8CB82-B2BF-42D0-998C-8C50A4CA7AE6}.Debug|x86.Build.0 = Debug|Any CPU
		{CEF8CB82-B2BF-42D0-998C-8C50A4CA7AE6}.Release|Any CPU.ActiveCfg = Release|Any CPU
		{CEF8CB82-B2BF-42D0-998C-8C50A4CA7AE6}.Release|Any CPU.Build.0 = Release|Any CPU
		{CEF8CB82-B2BF-42D0-998C-8C50A4CA7AE6}.Release|ARM.ActiveCfg = Release|Any CPU
		{CEF8CB82-B2BF-42D0-998C-8C50A4CA7AE6}.Release|ARM.Build.0 = Release|Any CPU
		{CEF8CB82-B2BF-42D0-998C-8C50A4CA7AE6}.Release|iPhone.ActiveCfg = Release|Any CPU
		{CEF8CB82-B2BF-42D0-998C-8C50A4CA7AE6}.Release|iPhone.Build.0 = Release|Any CPU
		{CEF8CB82-B2BF-42D0-998C-8C50A4CA7AE6}.Release|iPhoneSimulator.ActiveCfg = Release|Any CPU
		{CEF8CB82-B2BF-42D0-998C-8C50A4CA7AE6}.Release|iPhoneSimulator.Build.0 = Release|Any CPU
		{CEF8CB82-B2BF-42D0-998C-8C50A4CA7AE6}.Release|Mixed Platforms.ActiveCfg = Release|Any CPU
		{CEF8CB82-B2BF-42D0-998C-8C50A4CA7AE6}.Release|Mixed Platforms.Build.0 = Release|Any CPU
		{CEF8CB82-B2BF-42D0-998C-8C50A4CA7AE6}.Release|x64.ActiveCfg = Release|Any CPU
		{CEF8CB82-B2BF-42D0-998C-8C50A4CA7AE6}.Release|x64.Build.0 = Release|Any CPU
		{CEF8CB82-B2BF-42D0-998C-8C50A4CA7AE6}.Release|x86.ActiveCfg = Release|Any CPU
		{CEF8CB82-B2BF-42D0-998C-8C50A4CA7AE6}.Release|x86.Build.0 = Release|Any CPU
		{CEF8CB82-B2BF-42D0-998C-8C50A4CA7AE6}.XTC|Any CPU.ActiveCfg = XTC|Any CPU
		{CEF8CB82-B2BF-42D0-998C-8C50A4CA7AE6}.XTC|Any CPU.Build.0 = XTC|Any CPU
		{CEF8CB82-B2BF-42D0-998C-8C50A4CA7AE6}.XTC|ARM.ActiveCfg = XTC|Any CPU
		{CEF8CB82-B2BF-42D0-998C-8C50A4CA7AE6}.XTC|ARM.Build.0 = XTC|Any CPU
		{CEF8CB82-B2BF-42D0-998C-8C50A4CA7AE6}.XTC|iPhone.ActiveCfg = XTC|Any CPU
		{CEF8CB82-B2BF-42D0-998C-8C50A4CA7AE6}.XTC|iPhone.Build.0 = XTC|Any CPU
		{CEF8CB82-B2BF-42D0-998C-8C50A4CA7AE6}.XTC|iPhoneSimulator.ActiveCfg = XTC|Any CPU
		{CEF8CB82-B2BF-42D0-998C-8C50A4CA7AE6}.XTC|iPhoneSimulator.Build.0 = XTC|Any CPU
		{CEF8CB82-B2BF-42D0-998C-8C50A4CA7AE6}.XTC|Mixed Platforms.ActiveCfg = XTC|Any CPU
		{CEF8CB82-B2BF-42D0-998C-8C50A4CA7AE6}.XTC|Mixed Platforms.Build.0 = XTC|Any CPU
		{CEF8CB82-B2BF-42D0-998C-8C50A4CA7AE6}.XTC|x64.ActiveCfg = XTC|Any CPU
		{CEF8CB82-B2BF-42D0-998C-8C50A4CA7AE6}.XTC|x64.Build.0 = XTC|Any CPU
		{CEF8CB82-B2BF-42D0-998C-8C50A4CA7AE6}.XTC|x86.ActiveCfg = XTC|Any CPU
		{CEF8CB82-B2BF-42D0-998C-8C50A4CA7AE6}.XTC|x86.Build.0 = XTC|Any CPU
		{812692D4-C638-4FD1-AEA7-407824B134A6}.AppStore|Any CPU.ActiveCfg = Release|Any CPU
		{812692D4-C638-4FD1-AEA7-407824B134A6}.AppStore|Any CPU.Build.0 = Release|Any CPU
		{812692D4-C638-4FD1-AEA7-407824B134A6}.AppStore|ARM.ActiveCfg = Release|ARM
		{812692D4-C638-4FD1-AEA7-407824B134A6}.AppStore|ARM.Build.0 = Release|ARM
		{812692D4-C638-4FD1-AEA7-407824B134A6}.AppStore|iPhone.ActiveCfg = Release|Any CPU
		{812692D4-C638-4FD1-AEA7-407824B134A6}.AppStore|iPhone.Build.0 = Release|Any CPU
		{812692D4-C638-4FD1-AEA7-407824B134A6}.AppStore|iPhoneSimulator.ActiveCfg = Release|Any CPU
		{812692D4-C638-4FD1-AEA7-407824B134A6}.AppStore|iPhoneSimulator.Build.0 = Release|Any CPU
		{812692D4-C638-4FD1-AEA7-407824B134A6}.AppStore|Mixed Platforms.ActiveCfg = Release|x86
		{812692D4-C638-4FD1-AEA7-407824B134A6}.AppStore|Mixed Platforms.Build.0 = Release|x86
		{812692D4-C638-4FD1-AEA7-407824B134A6}.AppStore|x64.ActiveCfg = Release|x64
		{812692D4-C638-4FD1-AEA7-407824B134A6}.AppStore|x64.Build.0 = Release|x64
		{812692D4-C638-4FD1-AEA7-407824B134A6}.AppStore|x86.ActiveCfg = Release|x86
		{812692D4-C638-4FD1-AEA7-407824B134A6}.AppStore|x86.Build.0 = Release|x86
		{812692D4-C638-4FD1-AEA7-407824B134A6}.Debug|Any CPU.ActiveCfg = Debug|Any CPU
		{812692D4-C638-4FD1-AEA7-407824B134A6}.Debug|Any CPU.Build.0 = Debug|Any CPU
		{812692D4-C638-4FD1-AEA7-407824B134A6}.Debug|ARM.ActiveCfg = Debug|ARM
		{812692D4-C638-4FD1-AEA7-407824B134A6}.Debug|ARM.Build.0 = Debug|ARM
		{812692D4-C638-4FD1-AEA7-407824B134A6}.Debug|iPhone.ActiveCfg = Debug|Any CPU
		{812692D4-C638-4FD1-AEA7-407824B134A6}.Debug|iPhone.Build.0 = Debug|Any CPU
		{812692D4-C638-4FD1-AEA7-407824B134A6}.Debug|iPhoneSimulator.ActiveCfg = Debug|Any CPU
		{812692D4-C638-4FD1-AEA7-407824B134A6}.Debug|iPhoneSimulator.Build.0 = Debug|Any CPU
		{812692D4-C638-4FD1-AEA7-407824B134A6}.Debug|Mixed Platforms.ActiveCfg = Debug|x86
		{812692D4-C638-4FD1-AEA7-407824B134A6}.Debug|Mixed Platforms.Build.0 = Debug|x86
		{812692D4-C638-4FD1-AEA7-407824B134A6}.Debug|x64.ActiveCfg = Debug|x64
		{812692D4-C638-4FD1-AEA7-407824B134A6}.Debug|x64.Build.0 = Debug|x64
		{812692D4-C638-4FD1-AEA7-407824B134A6}.Debug|x86.ActiveCfg = Debug|x86
		{812692D4-C638-4FD1-AEA7-407824B134A6}.Debug|x86.Build.0 = Debug|x86
		{812692D4-C638-4FD1-AEA7-407824B134A6}.Release|Any CPU.ActiveCfg = Release|Any CPU
		{812692D4-C638-4FD1-AEA7-407824B134A6}.Release|Any CPU.Build.0 = Release|Any CPU
		{812692D4-C638-4FD1-AEA7-407824B134A6}.Release|ARM.ActiveCfg = Release|ARM
		{812692D4-C638-4FD1-AEA7-407824B134A6}.Release|ARM.Build.0 = Release|ARM
		{812692D4-C638-4FD1-AEA7-407824B134A6}.Release|iPhone.ActiveCfg = Release|Any CPU
		{812692D4-C638-4FD1-AEA7-407824B134A6}.Release|iPhone.Build.0 = Release|Any CPU
		{812692D4-C638-4FD1-AEA7-407824B134A6}.Release|iPhoneSimulator.ActiveCfg = Release|Any CPU
		{812692D4-C638-4FD1-AEA7-407824B134A6}.Release|iPhoneSimulator.Build.0 = Release|Any CPU
		{812692D4-C638-4FD1-AEA7-407824B134A6}.Release|Mixed Platforms.ActiveCfg = Release|x86
		{812692D4-C638-4FD1-AEA7-407824B134A6}.Release|Mixed Platforms.Build.0 = Release|x86
		{812692D4-C638-4FD1-AEA7-407824B134A6}.Release|x64.ActiveCfg = Release|x64
		{812692D4-C638-4FD1-AEA7-407824B134A6}.Release|x64.Build.0 = Release|x64
		{812692D4-C638-4FD1-AEA7-407824B134A6}.Release|x86.ActiveCfg = Release|x86
		{812692D4-C638-4FD1-AEA7-407824B134A6}.Release|x86.Build.0 = Release|x86
		{812692D4-C638-4FD1-AEA7-407824B134A6}.XTC|Any CPU.ActiveCfg = XTC|Any CPU
		{812692D4-C638-4FD1-AEA7-407824B134A6}.XTC|Any CPU.Build.0 = XTC|Any CPU
		{812692D4-C638-4FD1-AEA7-407824B134A6}.XTC|ARM.ActiveCfg = XTC|ARM
		{812692D4-C638-4FD1-AEA7-407824B134A6}.XTC|ARM.Build.0 = XTC|ARM
		{812692D4-C638-4FD1-AEA7-407824B134A6}.XTC|iPhone.ActiveCfg = XTC|Any CPU
		{812692D4-C638-4FD1-AEA7-407824B134A6}.XTC|iPhone.Build.0 = XTC|Any CPU
		{812692D4-C638-4FD1-AEA7-407824B134A6}.XTC|iPhoneSimulator.ActiveCfg = XTC|Any CPU
		{812692D4-C638-4FD1-AEA7-407824B134A6}.XTC|iPhoneSimulator.Build.0 = XTC|Any CPU
		{812692D4-C638-4FD1-AEA7-407824B134A6}.XTC|Mixed Platforms.ActiveCfg = XTC|x86
		{812692D4-C638-4FD1-AEA7-407824B134A6}.XTC|Mixed Platforms.Build.0 = XTC|x86
		{812692D4-C638-4FD1-AEA7-407824B134A6}.XTC|x64.ActiveCfg = XTC|x64
		{812692D4-C638-4FD1-AEA7-407824B134A6}.XTC|x64.Build.0 = XTC|x64
		{812692D4-C638-4FD1-AEA7-407824B134A6}.XTC|x86.ActiveCfg = XTC|x86
		{812692D4-C638-4FD1-AEA7-407824B134A6}.XTC|x86.Build.0 = XTC|x86
		{B09661C2-82A6-4D16-B4FD-7B23D0FFE1FE}.AppStore|Any CPU.ActiveCfg = Release|Any CPU
		{B09661C2-82A6-4D16-B4FD-7B23D0FFE1FE}.AppStore|Any CPU.Build.0 = Release|Any CPU
		{B09661C2-82A6-4D16-B4FD-7B23D0FFE1FE}.AppStore|Any CPU.Deploy.0 = Release|Any CPU
		{B09661C2-82A6-4D16-B4FD-7B23D0FFE1FE}.AppStore|ARM.ActiveCfg = Release|Any CPU
		{B09661C2-82A6-4D16-B4FD-7B23D0FFE1FE}.AppStore|ARM.Build.0 = Release|Any CPU
		{B09661C2-82A6-4D16-B4FD-7B23D0FFE1FE}.AppStore|ARM.Deploy.0 = Release|Any CPU
		{B09661C2-82A6-4D16-B4FD-7B23D0FFE1FE}.AppStore|iPhone.ActiveCfg = Release|Any CPU
		{B09661C2-82A6-4D16-B4FD-7B23D0FFE1FE}.AppStore|iPhone.Build.0 = Release|Any CPU
		{B09661C2-82A6-4D16-B4FD-7B23D0FFE1FE}.AppStore|iPhone.Deploy.0 = Release|Any CPU
		{B09661C2-82A6-4D16-B4FD-7B23D0FFE1FE}.AppStore|iPhoneSimulator.ActiveCfg = Release|Any CPU
		{B09661C2-82A6-4D16-B4FD-7B23D0FFE1FE}.AppStore|iPhoneSimulator.Build.0 = Release|Any CPU
		{B09661C2-82A6-4D16-B4FD-7B23D0FFE1FE}.AppStore|iPhoneSimulator.Deploy.0 = Release|Any CPU
		{B09661C2-82A6-4D16-B4FD-7B23D0FFE1FE}.AppStore|Mixed Platforms.ActiveCfg = Debug|Any CPU
		{B09661C2-82A6-4D16-B4FD-7B23D0FFE1FE}.AppStore|Mixed Platforms.Build.0 = Debug|Any CPU
		{B09661C2-82A6-4D16-B4FD-7B23D0FFE1FE}.AppStore|Mixed Platforms.Deploy.0 = Debug|Any CPU
		{B09661C2-82A6-4D16-B4FD-7B23D0FFE1FE}.AppStore|x64.ActiveCfg = Release|Any CPU
		{B09661C2-82A6-4D16-B4FD-7B23D0FFE1FE}.AppStore|x64.Build.0 = Release|Any CPU
		{B09661C2-82A6-4D16-B4FD-7B23D0FFE1FE}.AppStore|x64.Deploy.0 = Release|Any CPU
		{B09661C2-82A6-4D16-B4FD-7B23D0FFE1FE}.AppStore|x86.ActiveCfg = Release|Any CPU
		{B09661C2-82A6-4D16-B4FD-7B23D0FFE1FE}.AppStore|x86.Build.0 = Release|Any CPU
		{B09661C2-82A6-4D16-B4FD-7B23D0FFE1FE}.AppStore|x86.Deploy.0 = Release|Any CPU
		{B09661C2-82A6-4D16-B4FD-7B23D0FFE1FE}.Debug|Any CPU.ActiveCfg = Debug|Any CPU
		{B09661C2-82A6-4D16-B4FD-7B23D0FFE1FE}.Debug|Any CPU.Build.0 = Debug|Any CPU
		{B09661C2-82A6-4D16-B4FD-7B23D0FFE1FE}.Debug|Any CPU.Deploy.0 = Debug|Any CPU
		{B09661C2-82A6-4D16-B4FD-7B23D0FFE1FE}.Debug|ARM.ActiveCfg = Debug|Any CPU
		{B09661C2-82A6-4D16-B4FD-7B23D0FFE1FE}.Debug|ARM.Build.0 = Debug|Any CPU
		{B09661C2-82A6-4D16-B4FD-7B23D0FFE1FE}.Debug|ARM.Deploy.0 = Debug|Any CPU
		{B09661C2-82A6-4D16-B4FD-7B23D0FFE1FE}.Debug|iPhone.ActiveCfg = Debug|Any CPU
		{B09661C2-82A6-4D16-B4FD-7B23D0FFE1FE}.Debug|iPhone.Build.0 = Debug|Any CPU
		{B09661C2-82A6-4D16-B4FD-7B23D0FFE1FE}.Debug|iPhone.Deploy.0 = Debug|Any CPU
		{B09661C2-82A6-4D16-B4FD-7B23D0FFE1FE}.Debug|iPhoneSimulator.ActiveCfg = Debug|Any CPU
		{B09661C2-82A6-4D16-B4FD-7B23D0FFE1FE}.Debug|iPhoneSimulator.Build.0 = Debug|Any CPU
		{B09661C2-82A6-4D16-B4FD-7B23D0FFE1FE}.Debug|iPhoneSimulator.Deploy.0 = Debug|Any CPU
		{B09661C2-82A6-4D16-B4FD-7B23D0FFE1FE}.Debug|Mixed Platforms.ActiveCfg = Debug|Any CPU
		{B09661C2-82A6-4D16-B4FD-7B23D0FFE1FE}.Debug|Mixed Platforms.Build.0 = Debug|Any CPU
		{B09661C2-82A6-4D16-B4FD-7B23D0FFE1FE}.Debug|Mixed Platforms.Deploy.0 = Debug|Any CPU
		{B09661C2-82A6-4D16-B4FD-7B23D0FFE1FE}.Debug|x64.ActiveCfg = Debug|Any CPU
		{B09661C2-82A6-4D16-B4FD-7B23D0FFE1FE}.Debug|x64.Build.0 = Debug|Any CPU
		{B09661C2-82A6-4D16-B4FD-7B23D0FFE1FE}.Debug|x64.Deploy.0 = Debug|Any CPU
		{B09661C2-82A6-4D16-B4FD-7B23D0FFE1FE}.Debug|x86.ActiveCfg = Debug|Any CPU
		{B09661C2-82A6-4D16-B4FD-7B23D0FFE1FE}.Debug|x86.Build.0 = Debug|Any CPU
		{B09661C2-82A6-4D16-B4FD-7B23D0FFE1FE}.Debug|x86.Deploy.0 = Debug|Any CPU
		{B09661C2-82A6-4D16-B4FD-7B23D0FFE1FE}.Release|Any CPU.ActiveCfg = Release|Any CPU
		{B09661C2-82A6-4D16-B4FD-7B23D0FFE1FE}.Release|Any CPU.Build.0 = Release|Any CPU
		{B09661C2-82A6-4D16-B4FD-7B23D0FFE1FE}.Release|Any CPU.Deploy.0 = Release|Any CPU
		{B09661C2-82A6-4D16-B4FD-7B23D0FFE1FE}.Release|ARM.ActiveCfg = Release|Any CPU
		{B09661C2-82A6-4D16-B4FD-7B23D0FFE1FE}.Release|ARM.Build.0 = Release|Any CPU
		{B09661C2-82A6-4D16-B4FD-7B23D0FFE1FE}.Release|ARM.Deploy.0 = Release|Any CPU
		{B09661C2-82A6-4D16-B4FD-7B23D0FFE1FE}.Release|iPhone.ActiveCfg = Release|Any CPU
		{B09661C2-82A6-4D16-B4FD-7B23D0FFE1FE}.Release|iPhone.Build.0 = Release|Any CPU
		{B09661C2-82A6-4D16-B4FD-7B23D0FFE1FE}.Release|iPhone.Deploy.0 = Release|Any CPU
		{B09661C2-82A6-4D16-B4FD-7B23D0FFE1FE}.Release|iPhoneSimulator.ActiveCfg = Release|Any CPU
		{B09661C2-82A6-4D16-B4FD-7B23D0FFE1FE}.Release|iPhoneSimulator.Build.0 = Release|Any CPU
		{B09661C2-82A6-4D16-B4FD-7B23D0FFE1FE}.Release|iPhoneSimulator.Deploy.0 = Release|Any CPU
		{B09661C2-82A6-4D16-B4FD-7B23D0FFE1FE}.Release|Mixed Platforms.ActiveCfg = Release|Any CPU
		{B09661C2-82A6-4D16-B4FD-7B23D0FFE1FE}.Release|Mixed Platforms.Build.0 = Release|Any CPU
		{B09661C2-82A6-4D16-B4FD-7B23D0FFE1FE}.Release|Mixed Platforms.Deploy.0 = Release|Any CPU
		{B09661C2-82A6-4D16-B4FD-7B23D0FFE1FE}.Release|x64.ActiveCfg = Release|Any CPU
		{B09661C2-82A6-4D16-B4FD-7B23D0FFE1FE}.Release|x64.Build.0 = Release|Any CPU
		{B09661C2-82A6-4D16-B4FD-7B23D0FFE1FE}.Release|x64.Deploy.0 = Release|Any CPU
		{B09661C2-82A6-4D16-B4FD-7B23D0FFE1FE}.Release|x86.ActiveCfg = Release|Any CPU
		{B09661C2-82A6-4D16-B4FD-7B23D0FFE1FE}.Release|x86.Build.0 = Release|Any CPU
		{B09661C2-82A6-4D16-B4FD-7B23D0FFE1FE}.Release|x86.Deploy.0 = Release|Any CPU
		{B09661C2-82A6-4D16-B4FD-7B23D0FFE1FE}.XTC|Any CPU.ActiveCfg = XTC|Any CPU
		{B09661C2-82A6-4D16-B4FD-7B23D0FFE1FE}.XTC|Any CPU.Build.0 = XTC|Any CPU
		{B09661C2-82A6-4D16-B4FD-7B23D0FFE1FE}.XTC|Any CPU.Deploy.0 = XTC|Any CPU
		{B09661C2-82A6-4D16-B4FD-7B23D0FFE1FE}.XTC|ARM.ActiveCfg = XTC|Any CPU
		{B09661C2-82A6-4D16-B4FD-7B23D0FFE1FE}.XTC|ARM.Build.0 = XTC|Any CPU
		{B09661C2-82A6-4D16-B4FD-7B23D0FFE1FE}.XTC|ARM.Deploy.0 = XTC|Any CPU
		{B09661C2-82A6-4D16-B4FD-7B23D0FFE1FE}.XTC|iPhone.ActiveCfg = XTC|Any CPU
		{B09661C2-82A6-4D16-B4FD-7B23D0FFE1FE}.XTC|iPhone.Build.0 = XTC|Any CPU
		{B09661C2-82A6-4D16-B4FD-7B23D0FFE1FE}.XTC|iPhone.Deploy.0 = XTC|Any CPU
		{B09661C2-82A6-4D16-B4FD-7B23D0FFE1FE}.XTC|iPhoneSimulator.ActiveCfg = XTC|Any CPU
		{B09661C2-82A6-4D16-B4FD-7B23D0FFE1FE}.XTC|iPhoneSimulator.Build.0 = XTC|Any CPU
		{B09661C2-82A6-4D16-B4FD-7B23D0FFE1FE}.XTC|iPhoneSimulator.Deploy.0 = XTC|Any CPU
		{B09661C2-82A6-4D16-B4FD-7B23D0FFE1FE}.XTC|Mixed Platforms.ActiveCfg = XTC|Any CPU
		{B09661C2-82A6-4D16-B4FD-7B23D0FFE1FE}.XTC|Mixed Platforms.Build.0 = XTC|Any CPU
		{B09661C2-82A6-4D16-B4FD-7B23D0FFE1FE}.XTC|Mixed Platforms.Deploy.0 = XTC|Any CPU
		{B09661C2-82A6-4D16-B4FD-7B23D0FFE1FE}.XTC|x64.ActiveCfg = XTC|Any CPU
		{B09661C2-82A6-4D16-B4FD-7B23D0FFE1FE}.XTC|x64.Build.0 = XTC|Any CPU
		{B09661C2-82A6-4D16-B4FD-7B23D0FFE1FE}.XTC|x64.Deploy.0 = XTC|Any CPU
		{B09661C2-82A6-4D16-B4FD-7B23D0FFE1FE}.XTC|x86.ActiveCfg = XTC|Any CPU
		{B09661C2-82A6-4D16-B4FD-7B23D0FFE1FE}.XTC|x86.Build.0 = XTC|Any CPU
		{B09661C2-82A6-4D16-B4FD-7B23D0FFE1FE}.XTC|x86.Deploy.0 = XTC|Any CPU
		{29B6B823-6639-4942-9723-0075BBEF7C69}.AppStore|Any CPU.ActiveCfg = Release|Any CPU
		{29B6B823-6639-4942-9723-0075BBEF7C69}.AppStore|Any CPU.Build.0 = Release|Any CPU
		{29B6B823-6639-4942-9723-0075BBEF7C69}.AppStore|ARM.ActiveCfg = Release|Any CPU
		{29B6B823-6639-4942-9723-0075BBEF7C69}.AppStore|ARM.Build.0 = Release|Any CPU
		{29B6B823-6639-4942-9723-0075BBEF7C69}.AppStore|iPhone.ActiveCfg = Release|Any CPU
		{29B6B823-6639-4942-9723-0075BBEF7C69}.AppStore|iPhone.Build.0 = Release|Any CPU
		{29B6B823-6639-4942-9723-0075BBEF7C69}.AppStore|iPhoneSimulator.ActiveCfg = Release|Any CPU
		{29B6B823-6639-4942-9723-0075BBEF7C69}.AppStore|iPhoneSimulator.Build.0 = Release|Any CPU
		{29B6B823-6639-4942-9723-0075BBEF7C69}.AppStore|Mixed Platforms.ActiveCfg = Release|Any CPU
		{29B6B823-6639-4942-9723-0075BBEF7C69}.AppStore|Mixed Platforms.Build.0 = Release|Any CPU
		{29B6B823-6639-4942-9723-0075BBEF7C69}.AppStore|x64.ActiveCfg = Release|Any CPU
		{29B6B823-6639-4942-9723-0075BBEF7C69}.AppStore|x64.Build.0 = Release|Any CPU
		{29B6B823-6639-4942-9723-0075BBEF7C69}.AppStore|x86.ActiveCfg = Release|Any CPU
		{29B6B823-6639-4942-9723-0075BBEF7C69}.AppStore|x86.Build.0 = Release|Any CPU
		{29B6B823-6639-4942-9723-0075BBEF7C69}.Debug|Any CPU.ActiveCfg = Debug|Any CPU
		{29B6B823-6639-4942-9723-0075BBEF7C69}.Debug|Any CPU.Build.0 = Debug|Any CPU
		{29B6B823-6639-4942-9723-0075BBEF7C69}.Debug|ARM.ActiveCfg = Debug|Any CPU
		{29B6B823-6639-4942-9723-0075BBEF7C69}.Debug|ARM.Build.0 = Debug|Any CPU
		{29B6B823-6639-4942-9723-0075BBEF7C69}.Debug|iPhone.ActiveCfg = Debug|Any CPU
		{29B6B823-6639-4942-9723-0075BBEF7C69}.Debug|iPhone.Build.0 = Debug|Any CPU
		{29B6B823-6639-4942-9723-0075BBEF7C69}.Debug|iPhoneSimulator.ActiveCfg = Debug|Any CPU
		{29B6B823-6639-4942-9723-0075BBEF7C69}.Debug|iPhoneSimulator.Build.0 = Debug|Any CPU
		{29B6B823-6639-4942-9723-0075BBEF7C69}.Debug|Mixed Platforms.ActiveCfg = Debug|Any CPU
		{29B6B823-6639-4942-9723-0075BBEF7C69}.Debug|Mixed Platforms.Build.0 = Debug|Any CPU
		{29B6B823-6639-4942-9723-0075BBEF7C69}.Debug|x64.ActiveCfg = Debug|Any CPU
		{29B6B823-6639-4942-9723-0075BBEF7C69}.Debug|x64.Build.0 = Debug|Any CPU
		{29B6B823-6639-4942-9723-0075BBEF7C69}.Debug|x86.ActiveCfg = Debug|Any CPU
		{29B6B823-6639-4942-9723-0075BBEF7C69}.Debug|x86.Build.0 = Debug|Any CPU
		{29B6B823-6639-4942-9723-0075BBEF7C69}.Release|Any CPU.ActiveCfg = Release|Any CPU
		{29B6B823-6639-4942-9723-0075BBEF7C69}.Release|Any CPU.Build.0 = Release|Any CPU
		{29B6B823-6639-4942-9723-0075BBEF7C69}.Release|ARM.ActiveCfg = Release|Any CPU
		{29B6B823-6639-4942-9723-0075BBEF7C69}.Release|ARM.Build.0 = Release|Any CPU
		{29B6B823-6639-4942-9723-0075BBEF7C69}.Release|iPhone.ActiveCfg = Release|Any CPU
		{29B6B823-6639-4942-9723-0075BBEF7C69}.Release|iPhone.Build.0 = Release|Any CPU
		{29B6B823-6639-4942-9723-0075BBEF7C69}.Release|iPhoneSimulator.ActiveCfg = Release|Any CPU
		{29B6B823-6639-4942-9723-0075BBEF7C69}.Release|iPhoneSimulator.Build.0 = Release|Any CPU
		{29B6B823-6639-4942-9723-0075BBEF7C69}.Release|Mixed Platforms.ActiveCfg = Release|Any CPU
		{29B6B823-6639-4942-9723-0075BBEF7C69}.Release|Mixed Platforms.Build.0 = Release|Any CPU
		{29B6B823-6639-4942-9723-0075BBEF7C69}.Release|x64.ActiveCfg = Release|Any CPU
		{29B6B823-6639-4942-9723-0075BBEF7C69}.Release|x64.Build.0 = Release|Any CPU
		{29B6B823-6639-4942-9723-0075BBEF7C69}.Release|x86.ActiveCfg = Release|Any CPU
		{29B6B823-6639-4942-9723-0075BBEF7C69}.Release|x86.Build.0 = Release|Any CPU
		{29B6B823-6639-4942-9723-0075BBEF7C69}.XTC|Any CPU.ActiveCfg = XTC|Any CPU
		{29B6B823-6639-4942-9723-0075BBEF7C69}.XTC|Any CPU.Build.0 = XTC|Any CPU
		{29B6B823-6639-4942-9723-0075BBEF7C69}.XTC|ARM.ActiveCfg = XTC|Any CPU
		{29B6B823-6639-4942-9723-0075BBEF7C69}.XTC|ARM.Build.0 = XTC|Any CPU
		{29B6B823-6639-4942-9723-0075BBEF7C69}.XTC|iPhone.ActiveCfg = XTC|Any CPU
		{29B6B823-6639-4942-9723-0075BBEF7C69}.XTC|iPhone.Build.0 = XTC|Any CPU
		{29B6B823-6639-4942-9723-0075BBEF7C69}.XTC|iPhoneSimulator.ActiveCfg = XTC|Any CPU
		{29B6B823-6639-4942-9723-0075BBEF7C69}.XTC|iPhoneSimulator.Build.0 = XTC|Any CPU
		{29B6B823-6639-4942-9723-0075BBEF7C69}.XTC|Mixed Platforms.ActiveCfg = XTC|Any CPU
		{29B6B823-6639-4942-9723-0075BBEF7C69}.XTC|Mixed Platforms.Build.0 = XTC|Any CPU
		{29B6B823-6639-4942-9723-0075BBEF7C69}.XTC|x64.ActiveCfg = XTC|Any CPU
		{29B6B823-6639-4942-9723-0075BBEF7C69}.XTC|x64.Build.0 = XTC|Any CPU
		{29B6B823-6639-4942-9723-0075BBEF7C69}.XTC|x86.ActiveCfg = XTC|Any CPU
		{29B6B823-6639-4942-9723-0075BBEF7C69}.XTC|x86.Build.0 = XTC|Any CPU
		{9A377DF7-3E28-4B4B-8BD2-61416F7AEA1F}.AppStore|Any CPU.ActiveCfg = Release|Any CPU
		{9A377DF7-3E28-4B4B-8BD2-61416F7AEA1F}.AppStore|Any CPU.Build.0 = Release|Any CPU
		{9A377DF7-3E28-4B4B-8BD2-61416F7AEA1F}.AppStore|ARM.ActiveCfg = Release|Any CPU
		{9A377DF7-3E28-4B4B-8BD2-61416F7AEA1F}.AppStore|ARM.Build.0 = Release|Any CPU
		{9A377DF7-3E28-4B4B-8BD2-61416F7AEA1F}.AppStore|iPhone.ActiveCfg = Release|Any CPU
		{9A377DF7-3E28-4B4B-8BD2-61416F7AEA1F}.AppStore|iPhone.Build.0 = Release|Any CPU
		{9A377DF7-3E28-4B4B-8BD2-61416F7AEA1F}.AppStore|iPhoneSimulator.ActiveCfg = Release|Any CPU
		{9A377DF7-3E28-4B4B-8BD2-61416F7AEA1F}.AppStore|iPhoneSimulator.Build.0 = Release|Any CPU
		{9A377DF7-3E28-4B4B-8BD2-61416F7AEA1F}.AppStore|Mixed Platforms.ActiveCfg = Release|Any CPU
		{9A377DF7-3E28-4B4B-8BD2-61416F7AEA1F}.AppStore|Mixed Platforms.Build.0 = Release|Any CPU
		{9A377DF7-3E28-4B4B-8BD2-61416F7AEA1F}.AppStore|x64.ActiveCfg = Release|Any CPU
		{9A377DF7-3E28-4B4B-8BD2-61416F7AEA1F}.AppStore|x64.Build.0 = Release|Any CPU
		{9A377DF7-3E28-4B4B-8BD2-61416F7AEA1F}.AppStore|x86.ActiveCfg = Release|Any CPU
		{9A377DF7-3E28-4B4B-8BD2-61416F7AEA1F}.AppStore|x86.Build.0 = Release|Any CPU
		{9A377DF7-3E28-4B4B-8BD2-61416F7AEA1F}.Debug|Any CPU.ActiveCfg = Debug|Any CPU
		{9A377DF7-3E28-4B4B-8BD2-61416F7AEA1F}.Debug|Any CPU.Build.0 = Debug|Any CPU
		{9A377DF7-3E28-4B4B-8BD2-61416F7AEA1F}.Debug|ARM.ActiveCfg = Debug|Any CPU
		{9A377DF7-3E28-4B4B-8BD2-61416F7AEA1F}.Debug|ARM.Build.0 = Debug|Any CPU
		{9A377DF7-3E28-4B4B-8BD2-61416F7AEA1F}.Debug|iPhone.ActiveCfg = Debug|Any CPU
		{9A377DF7-3E28-4B4B-8BD2-61416F7AEA1F}.Debug|iPhone.Build.0 = Debug|Any CPU
		{9A377DF7-3E28-4B4B-8BD2-61416F7AEA1F}.Debug|iPhoneSimulator.ActiveCfg = Debug|Any CPU
		{9A377DF7-3E28-4B4B-8BD2-61416F7AEA1F}.Debug|iPhoneSimulator.Build.0 = Debug|Any CPU
		{9A377DF7-3E28-4B4B-8BD2-61416F7AEA1F}.Debug|Mixed Platforms.ActiveCfg = Debug|Any CPU
		{9A377DF7-3E28-4B4B-8BD2-61416F7AEA1F}.Debug|Mixed Platforms.Build.0 = Debug|Any CPU
		{9A377DF7-3E28-4B4B-8BD2-61416F7AEA1F}.Debug|x64.ActiveCfg = Debug|Any CPU
		{9A377DF7-3E28-4B4B-8BD2-61416F7AEA1F}.Debug|x64.Build.0 = Debug|Any CPU
		{9A377DF7-3E28-4B4B-8BD2-61416F7AEA1F}.Debug|x86.ActiveCfg = Debug|Any CPU
		{9A377DF7-3E28-4B4B-8BD2-61416F7AEA1F}.Debug|x86.Build.0 = Debug|Any CPU
		{9A377DF7-3E28-4B4B-8BD2-61416F7AEA1F}.Release|Any CPU.ActiveCfg = Release|Any CPU
		{9A377DF7-3E28-4B4B-8BD2-61416F7AEA1F}.Release|Any CPU.Build.0 = Release|Any CPU
		{9A377DF7-3E28-4B4B-8BD2-61416F7AEA1F}.Release|ARM.ActiveCfg = Release|Any CPU
		{9A377DF7-3E28-4B4B-8BD2-61416F7AEA1F}.Release|ARM.Build.0 = Release|Any CPU
		{9A377DF7-3E28-4B4B-8BD2-61416F7AEA1F}.Release|iPhone.ActiveCfg = Release|Any CPU
		{9A377DF7-3E28-4B4B-8BD2-61416F7AEA1F}.Release|iPhone.Build.0 = Release|Any CPU
		{9A377DF7-3E28-4B4B-8BD2-61416F7AEA1F}.Release|iPhoneSimulator.ActiveCfg = Release|Any CPU
		{9A377DF7-3E28-4B4B-8BD2-61416F7AEA1F}.Release|iPhoneSimulator.Build.0 = Release|Any CPU
		{9A377DF7-3E28-4B4B-8BD2-61416F7AEA1F}.Release|Mixed Platforms.ActiveCfg = Release|Any CPU
		{9A377DF7-3E28-4B4B-8BD2-61416F7AEA1F}.Release|Mixed Platforms.Build.0 = Release|Any CPU
		{9A377DF7-3E28-4B4B-8BD2-61416F7AEA1F}.Release|x64.ActiveCfg = Release|Any CPU
		{9A377DF7-3E28-4B4B-8BD2-61416F7AEA1F}.Release|x64.Build.0 = Release|Any CPU
		{9A377DF7-3E28-4B4B-8BD2-61416F7AEA1F}.Release|x86.ActiveCfg = Release|Any CPU
		{9A377DF7-3E28-4B4B-8BD2-61416F7AEA1F}.Release|x86.Build.0 = Release|Any CPU
		{9A377DF7-3E28-4B4B-8BD2-61416F7AEA1F}.XTC|Any CPU.ActiveCfg = Debug|Any CPU
		{9A377DF7-3E28-4B4B-8BD2-61416F7AEA1F}.XTC|Any CPU.Build.0 = Debug|Any CPU
		{9A377DF7-3E28-4B4B-8BD2-61416F7AEA1F}.XTC|ARM.ActiveCfg = Debug|Any CPU
		{9A377DF7-3E28-4B4B-8BD2-61416F7AEA1F}.XTC|ARM.Build.0 = Debug|Any CPU
		{9A377DF7-3E28-4B4B-8BD2-61416F7AEA1F}.XTC|iPhone.ActiveCfg = Debug|Any CPU
		{9A377DF7-3E28-4B4B-8BD2-61416F7AEA1F}.XTC|iPhone.Build.0 = Debug|Any CPU
		{9A377DF7-3E28-4B4B-8BD2-61416F7AEA1F}.XTC|iPhoneSimulator.ActiveCfg = Debug|Any CPU
		{9A377DF7-3E28-4B4B-8BD2-61416F7AEA1F}.XTC|iPhoneSimulator.Build.0 = Debug|Any CPU
		{9A377DF7-3E28-4B4B-8BD2-61416F7AEA1F}.XTC|Mixed Platforms.ActiveCfg = Debug|Any CPU
		{9A377DF7-3E28-4B4B-8BD2-61416F7AEA1F}.XTC|Mixed Platforms.Build.0 = Debug|Any CPU
		{9A377DF7-3E28-4B4B-8BD2-61416F7AEA1F}.XTC|x64.ActiveCfg = Debug|Any CPU
		{9A377DF7-3E28-4B4B-8BD2-61416F7AEA1F}.XTC|x64.Build.0 = Debug|Any CPU
		{9A377DF7-3E28-4B4B-8BD2-61416F7AEA1F}.XTC|x86.ActiveCfg = Debug|Any CPU
		{9A377DF7-3E28-4B4B-8BD2-61416F7AEA1F}.XTC|x86.Build.0 = Debug|Any CPU
		{7A88DA9B-A374-4DE2-B46E-ED2C45434508}.AppStore|Any CPU.ActiveCfg = Release|Any CPU
		{7A88DA9B-A374-4DE2-B46E-ED2C45434508}.AppStore|Any CPU.Build.0 = Release|Any CPU
		{7A88DA9B-A374-4DE2-B46E-ED2C45434508}.AppStore|ARM.ActiveCfg = Release|Any CPU
		{7A88DA9B-A374-4DE2-B46E-ED2C45434508}.AppStore|ARM.Build.0 = Release|Any CPU
		{7A88DA9B-A374-4DE2-B46E-ED2C45434508}.AppStore|iPhone.ActiveCfg = Release|Any CPU
		{7A88DA9B-A374-4DE2-B46E-ED2C45434508}.AppStore|iPhone.Build.0 = Release|Any CPU
		{7A88DA9B-A374-4DE2-B46E-ED2C45434508}.AppStore|iPhoneSimulator.ActiveCfg = Release|Any CPU
		{7A88DA9B-A374-4DE2-B46E-ED2C45434508}.AppStore|iPhoneSimulator.Build.0 = Release|Any CPU
		{7A88DA9B-A374-4DE2-B46E-ED2C45434508}.AppStore|Mixed Platforms.ActiveCfg = Release|Any CPU
		{7A88DA9B-A374-4DE2-B46E-ED2C45434508}.AppStore|Mixed Platforms.Build.0 = Release|Any CPU
		{7A88DA9B-A374-4DE2-B46E-ED2C45434508}.AppStore|x64.ActiveCfg = Release|Any CPU
		{7A88DA9B-A374-4DE2-B46E-ED2C45434508}.AppStore|x64.Build.0 = Release|Any CPU
		{7A88DA9B-A374-4DE2-B46E-ED2C45434508}.AppStore|x86.ActiveCfg = Release|Any CPU
		{7A88DA9B-A374-4DE2-B46E-ED2C45434508}.AppStore|x86.Build.0 = Release|Any CPU
		{7A88DA9B-A374-4DE2-B46E-ED2C45434508}.Debug|Any CPU.ActiveCfg = Debug|Any CPU
		{7A88DA9B-A374-4DE2-B46E-ED2C45434508}.Debug|Any CPU.Build.0 = Debug|Any CPU
		{7A88DA9B-A374-4DE2-B46E-ED2C45434508}.Debug|ARM.ActiveCfg = Debug|Any CPU
		{7A88DA9B-A374-4DE2-B46E-ED2C45434508}.Debug|ARM.Build.0 = Debug|Any CPU
		{7A88DA9B-A374-4DE2-B46E-ED2C45434508}.Debug|iPhone.ActiveCfg = Debug|Any CPU
		{7A88DA9B-A374-4DE2-B46E-ED2C45434508}.Debug|iPhone.Build.0 = Debug|Any CPU
		{7A88DA9B-A374-4DE2-B46E-ED2C45434508}.Debug|iPhoneSimulator.ActiveCfg = Debug|Any CPU
		{7A88DA9B-A374-4DE2-B46E-ED2C45434508}.Debug|iPhoneSimulator.Build.0 = Debug|Any CPU
		{7A88DA9B-A374-4DE2-B46E-ED2C45434508}.Debug|Mixed Platforms.ActiveCfg = Debug|Any CPU
		{7A88DA9B-A374-4DE2-B46E-ED2C45434508}.Debug|Mixed Platforms.Build.0 = Debug|Any CPU
		{7A88DA9B-A374-4DE2-B46E-ED2C45434508}.Debug|x64.ActiveCfg = Debug|Any CPU
		{7A88DA9B-A374-4DE2-B46E-ED2C45434508}.Debug|x64.Build.0 = Debug|Any CPU
		{7A88DA9B-A374-4DE2-B46E-ED2C45434508}.Debug|x86.ActiveCfg = Debug|Any CPU
		{7A88DA9B-A374-4DE2-B46E-ED2C45434508}.Debug|x86.Build.0 = Debug|Any CPU
		{7A88DA9B-A374-4DE2-B46E-ED2C45434508}.Release|Any CPU.ActiveCfg = Release|Any CPU
		{7A88DA9B-A374-4DE2-B46E-ED2C45434508}.Release|Any CPU.Build.0 = Release|Any CPU
		{7A88DA9B-A374-4DE2-B46E-ED2C45434508}.Release|ARM.ActiveCfg = Release|Any CPU
		{7A88DA9B-A374-4DE2-B46E-ED2C45434508}.Release|ARM.Build.0 = Release|Any CPU
		{7A88DA9B-A374-4DE2-B46E-ED2C45434508}.Release|iPhone.ActiveCfg = Release|Any CPU
		{7A88DA9B-A374-4DE2-B46E-ED2C45434508}.Release|iPhone.Build.0 = Release|Any CPU
		{7A88DA9B-A374-4DE2-B46E-ED2C45434508}.Release|iPhoneSimulator.ActiveCfg = Release|Any CPU
		{7A88DA9B-A374-4DE2-B46E-ED2C45434508}.Release|iPhoneSimulator.Build.0 = Release|Any CPU
		{7A88DA9B-A374-4DE2-B46E-ED2C45434508}.Release|Mixed Platforms.ActiveCfg = Release|Any CPU
		{7A88DA9B-A374-4DE2-B46E-ED2C45434508}.Release|Mixed Platforms.Build.0 = Release|Any CPU
		{7A88DA9B-A374-4DE2-B46E-ED2C45434508}.Release|x64.ActiveCfg = Release|Any CPU
		{7A88DA9B-A374-4DE2-B46E-ED2C45434508}.Release|x64.Build.0 = Release|Any CPU
		{7A88DA9B-A374-4DE2-B46E-ED2C45434508}.Release|x86.ActiveCfg = Release|Any CPU
		{7A88DA9B-A374-4DE2-B46E-ED2C45434508}.Release|x86.Build.0 = Release|Any CPU
		{7A88DA9B-A374-4DE2-B46E-ED2C45434508}.XTC|Any CPU.ActiveCfg = XTC|Any CPU
		{7A88DA9B-A374-4DE2-B46E-ED2C45434508}.XTC|Any CPU.Build.0 = XTC|Any CPU
		{7A88DA9B-A374-4DE2-B46E-ED2C45434508}.XTC|ARM.ActiveCfg = XTC|Any CPU
		{7A88DA9B-A374-4DE2-B46E-ED2C45434508}.XTC|ARM.Build.0 = XTC|Any CPU
		{7A88DA9B-A374-4DE2-B46E-ED2C45434508}.XTC|iPhone.ActiveCfg = XTC|Any CPU
		{7A88DA9B-A374-4DE2-B46E-ED2C45434508}.XTC|iPhone.Build.0 = XTC|Any CPU
		{7A88DA9B-A374-4DE2-B46E-ED2C45434508}.XTC|iPhoneSimulator.ActiveCfg = XTC|Any CPU
		{7A88DA9B-A374-4DE2-B46E-ED2C45434508}.XTC|iPhoneSimulator.Build.0 = XTC|Any CPU
		{7A88DA9B-A374-4DE2-B46E-ED2C45434508}.XTC|Mixed Platforms.ActiveCfg = XTC|Any CPU
		{7A88DA9B-A374-4DE2-B46E-ED2C45434508}.XTC|Mixed Platforms.Build.0 = XTC|Any CPU
		{7A88DA9B-A374-4DE2-B46E-ED2C45434508}.XTC|x64.ActiveCfg = XTC|Any CPU
		{7A88DA9B-A374-4DE2-B46E-ED2C45434508}.XTC|x64.Build.0 = XTC|Any CPU
		{7A88DA9B-A374-4DE2-B46E-ED2C45434508}.XTC|x86.ActiveCfg = XTC|Any CPU
		{7A88DA9B-A374-4DE2-B46E-ED2C45434508}.XTC|x86.Build.0 = XTC|Any CPU
		{8B136D60-8E68-4871-BF25-52E27C61E8E9}.AppStore|Any CPU.ActiveCfg = Release|Any CPU
		{8B136D60-8E68-4871-BF25-52E27C61E8E9}.AppStore|Any CPU.Build.0 = Release|Any CPU
		{8B136D60-8E68-4871-BF25-52E27C61E8E9}.AppStore|ARM.ActiveCfg = Release|Any CPU
		{8B136D60-8E68-4871-BF25-52E27C61E8E9}.AppStore|ARM.Build.0 = Release|Any CPU
		{8B136D60-8E68-4871-BF25-52E27C61E8E9}.AppStore|iPhone.ActiveCfg = Release|Any CPU
		{8B136D60-8E68-4871-BF25-52E27C61E8E9}.AppStore|iPhone.Build.0 = Release|Any CPU
		{8B136D60-8E68-4871-BF25-52E27C61E8E9}.AppStore|iPhoneSimulator.ActiveCfg = Release|Any CPU
		{8B136D60-8E68-4871-BF25-52E27C61E8E9}.AppStore|iPhoneSimulator.Build.0 = Release|Any CPU
		{8B136D60-8E68-4871-BF25-52E27C61E8E9}.AppStore|Mixed Platforms.ActiveCfg = Release|Any CPU
		{8B136D60-8E68-4871-BF25-52E27C61E8E9}.AppStore|Mixed Platforms.Build.0 = Release|Any CPU
		{8B136D60-8E68-4871-BF25-52E27C61E8E9}.AppStore|x64.ActiveCfg = Release|Any CPU
		{8B136D60-8E68-4871-BF25-52E27C61E8E9}.AppStore|x64.Build.0 = Release|Any CPU
		{8B136D60-8E68-4871-BF25-52E27C61E8E9}.AppStore|x86.ActiveCfg = Release|Any CPU
		{8B136D60-8E68-4871-BF25-52E27C61E8E9}.AppStore|x86.Build.0 = Release|Any CPU
		{8B136D60-8E68-4871-BF25-52E27C61E8E9}.Debug|Any CPU.ActiveCfg = Debug|Any CPU
		{8B136D60-8E68-4871-BF25-52E27C61E8E9}.Debug|Any CPU.Build.0 = Debug|Any CPU
		{8B136D60-8E68-4871-BF25-52E27C61E8E9}.Debug|ARM.ActiveCfg = Debug|Any CPU
		{8B136D60-8E68-4871-BF25-52E27C61E8E9}.Debug|ARM.Build.0 = Debug|Any CPU
		{8B136D60-8E68-4871-BF25-52E27C61E8E9}.Debug|iPhone.ActiveCfg = Debug|Any CPU
		{8B136D60-8E68-4871-BF25-52E27C61E8E9}.Debug|iPhone.Build.0 = Debug|Any CPU
		{8B136D60-8E68-4871-BF25-52E27C61E8E9}.Debug|iPhoneSimulator.ActiveCfg = Debug|Any CPU
		{8B136D60-8E68-4871-BF25-52E27C61E8E9}.Debug|iPhoneSimulator.Build.0 = Debug|Any CPU
		{8B136D60-8E68-4871-BF25-52E27C61E8E9}.Debug|Mixed Platforms.ActiveCfg = Debug|Any CPU
		{8B136D60-8E68-4871-BF25-52E27C61E8E9}.Debug|Mixed Platforms.Build.0 = Debug|Any CPU
		{8B136D60-8E68-4871-BF25-52E27C61E8E9}.Debug|x64.ActiveCfg = Debug|Any CPU
		{8B136D60-8E68-4871-BF25-52E27C61E8E9}.Debug|x64.Build.0 = Debug|Any CPU
		{8B136D60-8E68-4871-BF25-52E27C61E8E9}.Debug|x86.ActiveCfg = Debug|Any CPU
		{8B136D60-8E68-4871-BF25-52E27C61E8E9}.Debug|x86.Build.0 = Debug|Any CPU
		{8B136D60-8E68-4871-BF25-52E27C61E8E9}.Release|Any CPU.ActiveCfg = Release|Any CPU
		{8B136D60-8E68-4871-BF25-52E27C61E8E9}.Release|Any CPU.Build.0 = Release|Any CPU
		{8B136D60-8E68-4871-BF25-52E27C61E8E9}.Release|ARM.ActiveCfg = Release|Any CPU
		{8B136D60-8E68-4871-BF25-52E27C61E8E9}.Release|ARM.Build.0 = Release|Any CPU
		{8B136D60-8E68-4871-BF25-52E27C61E8E9}.Release|iPhone.ActiveCfg = Release|Any CPU
		{8B136D60-8E68-4871-BF25-52E27C61E8E9}.Release|iPhone.Build.0 = Release|Any CPU
		{8B136D60-8E68-4871-BF25-52E27C61E8E9}.Release|iPhoneSimulator.ActiveCfg = Release|Any CPU
		{8B136D60-8E68-4871-BF25-52E27C61E8E9}.Release|iPhoneSimulator.Build.0 = Release|Any CPU
		{8B136D60-8E68-4871-BF25-52E27C61E8E9}.Release|Mixed Platforms.ActiveCfg = Release|Any CPU
		{8B136D60-8E68-4871-BF25-52E27C61E8E9}.Release|Mixed Platforms.Build.0 = Release|Any CPU
		{8B136D60-8E68-4871-BF25-52E27C61E8E9}.Release|x64.ActiveCfg = Release|Any CPU
		{8B136D60-8E68-4871-BF25-52E27C61E8E9}.Release|x64.Build.0 = Release|Any CPU
		{8B136D60-8E68-4871-BF25-52E27C61E8E9}.Release|x86.ActiveCfg = Release|Any CPU
		{8B136D60-8E68-4871-BF25-52E27C61E8E9}.Release|x86.Build.0 = Release|Any CPU
		{8B136D60-8E68-4871-BF25-52E27C61E8E9}.XTC|Any CPU.ActiveCfg = XTC|Any CPU
		{8B136D60-8E68-4871-BF25-52E27C61E8E9}.XTC|Any CPU.Build.0 = XTC|Any CPU
		{8B136D60-8E68-4871-BF25-52E27C61E8E9}.XTC|ARM.ActiveCfg = XTC|Any CPU
		{8B136D60-8E68-4871-BF25-52E27C61E8E9}.XTC|ARM.Build.0 = XTC|Any CPU
		{8B136D60-8E68-4871-BF25-52E27C61E8E9}.XTC|iPhone.ActiveCfg = XTC|Any CPU
		{8B136D60-8E68-4871-BF25-52E27C61E8E9}.XTC|iPhone.Build.0 = XTC|Any CPU
		{8B136D60-8E68-4871-BF25-52E27C61E8E9}.XTC|iPhoneSimulator.ActiveCfg = XTC|Any CPU
		{8B136D60-8E68-4871-BF25-52E27C61E8E9}.XTC|iPhoneSimulator.Build.0 = XTC|Any CPU
		{8B136D60-8E68-4871-BF25-52E27C61E8E9}.XTC|Mixed Platforms.ActiveCfg = XTC|Any CPU
		{8B136D60-8E68-4871-BF25-52E27C61E8E9}.XTC|Mixed Platforms.Build.0 = XTC|Any CPU
		{8B136D60-8E68-4871-BF25-52E27C61E8E9}.XTC|x64.ActiveCfg = XTC|Any CPU
		{8B136D60-8E68-4871-BF25-52E27C61E8E9}.XTC|x64.Build.0 = XTC|Any CPU
		{8B136D60-8E68-4871-BF25-52E27C61E8E9}.XTC|x86.ActiveCfg = XTC|Any CPU
		{8B136D60-8E68-4871-BF25-52E27C61E8E9}.XTC|x86.Build.0 = XTC|Any CPU
	EndGlobalSection
	GlobalSection(SolutionProperties) = preSolution
		HideSolutionNode = FALSE
	EndGlobalSection
	GlobalSection(NestedProjects) = preSolution
		{649300CE-70EA-4606-983F-F4476FDD6C7E} = {98F8827C-12D8-4C8D-9D62-15889A483880}
		{E05FB3D8-372D-4FD3-84F3-1E908E3861B6} = {98F8827C-12D8-4C8D-9D62-15889A483880}
		{42F3D3DF-B854-4A5B-9C94-F3D823116AD5} = {98F8827C-12D8-4C8D-9D62-15889A483880}
		{BD4403C0-6CD5-4030-B1A3-7AD98B9B80CA} = {98F8827C-12D8-4C8D-9D62-15889A483880}
		{955B6F86-BB30-4BD6-A1AD-B192F89C1363} = {7D1FFE34-9A92-4875-84BC-DE9764B18E42}
		{CEF8CB82-B2BF-42D0-998C-8C50A4CA7AE6} = {3CE83CE0-11E9-4CE8-83CE-0EE6C6700B7F}
		{812692D4-C638-4FD1-AEA7-407824B134A6} = {3CE83CE0-11E9-4CE8-83CE-0EE6C6700B7F}
		{29B6B823-6639-4942-9723-0075BBEF7C69} = {98F8827C-12D8-4C8D-9D62-15889A483880}
		{9A377DF7-3E28-4B4B-8BD2-61416F7AEA1F} = {3CE83CE0-11E9-4CE8-83CE-0EE6C6700B7F}
		{7A88DA9B-A374-4DE2-B46E-ED2C45434508} = {3CE83CE0-11E9-4CE8-83CE-0EE6C6700B7F}
		{8B136D60-8E68-4871-BF25-52E27C61E8E9} = {3CE83CE0-11E9-4CE8-83CE-0EE6C6700B7F}
	EndGlobalSection
EndGlobal
