
Microsoft Visual Studio Solution File, Format Version 12.00
# Visual Studio 14
VisualStudioVersion = 14.0.24720.0
MinimumVisualStudioVersion = 10.0.40219.1
Project("{FAE04EC0-301F-11D3-BF4B-00C04F79EFBC}") = "MyTrips.iOS", "MyTrips\MyTrips.iOS\MyTrips.iOS.csproj", "{DE56E591-0655-43D7-A1B9-B3280F78B667}"
EndProject
Project("{FAE04EC0-301F-11D3-BF4B-00C04F79EFBC}") = "MyTrips", "MyTrips\MyTrips\MyTrips.csproj", "{A68CCCDA-E4A5-4128-920F-AC00ECB9E3E6}"
EndProject
Project("{FAE04EC0-301F-11D3-BF4B-00C04F79EFBC}") = "MyTrips.UWP", "MyTrips\MyTrips.UWP\MyTrips.UWP.csproj", "{219EDCA6-56BB-4EBD-AE46-C691F0AED767}"
EndProject
Project("{2150E333-8FDC-42A3-9474-1A3956D46DE8}") = "DataStores", "DataStores", "{98F8827C-12D8-4C8D-9D62-15889A483880}"
EndProject
Project("{FAE04EC0-301F-11D3-BF4B-00C04F79EFBC}") = "MyTrips.DataStore.Abstractions", "MyTrips\MyTrips.DataStore.Abstractions\MyTrips.DataStore.Abstractions.csproj", "{649300CE-70EA-4606-983F-F4476FDD6C7E}"
EndProject
Project("{FAE04EC0-301F-11D3-BF4B-00C04F79EFBC}") = "MyTrips.DataStore.Azure", "MyTrips\MyTrips.DataStore.Azure\MyTrips.DataStore.Azure.csproj", "{E05FB3D8-372D-4FD3-84F3-1E908E3861B6}"
EndProject
Project("{FAE04EC0-301F-11D3-BF4B-00C04F79EFBC}") = "MyTrips.DataStore.Mock", "MyTrips\MyTrips.DataStore.Mock\MyTrips.DataStore.Mock.csproj", "{42F3D3DF-B854-4A5B-9C94-F3D823116AD5}"
EndProject
Project("{2150E333-8FDC-42A3-9474-1A3956D46DE8}") = "DataObjects", "DataObjects", "{BF466FEF-28B4-418F-868F-12C287CBA2C9}"
EndProject
Project("{D954291E-2A0B-460D-934E-DC6B0785DB48}") = "MyTrips.DataObjects", "MyTrips\MyTrips.DataObjects\MyTrips.DataObjects.shproj", "{BD4403C0-6CD5-4030-B1A3-7AD98B9B80CA}"
EndProject
Project("{FAE04EC0-301F-11D3-BF4B-00C04F79EFBC}") = "MyTrips.Android", "MyTrips\MyTrips.Android\MyTrips.Android.csproj", "{B09661C2-82A6-4D16-B4FD-7B23D0FFE1FE}"
EndProject
Project("{2150E333-8FDC-42A3-9474-1A3956D46DE8}") = "Tests", "Tests", "{7D1FFE34-9A92-4875-84BC-DE9764B18E42}"
EndProject
Project("{FAE04EC0-301F-11D3-BF4B-00C04F79EFBC}") = "MyTrips.UITests", "MyTrips\MyTrips.UITests\MyTrips.UITests.csproj", "{955B6F86-BB30-4BD6-A1AD-B192F89C1363}"
EndProject
Project("{2150E333-8FDC-42A3-9474-1A3956D46DE8}") = "Utils", "Utils", "{3CE83CE0-11E9-4CE8-83CE-0EE6C6700B7F}"
EndProject
Project("{FAE04EC0-301F-11D3-BF4B-00C04F79EFBC}") = "MyTrips.Utils", "MyTrips\MyTrips.Utils\MyTrips.Utils.csproj", "{CEF8CB82-B2BF-42D0-998C-8C50A4CA7AE6}"
EndProject
Global
	GlobalSection(SharedMSBuildProjectFiles) = preSolution
		MyTrips\MyTrips.DataObjects\MyTrips.DataObjects.projitems*{bd4403c0-6cd5-4030-b1a3-7ad98b9b80ca}*SharedItemsImports = 13
		MyTrips\MyTrips.DataObjects\MyTrips.DataObjects.projitems*{649300ce-70ea-4606-983f-f4476fdd6c7e}*SharedItemsImports = 4
	EndGlobalSection
	GlobalSection(SolutionConfigurationPlatforms) = preSolution
		AppStore|Any CPU = AppStore|Any CPU
		AppStore|ARM = AppStore|ARM
		AppStore|iPhone = AppStore|iPhone
		AppStore|iPhoneSimulator = AppStore|iPhoneSimulator
		AppStore|x64 = AppStore|x64
		AppStore|x86 = AppStore|x86
		Debug|Any CPU = Debug|Any CPU
		Debug|ARM = Debug|ARM
		Debug|iPhone = Debug|iPhone
		Debug|iPhoneSimulator = Debug|iPhoneSimulator
		Debug|x64 = Debug|x64
		Debug|x86 = Debug|x86
		Release|Any CPU = Release|Any CPU
		Release|ARM = Release|ARM
		Release|iPhone = Release|iPhone
		Release|iPhoneSimulator = Release|iPhoneSimulator
		Release|x64 = Release|x64
		Release|x86 = Release|x86
	EndGlobalSection
	GlobalSection(ProjectConfigurationPlatforms) = postSolution
		{DE56E591-0655-43D7-A1B9-B3280F78B667}.AppStore|Any CPU.ActiveCfg = AppStore|iPhone
		{DE56E591-0655-43D7-A1B9-B3280F78B667}.AppStore|ARM.ActiveCfg = AppStore|iPhone
		{DE56E591-0655-43D7-A1B9-B3280F78B667}.AppStore|iPhone.ActiveCfg = AppStore|iPhone
		{DE56E591-0655-43D7-A1B9-B3280F78B667}.AppStore|iPhone.Build.0 = AppStore|iPhone
		{DE56E591-0655-43D7-A1B9-B3280F78B667}.AppStore|iPhoneSimulator.ActiveCfg = AppStore|iPhoneSimulator
		{DE56E591-0655-43D7-A1B9-B3280F78B667}.AppStore|iPhoneSimulator.Build.0 = AppStore|iPhoneSimulator
		{DE56E591-0655-43D7-A1B9-B3280F78B667}.AppStore|x64.ActiveCfg = AppStore|iPhone
		{DE56E591-0655-43D7-A1B9-B3280F78B667}.AppStore|x86.ActiveCfg = AppStore|iPhone
		{DE56E591-0655-43D7-A1B9-B3280F78B667}.Debug|Any CPU.ActiveCfg = Debug|iPhone
		{DE56E591-0655-43D7-A1B9-B3280F78B667}.Debug|ARM.ActiveCfg = Debug|iPhone
		{DE56E591-0655-43D7-A1B9-B3280F78B667}.Debug|iPhone.ActiveCfg = Debug|iPhone
		{DE56E591-0655-43D7-A1B9-B3280F78B667}.Debug|iPhone.Build.0 = Debug|iPhone
		{DE56E591-0655-43D7-A1B9-B3280F78B667}.Debug|iPhoneSimulator.ActiveCfg = Debug|iPhoneSimulator
		{DE56E591-0655-43D7-A1B9-B3280F78B667}.Debug|iPhoneSimulator.Build.0 = Debug|iPhoneSimulator
		{DE56E591-0655-43D7-A1B9-B3280F78B667}.Debug|x64.ActiveCfg = Debug|iPhone
		{DE56E591-0655-43D7-A1B9-B3280F78B667}.Debug|x86.ActiveCfg = Debug|iPhone
		{DE56E591-0655-43D7-A1B9-B3280F78B667}.Release|Any CPU.ActiveCfg = Release|iPhone
		{DE56E591-0655-43D7-A1B9-B3280F78B667}.Release|ARM.ActiveCfg = Release|iPhone
		{DE56E591-0655-43D7-A1B9-B3280F78B667}.Release|iPhone.ActiveCfg = Release|iPhone
		{DE56E591-0655-43D7-A1B9-B3280F78B667}.Release|iPhone.Build.0 = Release|iPhone
		{DE56E591-0655-43D7-A1B9-B3280F78B667}.Release|iPhoneSimulator.ActiveCfg = Release|iPhoneSimulator
		{DE56E591-0655-43D7-A1B9-B3280F78B667}.Release|iPhoneSimulator.Build.0 = Release|iPhoneSimulator
		{DE56E591-0655-43D7-A1B9-B3280F78B667}.Release|x64.ActiveCfg = Release|iPhone
		{DE56E591-0655-43D7-A1B9-B3280F78B667}.Release|x86.ActiveCfg = Release|iPhone
		{A68CCCDA-E4A5-4128-920F-AC00ECB9E3E6}.AppStore|Any CPU.ActiveCfg = Release|Any CPU
		{A68CCCDA-E4A5-4128-920F-AC00ECB9E3E6}.AppStore|Any CPU.Build.0 = Release|Any CPU
		{A68CCCDA-E4A5-4128-920F-AC00ECB9E3E6}.AppStore|ARM.ActiveCfg = Release|Any CPU
		{A68CCCDA-E4A5-4128-920F-AC00ECB9E3E6}.AppStore|ARM.Build.0 = Release|Any CPU
		{A68CCCDA-E4A5-4128-920F-AC00ECB9E3E6}.AppStore|iPhone.ActiveCfg = Release|Any CPU
		{A68CCCDA-E4A5-4128-920F-AC00ECB9E3E6}.AppStore|iPhone.Build.0 = Release|Any CPU
		{A68CCCDA-E4A5-4128-920F-AC00ECB9E3E6}.AppStore|iPhoneSimulator.ActiveCfg = Release|Any CPU
		{A68CCCDA-E4A5-4128-920F-AC00ECB9E3E6}.AppStore|iPhoneSimulator.Build.0 = Release|Any CPU
		{A68CCCDA-E4A5-4128-920F-AC00ECB9E3E6}.AppStore|x64.ActiveCfg = Release|Any CPU
		{A68CCCDA-E4A5-4128-920F-AC00ECB9E3E6}.AppStore|x64.Build.0 = Release|Any CPU
		{A68CCCDA-E4A5-4128-920F-AC00ECB9E3E6}.AppStore|x86.ActiveCfg = Release|Any CPU
		{A68CCCDA-E4A5-4128-920F-AC00ECB9E3E6}.AppStore|x86.Build.0 = Release|Any CPU
		{A68CCCDA-E4A5-4128-920F-AC00ECB9E3E6}.Debug|Any CPU.ActiveCfg = Debug|Any CPU
		{A68CCCDA-E4A5-4128-920F-AC00ECB9E3E6}.Debug|Any CPU.Build.0 = Debug|Any CPU
		{A68CCCDA-E4A5-4128-920F-AC00ECB9E3E6}.Debug|ARM.ActiveCfg = Debug|Any CPU
		{A68CCCDA-E4A5-4128-920F-AC00ECB9E3E6}.Debug|ARM.Build.0 = Debug|Any CPU
		{A68CCCDA-E4A5-4128-920F-AC00ECB9E3E6}.Debug|iPhone.ActiveCfg = Debug|Any CPU
		{A68CCCDA-E4A5-4128-920F-AC00ECB9E3E6}.Debug|iPhone.Build.0 = Debug|Any CPU
		{A68CCCDA-E4A5-4128-920F-AC00ECB9E3E6}.Debug|iPhoneSimulator.ActiveCfg = Debug|Any CPU
		{A68CCCDA-E4A5-4128-920F-AC00ECB9E3E6}.Debug|iPhoneSimulator.Build.0 = Debug|Any CPU
		{A68CCCDA-E4A5-4128-920F-AC00ECB9E3E6}.Debug|x64.ActiveCfg = Debug|Any CPU
		{A68CCCDA-E4A5-4128-920F-AC00ECB9E3E6}.Debug|x64.Build.0 = Debug|Any CPU
		{A68CCCDA-E4A5-4128-920F-AC00ECB9E3E6}.Debug|x86.ActiveCfg = Debug|Any CPU
		{A68CCCDA-E4A5-4128-920F-AC00ECB9E3E6}.Debug|x86.Build.0 = Debug|Any CPU
		{A68CCCDA-E4A5-4128-920F-AC00ECB9E3E6}.Release|Any CPU.ActiveCfg = Release|Any CPU
		{A68CCCDA-E4A5-4128-920F-AC00ECB9E3E6}.Release|Any CPU.Build.0 = Release|Any CPU
		{A68CCCDA-E4A5-4128-920F-AC00ECB9E3E6}.Release|ARM.ActiveCfg = Release|Any CPU
		{A68CCCDA-E4A5-4128-920F-AC00ECB9E3E6}.Release|ARM.Build.0 = Release|Any CPU
		{A68CCCDA-E4A5-4128-920F-AC00ECB9E3E6}.Release|iPhone.ActiveCfg = Release|Any CPU
		{A68CCCDA-E4A5-4128-920F-AC00ECB9E3E6}.Release|iPhone.Build.0 = Release|Any CPU
		{A68CCCDA-E4A5-4128-920F-AC00ECB9E3E6}.Release|iPhoneSimulator.ActiveCfg = Release|Any CPU
		{A68CCCDA-E4A5-4128-920F-AC00ECB9E3E6}.Release|iPhoneSimulator.Build.0 = Release|Any CPU
		{A68CCCDA-E4A5-4128-920F-AC00ECB9E3E6}.Release|x64.ActiveCfg = Release|Any CPU
		{A68CCCDA-E4A5-4128-920F-AC00ECB9E3E6}.Release|x64.Build.0 = Release|Any CPU
		{A68CCCDA-E4A5-4128-920F-AC00ECB9E3E6}.Release|x86.ActiveCfg = Release|Any CPU
		{A68CCCDA-E4A5-4128-920F-AC00ECB9E3E6}.Release|x86.Build.0 = Release|Any CPU
		{219EDCA6-56BB-4EBD-AE46-C691F0AED767}.AppStore|Any CPU.ActiveCfg = Release|x64
		{219EDCA6-56BB-4EBD-AE46-C691F0AED767}.AppStore|Any CPU.Build.0 = Release|x64
		{219EDCA6-56BB-4EBD-AE46-C691F0AED767}.AppStore|Any CPU.Deploy.0 = Release|x64
		{219EDCA6-56BB-4EBD-AE46-C691F0AED767}.AppStore|ARM.ActiveCfg = Release|ARM
		{219EDCA6-56BB-4EBD-AE46-C691F0AED767}.AppStore|ARM.Build.0 = Release|ARM
		{219EDCA6-56BB-4EBD-AE46-C691F0AED767}.AppStore|ARM.Deploy.0 = Release|ARM
		{219EDCA6-56BB-4EBD-AE46-C691F0AED767}.AppStore|iPhone.ActiveCfg = Release|x64
		{219EDCA6-56BB-4EBD-AE46-C691F0AED767}.AppStore|iPhone.Build.0 = Release|x64
		{219EDCA6-56BB-4EBD-AE46-C691F0AED767}.AppStore|iPhone.Deploy.0 = Release|x64
		{219EDCA6-56BB-4EBD-AE46-C691F0AED767}.AppStore|iPhoneSimulator.ActiveCfg = Release|x64
		{219EDCA6-56BB-4EBD-AE46-C691F0AED767}.AppStore|iPhoneSimulator.Build.0 = Release|x64
		{219EDCA6-56BB-4EBD-AE46-C691F0AED767}.AppStore|iPhoneSimulator.Deploy.0 = Release|x64
		{219EDCA6-56BB-4EBD-AE46-C691F0AED767}.AppStore|x64.ActiveCfg = Release|x64
		{219EDCA6-56BB-4EBD-AE46-C691F0AED767}.AppStore|x64.Build.0 = Release|x64
		{219EDCA6-56BB-4EBD-AE46-C691F0AED767}.AppStore|x64.Deploy.0 = Release|x64
		{219EDCA6-56BB-4EBD-AE46-C691F0AED767}.AppStore|x86.ActiveCfg = Release|x86
		{219EDCA6-56BB-4EBD-AE46-C691F0AED767}.AppStore|x86.Build.0 = Release|x86
		{219EDCA6-56BB-4EBD-AE46-C691F0AED767}.AppStore|x86.Deploy.0 = Release|x86
		{219EDCA6-56BB-4EBD-AE46-C691F0AED767}.Debug|Any CPU.ActiveCfg = Debug|x86
		{219EDCA6-56BB-4EBD-AE46-C691F0AED767}.Debug|ARM.ActiveCfg = Debug|ARM
		{219EDCA6-56BB-4EBD-AE46-C691F0AED767}.Debug|ARM.Build.0 = Debug|ARM
		{219EDCA6-56BB-4EBD-AE46-C691F0AED767}.Debug|ARM.Deploy.0 = Debug|ARM
		{219EDCA6-56BB-4EBD-AE46-C691F0AED767}.Debug|iPhone.ActiveCfg = Debug|x86
		{219EDCA6-56BB-4EBD-AE46-C691F0AED767}.Debug|iPhone.Build.0 = Debug|x86
		{219EDCA6-56BB-4EBD-AE46-C691F0AED767}.Debug|iPhone.Deploy.0 = Debug|x86
		{219EDCA6-56BB-4EBD-AE46-C691F0AED767}.Debug|iPhoneSimulator.ActiveCfg = Debug|x86
		{219EDCA6-56BB-4EBD-AE46-C691F0AED767}.Debug|x64.ActiveCfg = Debug|x64
		{219EDCA6-56BB-4EBD-AE46-C691F0AED767}.Debug|x64.Build.0 = Debug|x64
		{219EDCA6-56BB-4EBD-AE46-C691F0AED767}.Debug|x64.Deploy.0 = Debug|x64
		{219EDCA6-56BB-4EBD-AE46-C691F0AED767}.Debug|x86.ActiveCfg = Debug|x86
		{219EDCA6-56BB-4EBD-AE46-C691F0AED767}.Debug|x86.Build.0 = Debug|x86
		{219EDCA6-56BB-4EBD-AE46-C691F0AED767}.Debug|x86.Deploy.0 = Debug|x86
		{219EDCA6-56BB-4EBD-AE46-C691F0AED767}.Release|Any CPU.ActiveCfg = Release|x86
		{219EDCA6-56BB-4EBD-AE46-C691F0AED767}.Release|ARM.ActiveCfg = Release|ARM
		{219EDCA6-56BB-4EBD-AE46-C691F0AED767}.Release|ARM.Build.0 = Release|ARM
		{219EDCA6-56BB-4EBD-AE46-C691F0AED767}.Release|ARM.Deploy.0 = Release|ARM
		{219EDCA6-56BB-4EBD-AE46-C691F0AED767}.Release|iPhone.ActiveCfg = Release|x86
		{219EDCA6-56BB-4EBD-AE46-C691F0AED767}.Release|iPhoneSimulator.ActiveCfg = Release|x86
		{219EDCA6-56BB-4EBD-AE46-C691F0AED767}.Release|x64.ActiveCfg = Release|x64
		{219EDCA6-56BB-4EBD-AE46-C691F0AED767}.Release|x64.Build.0 = Release|x64
		{219EDCA6-56BB-4EBD-AE46-C691F0AED767}.Release|x64.Deploy.0 = Release|x64
		{219EDCA6-56BB-4EBD-AE46-C691F0AED767}.Release|x86.ActiveCfg = Release|x86
		{219EDCA6-56BB-4EBD-AE46-C691F0AED767}.Release|x86.Build.0 = Release|x86
		{219EDCA6-56BB-4EBD-AE46-C691F0AED767}.Release|x86.Deploy.0 = Release|x86
		{649300CE-70EA-4606-983F-F4476FDD6C7E}.AppStore|Any CPU.ActiveCfg = Release|Any CPU
		{649300CE-70EA-4606-983F-F4476FDD6C7E}.AppStore|Any CPU.Build.0 = Release|Any CPU
		{649300CE-70EA-4606-983F-F4476FDD6C7E}.AppStore|ARM.ActiveCfg = Release|Any CPU
		{649300CE-70EA-4606-983F-F4476FDD6C7E}.AppStore|ARM.Build.0 = Release|Any CPU
		{649300CE-70EA-4606-983F-F4476FDD6C7E}.AppStore|iPhone.ActiveCfg = Release|Any CPU
		{649300CE-70EA-4606-983F-F4476FDD6C7E}.AppStore|iPhone.Build.0 = Release|Any CPU
		{649300CE-70EA-4606-983F-F4476FDD6C7E}.AppStore|iPhoneSimulator.ActiveCfg = Release|Any CPU
		{649300CE-70EA-4606-983F-F4476FDD6C7E}.AppStore|iPhoneSimulator.Build.0 = Release|Any CPU
		{649300CE-70EA-4606-983F-F4476FDD6C7E}.AppStore|x64.ActiveCfg = Release|Any CPU
		{649300CE-70EA-4606-983F-F4476FDD6C7E}.AppStore|x64.Build.0 = Release|Any CPU
		{649300CE-70EA-4606-983F-F4476FDD6C7E}.AppStore|x86.ActiveCfg = Release|Any CPU
		{649300CE-70EA-4606-983F-F4476FDD6C7E}.AppStore|x86.Build.0 = Release|Any CPU
		{649300CE-70EA-4606-983F-F4476FDD6C7E}.Debug|Any CPU.ActiveCfg = Debug|Any CPU
		{649300CE-70EA-4606-983F-F4476FDD6C7E}.Debug|Any CPU.Build.0 = Debug|Any CPU
		{649300CE-70EA-4606-983F-F4476FDD6C7E}.Debug|ARM.ActiveCfg = Debug|Any CPU
		{649300CE-70EA-4606-983F-F4476FDD6C7E}.Debug|ARM.Build.0 = Debug|Any CPU
		{649300CE-70EA-4606-983F-F4476FDD6C7E}.Debug|iPhone.ActiveCfg = Debug|Any CPU
		{649300CE-70EA-4606-983F-F4476FDD6C7E}.Debug|iPhone.Build.0 = Debug|Any CPU
		{649300CE-70EA-4606-983F-F4476FDD6C7E}.Debug|iPhoneSimulator.ActiveCfg = Debug|Any CPU
		{649300CE-70EA-4606-983F-F4476FDD6C7E}.Debug|iPhoneSimulator.Build.0 = Debug|Any CPU
		{649300CE-70EA-4606-983F-F4476FDD6C7E}.Debug|x64.ActiveCfg = Debug|Any CPU
		{649300CE-70EA-4606-983F-F4476FDD6C7E}.Debug|x64.Build.0 = Debug|Any CPU
		{649300CE-70EA-4606-983F-F4476FDD6C7E}.Debug|x86.ActiveCfg = Debug|Any CPU
		{649300CE-70EA-4606-983F-F4476FDD6C7E}.Debug|x86.Build.0 = Debug|Any CPU
		{649300CE-70EA-4606-983F-F4476FDD6C7E}.Release|Any CPU.ActiveCfg = Release|Any CPU
		{649300CE-70EA-4606-983F-F4476FDD6C7E}.Release|Any CPU.Build.0 = Release|Any CPU
		{649300CE-70EA-4606-983F-F4476FDD6C7E}.Release|ARM.ActiveCfg = Release|Any CPU
		{649300CE-70EA-4606-983F-F4476FDD6C7E}.Release|ARM.Build.0 = Release|Any CPU
		{649300CE-70EA-4606-983F-F4476FDD6C7E}.Release|iPhone.ActiveCfg = Release|Any CPU
		{649300CE-70EA-4606-983F-F4476FDD6C7E}.Release|iPhone.Build.0 = Release|Any CPU
		{649300CE-70EA-4606-983F-F4476FDD6C7E}.Release|iPhoneSimulator.ActiveCfg = Release|Any CPU
		{649300CE-70EA-4606-983F-F4476FDD6C7E}.Release|iPhoneSimulator.Build.0 = Release|Any CPU
		{649300CE-70EA-4606-983F-F4476FDD6C7E}.Release|x64.ActiveCfg = Release|Any CPU
		{649300CE-70EA-4606-983F-F4476FDD6C7E}.Release|x64.Build.0 = Release|Any CPU
		{649300CE-70EA-4606-983F-F4476FDD6C7E}.Release|x86.ActiveCfg = Release|Any CPU
		{649300CE-70EA-4606-983F-F4476FDD6C7E}.Release|x86.Build.0 = Release|Any CPU
		{E05FB3D8-372D-4FD3-84F3-1E908E3861B6}.AppStore|Any CPU.ActiveCfg = Release|Any CPU
		{E05FB3D8-372D-4FD3-84F3-1E908E3861B6}.AppStore|Any CPU.Build.0 = Release|Any CPU
		{E05FB3D8-372D-4FD3-84F3-1E908E3861B6}.AppStore|ARM.ActiveCfg = Release|Any CPU
		{E05FB3D8-372D-4FD3-84F3-1E908E3861B6}.AppStore|ARM.Build.0 = Release|Any CPU
		{E05FB3D8-372D-4FD3-84F3-1E908E3861B6}.AppStore|iPhone.ActiveCfg = Release|Any CPU
		{E05FB3D8-372D-4FD3-84F3-1E908E3861B6}.AppStore|iPhone.Build.0 = Release|Any CPU
		{E05FB3D8-372D-4FD3-84F3-1E908E3861B6}.AppStore|iPhoneSimulator.ActiveCfg = Release|Any CPU
		{E05FB3D8-372D-4FD3-84F3-1E908E3861B6}.AppStore|iPhoneSimulator.Build.0 = Release|Any CPU
		{E05FB3D8-372D-4FD3-84F3-1E908E3861B6}.AppStore|x64.ActiveCfg = Release|Any CPU
		{E05FB3D8-372D-4FD3-84F3-1E908E3861B6}.AppStore|x64.Build.0 = Release|Any CPU
		{E05FB3D8-372D-4FD3-84F3-1E908E3861B6}.AppStore|x86.ActiveCfg = Release|Any CPU
		{E05FB3D8-372D-4FD3-84F3-1E908E3861B6}.AppStore|x86.Build.0 = Release|Any CPU
		{E05FB3D8-372D-4FD3-84F3-1E908E3861B6}.Debug|Any CPU.ActiveCfg = Debug|Any CPU
		{E05FB3D8-372D-4FD3-84F3-1E908E3861B6}.Debug|Any CPU.Build.0 = Debug|Any CPU
		{E05FB3D8-372D-4FD3-84F3-1E908E3861B6}.Debug|ARM.ActiveCfg = Debug|Any CPU
		{E05FB3D8-372D-4FD3-84F3-1E908E3861B6}.Debug|ARM.Build.0 = Debug|Any CPU
		{E05FB3D8-372D-4FD3-84F3-1E908E3861B6}.Debug|iPhone.ActiveCfg = Debug|Any CPU
		{E05FB3D8-372D-4FD3-84F3-1E908E3861B6}.Debug|iPhone.Build.0 = Debug|Any CPU
		{E05FB3D8-372D-4FD3-84F3-1E908E3861B6}.Debug|iPhoneSimulator.ActiveCfg = Debug|Any CPU
		{E05FB3D8-372D-4FD3-84F3-1E908E3861B6}.Debug|iPhoneSimulator.Build.0 = Debug|Any CPU
		{E05FB3D8-372D-4FD3-84F3-1E908E3861B6}.Debug|x64.ActiveCfg = Debug|Any CPU
		{E05FB3D8-372D-4FD3-84F3-1E908E3861B6}.Debug|x64.Build.0 = Debug|Any CPU
		{E05FB3D8-372D-4FD3-84F3-1E908E3861B6}.Debug|x86.ActiveCfg = Debug|Any CPU
		{E05FB3D8-372D-4FD3-84F3-1E908E3861B6}.Debug|x86.Build.0 = Debug|Any CPU
		{E05FB3D8-372D-4FD3-84F3-1E908E3861B6}.Release|Any CPU.ActiveCfg = Release|Any CPU
		{E05FB3D8-372D-4FD3-84F3-1E908E3861B6}.Release|Any CPU.Build.0 = Release|Any CPU
		{E05FB3D8-372D-4FD3-84F3-1E908E3861B6}.Release|ARM.ActiveCfg = Release|Any CPU
		{E05FB3D8-372D-4FD3-84F3-1E908E3861B6}.Release|ARM.Build.0 = Release|Any CPU
		{E05FB3D8-372D-4FD3-84F3-1E908E3861B6}.Release|iPhone.ActiveCfg = Release|Any CPU
		{E05FB3D8-372D-4FD3-84F3-1E908E3861B6}.Release|iPhone.Build.0 = Release|Any CPU
		{E05FB3D8-372D-4FD3-84F3-1E908E3861B6}.Release|iPhoneSimulator.ActiveCfg = Release|Any CPU
		{E05FB3D8-372D-4FD3-84F3-1E908E3861B6}.Release|iPhoneSimulator.Build.0 = Release|Any CPU
		{E05FB3D8-372D-4FD3-84F3-1E908E3861B6}.Release|x64.ActiveCfg = Release|Any CPU
		{E05FB3D8-372D-4FD3-84F3-1E908E3861B6}.Release|x64.Build.0 = Release|Any CPU
		{E05FB3D8-372D-4FD3-84F3-1E908E3861B6}.Release|x86.ActiveCfg = Release|Any CPU
		{E05FB3D8-372D-4FD3-84F3-1E908E3861B6}.Release|x86.Build.0 = Release|Any CPU
		{42F3D3DF-B854-4A5B-9C94-F3D823116AD5}.AppStore|Any CPU.ActiveCfg = Release|Any CPU
		{42F3D3DF-B854-4A5B-9C94-F3D823116AD5}.AppStore|Any CPU.Build.0 = Release|Any CPU
		{42F3D3DF-B854-4A5B-9C94-F3D823116AD5}.AppStore|ARM.ActiveCfg = Release|Any CPU
		{42F3D3DF-B854-4A5B-9C94-F3D823116AD5}.AppStore|ARM.Build.0 = Release|Any CPU
		{42F3D3DF-B854-4A5B-9C94-F3D823116AD5}.AppStore|iPhone.ActiveCfg = Release|Any CPU
		{42F3D3DF-B854-4A5B-9C94-F3D823116AD5}.AppStore|iPhone.Build.0 = Release|Any CPU
		{42F3D3DF-B854-4A5B-9C94-F3D823116AD5}.AppStore|iPhoneSimulator.ActiveCfg = Release|Any CPU
		{42F3D3DF-B854-4A5B-9C94-F3D823116AD5}.AppStore|iPhoneSimulator.Build.0 = Release|Any CPU
		{42F3D3DF-B854-4A5B-9C94-F3D823116AD5}.AppStore|x64.ActiveCfg = Release|Any CPU
		{42F3D3DF-B854-4A5B-9C94-F3D823116AD5}.AppStore|x64.Build.0 = Release|Any CPU
		{42F3D3DF-B854-4A5B-9C94-F3D823116AD5}.AppStore|x86.ActiveCfg = Release|Any CPU
		{42F3D3DF-B854-4A5B-9C94-F3D823116AD5}.AppStore|x86.Build.0 = Release|Any CPU
		{42F3D3DF-B854-4A5B-9C94-F3D823116AD5}.Debug|Any CPU.ActiveCfg = Debug|Any CPU
		{42F3D3DF-B854-4A5B-9C94-F3D823116AD5}.Debug|Any CPU.Build.0 = Debug|Any CPU
		{42F3D3DF-B854-4A5B-9C94-F3D823116AD5}.Debug|ARM.ActiveCfg = Debug|Any CPU
		{42F3D3DF-B854-4A5B-9C94-F3D823116AD5}.Debug|ARM.Build.0 = Debug|Any CPU
		{42F3D3DF-B854-4A5B-9C94-F3D823116AD5}.Debug|iPhone.ActiveCfg = Debug|Any CPU
		{42F3D3DF-B854-4A5B-9C94-F3D823116AD5}.Debug|iPhone.Build.0 = Debug|Any CPU
		{42F3D3DF-B854-4A5B-9C94-F3D823116AD5}.Debug|iPhoneSimulator.ActiveCfg = Debug|Any CPU
		{42F3D3DF-B854-4A5B-9C94-F3D823116AD5}.Debug|iPhoneSimulator.Build.0 = Debug|Any CPU
		{42F3D3DF-B854-4A5B-9C94-F3D823116AD5}.Debug|x64.ActiveCfg = Debug|Any CPU
		{42F3D3DF-B854-4A5B-9C94-F3D823116AD5}.Debug|x64.Build.0 = Debug|Any CPU
		{42F3D3DF-B854-4A5B-9C94-F3D823116AD5}.Debug|x86.ActiveCfg = Debug|Any CPU
		{42F3D3DF-B854-4A5B-9C94-F3D823116AD5}.Debug|x86.Build.0 = Debug|Any CPU
		{42F3D3DF-B854-4A5B-9C94-F3D823116AD5}.Release|Any CPU.ActiveCfg = Release|Any CPU
		{42F3D3DF-B854-4A5B-9C94-F3D823116AD5}.Release|Any CPU.Build.0 = Release|Any CPU
		{42F3D3DF-B854-4A5B-9C94-F3D823116AD5}.Release|ARM.ActiveCfg = Release|Any CPU
		{42F3D3DF-B854-4A5B-9C94-F3D823116AD5}.Release|ARM.Build.0 = Release|Any CPU
		{42F3D3DF-B854-4A5B-9C94-F3D823116AD5}.Release|iPhone.ActiveCfg = Release|Any CPU
		{42F3D3DF-B854-4A5B-9C94-F3D823116AD5}.Release|iPhone.Build.0 = Release|Any CPU
		{42F3D3DF-B854-4A5B-9C94-F3D823116AD5}.Release|iPhoneSimulator.ActiveCfg = Release|Any CPU
		{42F3D3DF-B854-4A5B-9C94-F3D823116AD5}.Release|iPhoneSimulator.Build.0 = Release|Any CPU
		{42F3D3DF-B854-4A5B-9C94-F3D823116AD5}.Release|x64.ActiveCfg = Release|Any CPU
		{42F3D3DF-B854-4A5B-9C94-F3D823116AD5}.Release|x64.Build.0 = Release|Any CPU
		{42F3D3DF-B854-4A5B-9C94-F3D823116AD5}.Release|x86.ActiveCfg = Release|Any CPU
		{42F3D3DF-B854-4A5B-9C94-F3D823116AD5}.Release|x86.Build.0 = Release|Any CPU
		{B09661C2-82A6-4D16-B4FD-7B23D0FFE1FE}.AppStore|Any CPU.ActiveCfg = Release|Any CPU
		{B09661C2-82A6-4D16-B4FD-7B23D0FFE1FE}.AppStore|Any CPU.Build.0 = Release|Any CPU
		{B09661C2-82A6-4D16-B4FD-7B23D0FFE1FE}.AppStore|Any CPU.Deploy.0 = Release|Any CPU
		{B09661C2-82A6-4D16-B4FD-7B23D0FFE1FE}.AppStore|ARM.ActiveCfg = Release|Any CPU
		{B09661C2-82A6-4D16-B4FD-7B23D0FFE1FE}.AppStore|ARM.Build.0 = Release|Any CPU
		{B09661C2-82A6-4D16-B4FD-7B23D0FFE1FE}.AppStore|ARM.Deploy.0 = Release|Any CPU
		{B09661C2-82A6-4D16-B4FD-7B23D0FFE1FE}.AppStore|iPhone.ActiveCfg = Release|Any CPU
		{B09661C2-82A6-4D16-B4FD-7B23D0FFE1FE}.AppStore|iPhone.Build.0 = Release|Any CPU
		{B09661C2-82A6-4D16-B4FD-7B23D0FFE1FE}.AppStore|iPhone.Deploy.0 = Release|Any CPU
		{B09661C2-82A6-4D16-B4FD-7B23D0FFE1FE}.AppStore|iPhoneSimulator.ActiveCfg = Release|Any CPU
		{B09661C2-82A6-4D16-B4FD-7B23D0FFE1FE}.AppStore|iPhoneSimulator.Build.0 = Release|Any CPU
		{B09661C2-82A6-4D16-B4FD-7B23D0FFE1FE}.AppStore|iPhoneSimulator.Deploy.0 = Release|Any CPU
		{B09661C2-82A6-4D16-B4FD-7B23D0FFE1FE}.AppStore|x64.ActiveCfg = Release|Any CPU
		{B09661C2-82A6-4D16-B4FD-7B23D0FFE1FE}.AppStore|x64.Build.0 = Release|Any CPU
		{B09661C2-82A6-4D16-B4FD-7B23D0FFE1FE}.AppStore|x64.Deploy.0 = Release|Any CPU
		{B09661C2-82A6-4D16-B4FD-7B23D0FFE1FE}.AppStore|x86.ActiveCfg = Release|Any CPU
		{B09661C2-82A6-4D16-B4FD-7B23D0FFE1FE}.AppStore|x86.Build.0 = Release|Any CPU
		{B09661C2-82A6-4D16-B4FD-7B23D0FFE1FE}.AppStore|x86.Deploy.0 = Release|Any CPU
		{B09661C2-82A6-4D16-B4FD-7B23D0FFE1FE}.Debug|Any CPU.ActiveCfg = Debug|Any CPU
		{B09661C2-82A6-4D16-B4FD-7B23D0FFE1FE}.Debug|Any CPU.Build.0 = Debug|Any CPU
		{B09661C2-82A6-4D16-B4FD-7B23D0FFE1FE}.Debug|Any CPU.Deploy.0 = Debug|Any CPU
		{B09661C2-82A6-4D16-B4FD-7B23D0FFE1FE}.Debug|ARM.ActiveCfg = Debug|Any CPU
		{B09661C2-82A6-4D16-B4FD-7B23D0FFE1FE}.Debug|ARM.Build.0 = Debug|Any CPU
		{B09661C2-82A6-4D16-B4FD-7B23D0FFE1FE}.Debug|ARM.Deploy.0 = Debug|Any CPU
		{B09661C2-82A6-4D16-B4FD-7B23D0FFE1FE}.Debug|iPhone.ActiveCfg = Debug|Any CPU
		{B09661C2-82A6-4D16-B4FD-7B23D0FFE1FE}.Debug|iPhone.Build.0 = Debug|Any CPU
		{B09661C2-82A6-4D16-B4FD-7B23D0FFE1FE}.Debug|iPhone.Deploy.0 = Debug|Any CPU
		{B09661C2-82A6-4D16-B4FD-7B23D0FFE1FE}.Debug|iPhoneSimulator.ActiveCfg = Debug|Any CPU
		{B09661C2-82A6-4D16-B4FD-7B23D0FFE1FE}.Debug|iPhoneSimulator.Build.0 = Debug|Any CPU
		{B09661C2-82A6-4D16-B4FD-7B23D0FFE1FE}.Debug|iPhoneSimulator.Deploy.0 = Debug|Any CPU
		{B09661C2-82A6-4D16-B4FD-7B23D0FFE1FE}.Debug|x64.ActiveCfg = Debug|Any CPU
		{B09661C2-82A6-4D16-B4FD-7B23D0FFE1FE}.Debug|x64.Build.0 = Debug|Any CPU
		{B09661C2-82A6-4D16-B4FD-7B23D0FFE1FE}.Debug|x64.Deploy.0 = Debug|Any CPU
		{B09661C2-82A6-4D16-B4FD-7B23D0FFE1FE}.Debug|x86.ActiveCfg = Debug|Any CPU
		{B09661C2-82A6-4D16-B4FD-7B23D0FFE1FE}.Debug|x86.Build.0 = Debug|Any CPU
		{B09661C2-82A6-4D16-B4FD-7B23D0FFE1FE}.Debug|x86.Deploy.0 = Debug|Any CPU
		{B09661C2-82A6-4D16-B4FD-7B23D0FFE1FE}.Release|Any CPU.ActiveCfg = Release|Any CPU
		{B09661C2-82A6-4D16-B4FD-7B23D0FFE1FE}.Release|Any CPU.Build.0 = Release|Any CPU
		{B09661C2-82A6-4D16-B4FD-7B23D0FFE1FE}.Release|Any CPU.Deploy.0 = Release|Any CPU
		{B09661C2-82A6-4D16-B4FD-7B23D0FFE1FE}.Release|ARM.ActiveCfg = Release|Any CPU
		{B09661C2-82A6-4D16-B4FD-7B23D0FFE1FE}.Release|ARM.Build.0 = Release|Any CPU
		{B09661C2-82A6-4D16-B4FD-7B23D0FFE1FE}.Release|ARM.Deploy.0 = Release|Any CPU
		{B09661C2-82A6-4D16-B4FD-7B23D0FFE1FE}.Release|iPhone.ActiveCfg = Release|Any CPU
		{B09661C2-82A6-4D16-B4FD-7B23D0FFE1FE}.Release|iPhone.Build.0 = Release|Any CPU
		{B09661C2-82A6-4D16-B4FD-7B23D0FFE1FE}.Release|iPhone.Deploy.0 = Release|Any CPU
		{B09661C2-82A6-4D16-B4FD-7B23D0FFE1FE}.Release|iPhoneSimulator.ActiveCfg = Release|Any CPU
		{B09661C2-82A6-4D16-B4FD-7B23D0FFE1FE}.Release|iPhoneSimulator.Build.0 = Release|Any CPU
		{B09661C2-82A6-4D16-B4FD-7B23D0FFE1FE}.Release|iPhoneSimulator.Deploy.0 = Release|Any CPU
		{B09661C2-82A6-4D16-B4FD-7B23D0FFE1FE}.Release|x64.ActiveCfg = Release|Any CPU
		{B09661C2-82A6-4D16-B4FD-7B23D0FFE1FE}.Release|x64.Build.0 = Release|Any CPU
		{B09661C2-82A6-4D16-B4FD-7B23D0FFE1FE}.Release|x64.Deploy.0 = Release|Any CPU
		{B09661C2-82A6-4D16-B4FD-7B23D0FFE1FE}.Release|x86.ActiveCfg = Release|Any CPU
		{B09661C2-82A6-4D16-B4FD-7B23D0FFE1FE}.Release|x86.Build.0 = Release|Any CPU
		{B09661C2-82A6-4D16-B4FD-7B23D0FFE1FE}.Release|x86.Deploy.0 = Release|Any CPU
		{955B6F86-BB30-4BD6-A1AD-B192F89C1363}.AppStore|Any CPU.ActiveCfg = Release|Any CPU
		{955B6F86-BB30-4BD6-A1AD-B192F89C1363}.AppStore|Any CPU.Build.0 = Release|Any CPU
		{955B6F86-BB30-4BD6-A1AD-B192F89C1363}.AppStore|ARM.ActiveCfg = Release|Any CPU
		{955B6F86-BB30-4BD6-A1AD-B192F89C1363}.AppStore|ARM.Build.0 = Release|Any CPU
		{955B6F86-BB30-4BD6-A1AD-B192F89C1363}.AppStore|iPhone.ActiveCfg = Release|Any CPU
		{955B6F86-BB30-4BD6-A1AD-B192F89C1363}.AppStore|iPhone.Build.0 = Release|Any CPU
		{955B6F86-BB30-4BD6-A1AD-B192F89C1363}.AppStore|iPhoneSimulator.ActiveCfg = Release|Any CPU
		{955B6F86-BB30-4BD6-A1AD-B192F89C1363}.AppStore|iPhoneSimulator.Build.0 = Release|Any CPU
		{955B6F86-BB30-4BD6-A1AD-B192F89C1363}.AppStore|x64.ActiveCfg = Release|Any CPU
		{955B6F86-BB30-4BD6-A1AD-B192F89C1363}.AppStore|x64.Build.0 = Release|Any CPU
		{955B6F86-BB30-4BD6-A1AD-B192F89C1363}.AppStore|x86.ActiveCfg = Release|Any CPU
		{955B6F86-BB30-4BD6-A1AD-B192F89C1363}.AppStore|x86.Build.0 = Release|Any CPU
		{955B6F86-BB30-4BD6-A1AD-B192F89C1363}.Debug|Any CPU.ActiveCfg = Debug|Any CPU
		{955B6F86-BB30-4BD6-A1AD-B192F89C1363}.Debug|Any CPU.Build.0 = Debug|Any CPU
		{955B6F86-BB30-4BD6-A1AD-B192F89C1363}.Debug|ARM.ActiveCfg = Debug|Any CPU
		{955B6F86-BB30-4BD6-A1AD-B192F89C1363}.Debug|ARM.Build.0 = Debug|Any CPU
		{955B6F86-BB30-4BD6-A1AD-B192F89C1363}.Debug|iPhone.ActiveCfg = Debug|Any CPU
		{955B6F86-BB30-4BD6-A1AD-B192F89C1363}.Debug|iPhone.Build.0 = Debug|Any CPU
		{955B6F86-BB30-4BD6-A1AD-B192F89C1363}.Debug|iPhoneSimulator.ActiveCfg = Debug|Any CPU
		{955B6F86-BB30-4BD6-A1AD-B192F89C1363}.Debug|iPhoneSimulator.Build.0 = Debug|Any CPU
		{955B6F86-BB30-4BD6-A1AD-B192F89C1363}.Debug|x64.ActiveCfg = Debug|Any CPU
		{955B6F86-BB30-4BD6-A1AD-B192F89C1363}.Debug|x64.Build.0 = Debug|Any CPU
		{955B6F86-BB30-4BD6-A1AD-B192F89C1363}.Debug|x86.ActiveCfg = Debug|Any CPU
		{955B6F86-BB30-4BD6-A1AD-B192F89C1363}.Debug|x86.Build.0 = Debug|Any CPU
		{955B6F86-BB30-4BD6-A1AD-B192F89C1363}.Release|Any CPU.ActiveCfg = Release|Any CPU
		{955B6F86-BB30-4BD6-A1AD-B192F89C1363}.Release|Any CPU.Build.0 = Release|Any CPU
		{955B6F86-BB30-4BD6-A1AD-B192F89C1363}.Release|ARM.ActiveCfg = Release|Any CPU
		{955B6F86-BB30-4BD6-A1AD-B192F89C1363}.Release|ARM.Build.0 = Release|Any CPU
		{955B6F86-BB30-4BD6-A1AD-B192F89C1363}.Release|iPhone.ActiveCfg = Release|Any CPU
		{955B6F86-BB30-4BD6-A1AD-B192F89C1363}.Release|iPhone.Build.0 = Release|Any CPU
		{955B6F86-BB30-4BD6-A1AD-B192F89C1363}.Release|iPhoneSimulator.ActiveCfg = Release|Any CPU
		{955B6F86-BB30-4BD6-A1AD-B192F89C1363}.Release|iPhoneSimulator.Build.0 = Release|Any CPU
		{955B6F86-BB30-4BD6-A1AD-B192F89C1363}.Release|x64.ActiveCfg = Release|Any CPU
		{955B6F86-BB30-4BD6-A1AD-B192F89C1363}.Release|x64.Build.0 = Release|Any CPU
		{955B6F86-BB30-4BD6-A1AD-B192F89C1363}.Release|x86.ActiveCfg = Release|Any CPU
		{955B6F86-BB30-4BD6-A1AD-B192F89C1363}.Release|x86.Build.0 = Release|Any CPU
		{CEF8CB82-B2BF-42D0-998C-8C50A4CA7AE6}.AppStore|Any CPU.ActiveCfg = Debug|Any CPU
		{CEF8CB82-B2BF-42D0-998C-8C50A4CA7AE6}.AppStore|Any CPU.Build.0 = Debug|Any CPU
		{CEF8CB82-B2BF-42D0-998C-8C50A4CA7AE6}.AppStore|ARM.ActiveCfg = Debug|Any CPU
		{CEF8CB82-B2BF-42D0-998C-8C50A4CA7AE6}.AppStore|ARM.Build.0 = Debug|Any CPU
		{CEF8CB82-B2BF-42D0-998C-8C50A4CA7AE6}.AppStore|iPhone.ActiveCfg = Debug|Any CPU
		{CEF8CB82-B2BF-42D0-998C-8C50A4CA7AE6}.AppStore|iPhone.Build.0 = Debug|Any CPU
		{CEF8CB82-B2BF-42D0-998C-8C50A4CA7AE6}.AppStore|iPhoneSimulator.ActiveCfg = Debug|Any CPU
		{CEF8CB82-B2BF-42D0-998C-8C50A4CA7AE6}.AppStore|iPhoneSimulator.Build.0 = Debug|Any CPU
		{CEF8CB82-B2BF-42D0-998C-8C50A4CA7AE6}.AppStore|x64.ActiveCfg = Debug|Any CPU
		{CEF8CB82-B2BF-42D0-998C-8C50A4CA7AE6}.AppStore|x64.Build.0 = Debug|Any CPU
		{CEF8CB82-B2BF-42D0-998C-8C50A4CA7AE6}.AppStore|x86.ActiveCfg = Debug|Any CPU
		{CEF8CB82-B2BF-42D0-998C-8C50A4CA7AE6}.AppStore|x86.Build.0 = Debug|Any CPU
		{CEF8CB82-B2BF-42D0-998C-8C50A4CA7AE6}.Debug|Any CPU.ActiveCfg = Debug|Any CPU
		{CEF8CB82-B2BF-42D0-998C-8C50A4CA7AE6}.Debug|Any CPU.Build.0 = Debug|Any CPU
		{CEF8CB82-B2BF-42D0-998C-8C50A4CA7AE6}.Debug|ARM.ActiveCfg = Debug|Any CPU
		{CEF8CB82-B2BF-42D0-998C-8C50A4CA7AE6}.Debug|ARM.Build.0 = Debug|Any CPU
		{CEF8CB82-B2BF-42D0-998C-8C50A4CA7AE6}.Debug|iPhone.ActiveCfg = Debug|Any CPU
		{CEF8CB82-B2BF-42D0-998C-8C50A4CA7AE6}.Debug|iPhone.Build.0 = Debug|Any CPU
		{CEF8CB82-B2BF-42D0-998C-8C50A4CA7AE6}.Debug|iPhoneSimulator.ActiveCfg = Debug|Any CPU
		{CEF8CB82-B2BF-42D0-998C-8C50A4CA7AE6}.Debug|iPhoneSimulator.Build.0 = Debug|Any CPU
		{CEF8CB82-B2BF-42D0-998C-8C50A4CA7AE6}.Debug|x64.ActiveCfg = Debug|Any CPU
		{CEF8CB82-B2BF-42D0-998C-8C50A4CA7AE6}.Debug|x64.Build.0 = Debug|Any CPU
		{CEF8CB82-B2BF-42D0-998C-8C50A4CA7AE6}.Debug|x86.ActiveCfg = Debug|Any CPU
		{CEF8CB82-B2BF-42D0-998C-8C50A4CA7AE6}.Debug|x86.Build.0 = Debug|Any CPU
		{CEF8CB82-B2BF-42D0-998C-8C50A4CA7AE6}.Release|Any CPU.ActiveCfg = Release|Any CPU
		{CEF8CB82-B2BF-42D0-998C-8C50A4CA7AE6}.Release|Any CPU.Build.0 = Release|Any CPU
		{CEF8CB82-B2BF-42D0-998C-8C50A4CA7AE6}.Release|ARM.ActiveCfg = Release|Any CPU
		{CEF8CB82-B2BF-42D0-998C-8C50A4CA7AE6}.Release|ARM.Build.0 = Release|Any CPU
		{CEF8CB82-B2BF-42D0-998C-8C50A4CA7AE6}.Release|iPhone.ActiveCfg = Release|Any CPU
		{CEF8CB82-B2BF-42D0-998C-8C50A4CA7AE6}.Release|iPhone.Build.0 = Release|Any CPU
		{CEF8CB82-B2BF-42D0-998C-8C50A4CA7AE6}.Release|iPhoneSimulator.ActiveCfg = Release|Any CPU
		{CEF8CB82-B2BF-42D0-998C-8C50A4CA7AE6}.Release|iPhoneSimulator.Build.0 = Release|Any CPU
		{CEF8CB82-B2BF-42D0-998C-8C50A4CA7AE6}.Release|x64.ActiveCfg = Release|Any CPU
		{CEF8CB82-B2BF-42D0-998C-8C50A4CA7AE6}.Release|x64.Build.0 = Release|Any CPU
		{CEF8CB82-B2BF-42D0-998C-8C50A4CA7AE6}.Release|x86.ActiveCfg = Release|Any CPU
		{CEF8CB82-B2BF-42D0-998C-8C50A4CA7AE6}.Release|x86.Build.0 = Release|Any CPU
	EndGlobalSection
	GlobalSection(SolutionProperties) = preSolution
		HideSolutionNode = FALSE
	EndGlobalSection
	GlobalSection(NestedProjects) = preSolution
		{649300CE-70EA-4606-983F-F4476FDD6C7E} = {98F8827C-12D8-4C8D-9D62-15889A483880}
		{E05FB3D8-372D-4FD3-84F3-1E908E3861B6} = {98F8827C-12D8-4C8D-9D62-15889A483880}
		{42F3D3DF-B854-4A5B-9C94-F3D823116AD5} = {98F8827C-12D8-4C8D-9D62-15889A483880}
		{BD4403C0-6CD5-4030-B1A3-7AD98B9B80CA} = {BF466FEF-28B4-418F-868F-12C287CBA2C9}
		{955B6F86-BB30-4BD6-A1AD-B192F89C1363} = {7D1FFE34-9A92-4875-84BC-DE9764B18E42}
		{CEF8CB82-B2BF-42D0-998C-8C50A4CA7AE6} = {3CE83CE0-11E9-4CE8-83CE-0EE6C6700B7F}
	EndGlobalSection
EndGlobal
